{
  "version": 4,
  "terraform_version": "1.3.7",
  "serial": 232,
  "lineage": "f8d91e44-6513-f4c1-ea2d-c74df7755891",
  "outputs": {
    "CLOUD_COMPOSER_DAG_BUCKET": {
      "value": "gs://us-central1-oda-36819656457-5a663f05-bucket/dags",
      "type": "string"
    }
  },
  "resources": [
    {
      "mode": "managed",
      "type": "google_composer_environment",
      "name": "create_cloud_composer_env",
      "provider": "provider[\"registry.terraform.io/hashicorp/google-beta\"]",
      "instances": [
        {
          "schema_version": 0,
          "attributes": {
            "config": [
              {
                "airflow_uri": "https://ef57106076a54e61af1b500c2a217291-dot-us-central1.composer.googleusercontent.com",
                "dag_gcs_prefix": "gs://us-central1-oda-36819656457-5a663f05-bucket/dags",
                "database_config": [],
                "encryption_config": [
                  {
                    "kms_key_name": ""
                  }
                ],
                "environment_size": "ENVIRONMENT_SIZE_SMALL",
                "gke_cluster": "projects/dataplex-oda/locations/us-central1/clusters/us-central1-oda-36819656457-5a663f05-gke",
                "maintenance_window": [
                  {
                    "end_time": "1970-01-01T04:00:00Z",
                    "recurrence": "FREQ=WEEKLY;BYDAY=FR,SA,SU",
                    "start_time": "1970-01-01T00:00:00Z"
                  }
                ],
                "master_authorized_networks_config": [],
                "node_config": [
                  {
                    "disk_size_gb": 0,
                    "enable_ip_masq_agent": false,
                    "ip_allocation_policy": [
                      {
                        "cluster_ipv4_cidr_block": "",
                        "cluster_secondary_range_name": "",
                        "services_ipv4_cidr_block": "",
                        "services_secondary_range_name": "",
                        "use_ip_aliases": false
                      }
                    ],
                    "machine_type": "",
                    "max_pods_per_node": 0,
                    "network": "projects/dataplex-oda/global/networks/lab-vpc-36819656457",
                    "oauth_scopes": [],
                    "service_account": "lab-sa@dataplex-oda.iam.gserviceaccount.com",
                    "subnetwork": "projects/dataplex-oda/regions/us-central1/subnetworks/lab-snet",
                    "tags": null,
                    "zone": ""
                  }
                ],
                "node_count": 0,
                "private_environment_config": [
                  {
                    "cloud_composer_connection_subnetwork": "",
                    "cloud_composer_network_ipv4_cidr_block": "172.31.245.0/24",
                    "cloud_sql_ipv4_cidr_block": "10.0.0.0/12",
                    "enable_private_endpoint": false,
                    "enable_privately_used_public_ips": false,
                    "master_ipv4_cidr_block": "",
                    "web_server_ipv4_cidr_block": ""
                  }
                ],
                "software_config": [
                  {
                    "airflow_config_overrides": null,
                    "env_variables": {
                      "AIRFLOW_VAR_PROJECT_ID": "dataplex-oda",
                      "AIRFLOW_VAR_PROJECT_NBR": "36819656457",
                      "AIRFLOW_VAR_REGION": "us-central1",
                      "AIRFLOW_VAR_REGION_MULTI": "US",
                      "AIRFLOW_VAR_SUBNET": "lab-snet",
                      "AIRFLOW_VAR_UMSA": "lab-sa"
                    },
                    "image_version": "composer-2.1.3-airflow-2.3.4",
                    "pypi_packages": null,
                    "python_version": "",
                    "scheduler_count": 0
                  }
                ],
                "web_server_config": [],
                "web_server_network_access_control": [
                  {
                    "allowed_ip_range": [
                      {
                        "description": "Allows access from all IPv4 addresses (default value)",
                        "value": "0.0.0.0/0"
                      },
                      {
                        "description": "Allows access from all IPv6 addresses (default value)",
                        "value": "::0/0"
                      }
                    ]
                  }
                ],
                "workloads_config": [
                  {
                    "scheduler": [
                      {
                        "count": 1,
                        "cpu": 0.5,
                        "memory_gb": 1.875,
                        "storage_gb": 1
                      }
                    ],
                    "triggerer": [],
                    "web_server": [
                      {
                        "cpu": 0.5,
                        "memory_gb": 1.875,
                        "storage_gb": 1
                      }
                    ],
                    "worker": [
                      {
                        "cpu": 0.5,
                        "max_count": 3,
                        "memory_gb": 1.875,
                        "min_count": 1,
                        "storage_gb": 1
                      }
                    ]
                  }
                ]
              }
            ],
            "id": "projects/dataplex-oda/locations/us-central1/environments/oda-36819656457-cc2",
            "labels": null,
            "name": "oda-36819656457-cc2",
            "project": "dataplex-oda",
            "region": "us-central1",
            "timeouts": {
              "create": "75m",
              "delete": null,
              "update": null
            }
          },
          "sensitive_attributes": [],
          "private": "eyJlMmJmYjczMC1lY2FhLTExZTYtOGY4OC0zNDM2M2JjN2M0YzAiOnsiY3JlYXRlIjo0NTAwMDAwMDAwMDAwLCJkZWxldGUiOjE4MDAwMDAwMDAwMDAsInVwZGF0ZSI6NzIwMDAwMDAwMDAwMH19",
          "dependencies": [
            "time_sleep.sleep_after_network_and_firewall_creation"
          ]
        }
      ]
    },
    {
      "mode": "managed",
      "type": "google_compute_firewall",
      "name": "allow_intra_snet_ingress_to_any",
      "provider": "provider[\"registry.terraform.io/hashicorp/google\"]",
      "instances": [
        {
          "schema_version": 1,
          "attributes": {
            "allow": [
              {
                "ports": [],
                "protocol": "all"
              }
            ],
            "creation_timestamp": "2023-01-23T12:28:10.356-08:00",
            "deny": [],
            "description": "Creates firewall rule to allow ingress from within subnet on all ports, all protocols",
            "destination_ranges": [],
            "direction": "INGRESS",
            "disabled": false,
            "enable_logging": null,
            "id": "projects/dataplex-oda/global/firewalls/allow-intra-snet-ingress-to-any",
            "log_config": [],
            "name": "allow-intra-snet-ingress-to-any",
            "network": "https://www.googleapis.com/compute/v1/projects/dataplex-oda/global/networks/lab-vpc-36819656457",
            "priority": 1000,
            "project": "dataplex-oda",
            "self_link": "https://www.googleapis.com/compute/v1/projects/dataplex-oda/global/firewalls/allow-intra-snet-ingress-to-any",
            "source_ranges": [
              "10.0.0.0/16"
            ],
            "source_service_accounts": [],
            "source_tags": [],
            "target_service_accounts": [],
            "target_tags": [],
            "timeouts": null
          },
          "sensitive_attributes": [],
          "private": "eyJlMmJmYjczMC1lY2FhLTExZTYtOGY4OC0zNDM2M2JjN2M0YzAiOnsiY3JlYXRlIjoxMjAwMDAwMDAwMDAwLCJkZWxldGUiOjEyMDAwMDAwMDAwMDAsInVwZGF0ZSI6MTIwMDAwMDAwMDAwMH0sInNjaGVtYV92ZXJzaW9uIjoiMSJ9",
          "dependencies": [
            "google_project_organization_policy.bool-policies",
            "google_project_organization_policy.list_policies",
            "module.activate_service_apis.data.google_compute_default_service_account.default",
            "module.activate_service_apis.google_project_iam_member.project_service_identity_roles",
            "module.activate_service_apis.google_project_service.project_services",
            "module.activate_service_apis.google_project_service_identity.project_service_identities",
            "module.administrator_role_grants.google_project_iam_binding.project_iam_authoritative",
            "module.administrator_role_grants.google_project_iam_member.project_iam_additive",
            "module.gmsa_role_grants_cc.google_project_iam_member.project_iam_member",
            "module.gmsa_role_grants_gce.google_project_iam_member.project_iam_member",
            "module.umsa_creation.google_billing_account_iam_member.billing_user",
            "module.umsa_creation.google_organization_iam_member.billing_user",
            "module.umsa_creation.google_organization_iam_member.organization_viewer",
            "module.umsa_creation.google_organization_iam_member.xpn_admin",
            "module.umsa_creation.google_project_iam_member.project-roles",
            "module.umsa_creation.google_service_account.service_accounts",
            "module.umsa_creation.google_service_account_key.keys",
            "module.umsa_impersonate_privs_to_admin.google_service_account_iam_binding.service_account_iam_authoritative",
            "module.umsa_impersonate_privs_to_admin.google_service_account_iam_member.service_account_iam_additive",
            "module.umsa_role_grants.google_project_iam_member.project_iam_member",
            "module.vpc_creation.module.firewall_rules.google_compute_firewall.rules",
            "module.vpc_creation.module.routes.google_compute_route.route",
            "module.vpc_creation.module.subnets.google_compute_subnetwork.subnetwork",
            "module.vpc_creation.module.vpc.google_compute_network.network",
            "module.vpc_creation.module.vpc.google_compute_shared_vpc_host_project.shared_vpc_host",
            "time_sleep.sleep_after_activate_service_apis",
            "time_sleep.sleep_after_apis_and_org_policies",
            "time_sleep.sleep_after_identities_permissions"
          ]
        }
      ]
    },
    {
      "mode": "managed",
      "type": "google_dataproc_metastore_service",
      "name": "datalake_metastore",
      "provider": "provider[\"registry.terraform.io/hashicorp/google-beta\"]",
      "instances": [
        {
          "schema_version": 0,
          "attributes": {
            "artifact_gcs_uri": "gs://gcs-bucket-lab-dpms-36819656457-2de097ff-87b1-4ff7-a2f2-f2fa76f",
            "database_type": "MYSQL",
            "encryption_config": [],
            "endpoint_uri": "https://federation-lab-dpms-36819656457-2de097ff-674lvz5pha-uc.a.run.app:443",
            "hive_metastore_config": [
              {
                "auxiliary_versions": [],
                "config_overrides": {
                  "hive.metastore.warehouse.dir": "gs://gcs-bucket-lab-dpms-36819656457-2de097ff-87b1-4ff7-a2f2-f2fa76f/hive-warehouse"
                },
                "endpoint_protocol": "GRPC",
                "kerberos_config": [],
                "version": "3.1.2"
              }
            ],
            "id": "projects/dataplex-oda/locations/us-central1/services/lab-dpms-36819656457",
            "labels": {},
            "location": "us-central1",
            "maintenance_window": [
              {
                "day_of_week": "SUNDAY",
                "hour_of_day": 2
              }
            ],
            "metadata_integration": [
              {
                "data_catalog_config": [
                  {
                    "enabled": true
                  }
                ]
              }
            ],
            "name": "projects/dataplex-oda/locations/us-central1/services/lab-dpms-36819656457",
            "network": "",
            "network_config": [],
            "port": 443,
            "project": "dataplex-oda",
            "release_channel": "STABLE",
            "service_id": "lab-dpms-36819656457",
            "state": "ACTIVE",
            "state_message": "The service is ready to use",
            "telemetry_config": [
              {
                "log_format": "JSON"
              }
            ],
            "tier": "DEVELOPER",
            "timeouts": null,
            "uid": "2de097ff-87b1-4ff7-a2f2-f2fa76f311f4"
          },
          "sensitive_attributes": [],
          "private": "eyJlMmJmYjczMC1lY2FhLTExZTYtOGY4OC0zNDM2M2JjN2M0YzAiOnsiY3JlYXRlIjozNjAwMDAwMDAwMDAwLCJkZWxldGUiOjM2MDAwMDAwMDAwMDAsInVwZGF0ZSI6MzYwMDAwMDAwMDAwMH19",
          "dependencies": [
            "google_compute_firewall.allow_intra_snet_ingress_to_any",
            "google_project_organization_policy.bool-policies",
            "google_project_organization_policy.list_policies",
            "google_storage_bucket.dew_bundle_bucket_creation",
            "google_storage_bucket.dew_code_bucket_creation",
            "google_storage_bucket.dew_data_bucket_consumption_creation",
            "google_storage_bucket.dew_data_bucket_curated_creation",
            "google_storage_bucket.dew_data_bucket_raw_creation",
            "google_storage_bucket.dew_metrics_bucket_creation",
            "google_storage_bucket.dew_model_bucket_creation",
            "google_storage_bucket.dew_notebook_bucket_creation",
            "google_storage_bucket.dew_spark_bucket_creation",
            "google_storage_bucket_object.upload_to_gcs_code_raw",
            "google_storage_bucket_object.upload_to_gcs_datasets_curated",
            "google_storage_bucket_object.upload_to_gcs_datasets_raw",
            "google_storage_bucket_object.upload_to_gcs_notebooks",
            "module.activate_service_apis.data.google_compute_default_service_account.default",
            "module.activate_service_apis.google_project_iam_member.project_service_identity_roles",
            "module.activate_service_apis.google_project_service.project_services",
            "module.activate_service_apis.google_project_service_identity.project_service_identities",
            "module.administrator_role_grants.google_project_iam_binding.project_iam_authoritative",
            "module.administrator_role_grants.google_project_iam_member.project_iam_additive",
            "module.gmsa_role_grants_cc.google_project_iam_member.project_iam_member",
            "module.gmsa_role_grants_gce.google_project_iam_member.project_iam_member",
            "module.umsa_creation.google_billing_account_iam_member.billing_user",
            "module.umsa_creation.google_organization_iam_member.billing_user",
            "module.umsa_creation.google_organization_iam_member.organization_viewer",
            "module.umsa_creation.google_organization_iam_member.xpn_admin",
            "module.umsa_creation.google_project_iam_member.project-roles",
            "module.umsa_creation.google_service_account.service_accounts",
            "module.umsa_creation.google_service_account_key.keys",
            "module.umsa_impersonate_privs_to_admin.google_service_account_iam_binding.service_account_iam_authoritative",
            "module.umsa_impersonate_privs_to_admin.google_service_account_iam_member.service_account_iam_additive",
            "module.umsa_role_grants.google_project_iam_member.project_iam_member",
            "module.vpc_creation.module.firewall_rules.google_compute_firewall.rules",
            "module.vpc_creation.module.routes.google_compute_route.route",
            "module.vpc_creation.module.subnets.google_compute_subnetwork.subnetwork",
            "module.vpc_creation.module.vpc.google_compute_network.network",
            "module.vpc_creation.module.vpc.google_compute_shared_vpc_host_project.shared_vpc_host",
            "time_sleep.sleep_after_activate_service_apis",
            "time_sleep.sleep_after_apis_and_org_policies",
            "time_sleep.sleep_after_bucket_creation",
            "time_sleep.sleep_after_identities_permissions",
            "time_sleep.sleep_after_network_and_firewall_creation",
            "time_sleep.sleep_after_network_and_storage_steps"
          ]
        }
      ]
    },
    {
      "mode": "managed",
      "type": "google_project_organization_policy",
      "name": "bool-policies",
      "provider": "provider[\"registry.terraform.io/hashicorp/google\"]",
      "instances": [
        {
          "index_key": "compute.disableSerialPortLogging",
          "schema_version": 0,
          "attributes": {
            "boolean_policy": [
              {
                "enforced": false
              }
            ],
            "constraint": "constraints/compute.disableSerialPortLogging",
            "etag": "COz+tp4GEODmu5IB",
            "id": "dataplex-oda:constraints/compute.disableSerialPortLogging",
            "list_policy": [],
            "project": "dataplex-oda",
            "restore_policy": [],
            "timeouts": null,
            "update_time": "2023-01-22T22:57:48.307164Z",
            "version": 0
          },
          "sensitive_attributes": [],
          "private": "eyJlMmJmYjczMC1lY2FhLTExZTYtOGY4OC0zNDM2M2JjN2M0YzAiOnsiY3JlYXRlIjoyNDAwMDAwMDAwMDAsImRlbGV0ZSI6MjQwMDAwMDAwMDAwLCJyZWFkIjoyNDAwMDAwMDAwMDAsInVwZGF0ZSI6MjQwMDAwMDAwMDAwfX0=",
          "dependencies": [
            "module.activate_service_apis.data.google_compute_default_service_account.default",
            "module.activate_service_apis.google_project_iam_member.project_service_identity_roles",
            "module.activate_service_apis.google_project_service.project_services",
            "module.activate_service_apis.google_project_service_identity.project_service_identities",
            "time_sleep.sleep_after_activate_service_apis"
          ]
        },
        {
          "index_key": "compute.requireOsLogin",
          "schema_version": 0,
          "attributes": {
            "boolean_policy": [
              {
                "enforced": false
              }
            ],
            "constraint": "constraints/compute.requireOsLogin",
            "etag": "COz+tp4GEOjr5JYB",
            "id": "dataplex-oda:constraints/compute.requireOsLogin",
            "list_policy": [],
            "project": "dataplex-oda",
            "restore_policy": [],
            "timeouts": null,
            "update_time": "2023-01-22T22:57:48.316225Z",
            "version": 0
          },
          "sensitive_attributes": [],
          "private": "eyJlMmJmYjczMC1lY2FhLTExZTYtOGY4OC0zNDM2M2JjN2M0YzAiOnsiY3JlYXRlIjoyNDAwMDAwMDAwMDAsImRlbGV0ZSI6MjQwMDAwMDAwMDAwLCJyZWFkIjoyNDAwMDAwMDAwMDAsInVwZGF0ZSI6MjQwMDAwMDAwMDAwfX0=",
          "dependencies": [
            "module.activate_service_apis.data.google_compute_default_service_account.default",
            "module.activate_service_apis.google_project_iam_member.project_service_identity_roles",
            "module.activate_service_apis.google_project_service.project_services",
            "module.activate_service_apis.google_project_service_identity.project_service_identities",
            "time_sleep.sleep_after_activate_service_apis"
          ]
        },
        {
          "index_key": "compute.requireShieldedVm",
          "schema_version": 0,
          "attributes": {
            "boolean_policy": [
              {
                "enforced": false
              }
            ],
            "constraint": "constraints/compute.requireShieldedVm",
            "etag": "COz+tp4GELijupIB",
            "id": "dataplex-oda:constraints/compute.requireShieldedVm",
            "list_policy": [],
            "project": "dataplex-oda",
            "restore_policy": [],
            "timeouts": null,
            "update_time": "2023-01-22T22:57:48.307139Z",
            "version": 0
          },
          "sensitive_attributes": [],
          "private": "eyJlMmJmYjczMC1lY2FhLTExZTYtOGY4OC0zNDM2M2JjN2M0YzAiOnsiY3JlYXRlIjoyNDAwMDAwMDAwMDAsImRlbGV0ZSI6MjQwMDAwMDAwMDAwLCJyZWFkIjoyNDAwMDAwMDAwMDAsInVwZGF0ZSI6MjQwMDAwMDAwMDAwfX0=",
          "dependencies": [
            "module.activate_service_apis.data.google_compute_default_service_account.default",
            "module.activate_service_apis.google_project_iam_member.project_service_identity_roles",
            "module.activate_service_apis.google_project_service.project_services",
            "module.activate_service_apis.google_project_service_identity.project_service_identities",
            "time_sleep.sleep_after_activate_service_apis"
          ]
        }
      ]
    },
    {
      "mode": "managed",
      "type": "google_project_organization_policy",
      "name": "list_policies",
      "provider": "provider[\"registry.terraform.io/hashicorp/google\"]",
      "instances": [
        {
          "index_key": "compute.restrictVpcPeering",
          "schema_version": 0,
          "attributes": {
            "boolean_policy": [],
            "constraint": "constraints/compute.restrictVpcPeering",
            "etag": "COz+tp4GEKCcv5IB",
            "id": "dataplex-oda:constraints/compute.restrictVpcPeering",
            "list_policy": [
              {
                "allow": [
                  {
                    "all": true,
                    "values": []
                  }
                ],
                "deny": [],
                "inherit_from_parent": false,
                "suggested_value": ""
              }
            ],
            "project": "dataplex-oda",
            "restore_policy": [],
            "timeouts": null,
            "update_time": "2023-01-22T22:57:48.307220Z",
            "version": 0
          },
          "sensitive_attributes": [],
          "private": "eyJlMmJmYjczMC1lY2FhLTExZTYtOGY4OC0zNDM2M2JjN2M0YzAiOnsiY3JlYXRlIjoyNDAwMDAwMDAwMDAsImRlbGV0ZSI6MjQwMDAwMDAwMDAwLCJyZWFkIjoyNDAwMDAwMDAwMDAsInVwZGF0ZSI6MjQwMDAwMDAwMDAwfX0=",
          "dependencies": [
            "module.activate_service_apis.data.google_compute_default_service_account.default",
            "module.activate_service_apis.google_project_iam_member.project_service_identity_roles",
            "module.activate_service_apis.google_project_service.project_services",
            "module.activate_service_apis.google_project_service_identity.project_service_identities",
            "time_sleep.sleep_after_activate_service_apis"
          ]
        },
        {
          "index_key": "compute.vmCanIpForward",
          "schema_version": 0,
          "attributes": {
            "boolean_policy": [],
            "constraint": "constraints/compute.vmCanIpForward",
            "etag": "COz+tp4GEMjBu5cB",
            "id": "dataplex-oda:constraints/compute.vmCanIpForward",
            "list_policy": [
              {
                "allow": [
                  {
                    "all": true,
                    "values": []
                  }
                ],
                "deny": [],
                "inherit_from_parent": false,
                "suggested_value": ""
              }
            ],
            "project": "dataplex-oda",
            "restore_policy": [],
            "timeouts": null,
            "update_time": "2023-01-22T22:57:48.317645Z",
            "version": 0
          },
          "sensitive_attributes": [],
          "private": "eyJlMmJmYjczMC1lY2FhLTExZTYtOGY4OC0zNDM2M2JjN2M0YzAiOnsiY3JlYXRlIjoyNDAwMDAwMDAwMDAsImRlbGV0ZSI6MjQwMDAwMDAwMDAwLCJyZWFkIjoyNDAwMDAwMDAwMDAsInVwZGF0ZSI6MjQwMDAwMDAwMDAwfX0=",
          "dependencies": [
            "module.activate_service_apis.data.google_compute_default_service_account.default",
            "module.activate_service_apis.google_project_iam_member.project_service_identity_roles",
            "module.activate_service_apis.google_project_service.project_services",
            "module.activate_service_apis.google_project_service_identity.project_service_identities",
            "time_sleep.sleep_after_activate_service_apis"
          ]
        },
        {
          "index_key": "compute.vmExternalIpAccess",
          "schema_version": 0,
          "attributes": {
            "boolean_policy": [],
            "constraint": "constraints/compute.vmExternalIpAccess",
            "etag": "COz+tp4GENDJ8pYB",
            "id": "dataplex-oda:constraints/compute.vmExternalIpAccess",
            "list_policy": [
              {
                "allow": [
                  {
                    "all": true,
                    "values": []
                  }
                ],
                "deny": [],
                "inherit_from_parent": false,
                "suggested_value": ""
              }
            ],
            "project": "dataplex-oda",
            "restore_policy": [],
            "timeouts": null,
            "update_time": "2023-01-22T22:57:48.316450Z",
            "version": 0
          },
          "sensitive_attributes": [],
          "private": "eyJlMmJmYjczMC1lY2FhLTExZTYtOGY4OC0zNDM2M2JjN2M0YzAiOnsiY3JlYXRlIjoyNDAwMDAwMDAwMDAsImRlbGV0ZSI6MjQwMDAwMDAwMDAwLCJyZWFkIjoyNDAwMDAwMDAwMDAsInVwZGF0ZSI6MjQwMDAwMDAwMDAwfX0=",
          "dependencies": [
            "module.activate_service_apis.data.google_compute_default_service_account.default",
            "module.activate_service_apis.google_project_iam_member.project_service_identity_roles",
            "module.activate_service_apis.google_project_service.project_services",
            "module.activate_service_apis.google_project_service_identity.project_service_identities",
            "time_sleep.sleep_after_activate_service_apis"
          ]
        }
      ]
    },
    {
      "mode": "managed",
      "type": "google_storage_bucket",
      "name": "dew_bundle_bucket_creation",
      "provider": "provider[\"registry.terraform.io/hashicorp/google\"]",
      "instances": [
        {
          "schema_version": 0,
          "attributes": {
            "autoclass": [],
            "cors": [],
            "custom_placement_config": [],
            "default_event_based_hold": false,
            "encryption": [],
            "force_destroy": true,
            "id": "oda-raw-model-mleap-bundle-36819656457",
            "labels": {},
            "lifecycle_rule": [],
            "location": "US-CENTRAL1",
            "logging": [],
            "name": "oda-raw-model-mleap-bundle-36819656457",
            "project": "dataplex-oda",
            "public_access_prevention": "inherited",
            "requester_pays": false,
            "retention_policy": [],
            "self_link": "https://www.googleapis.com/storage/v1/b/oda-raw-model-mleap-bundle-36819656457",
            "storage_class": "STANDARD",
            "timeouts": null,
            "uniform_bucket_level_access": true,
            "url": "gs://oda-raw-model-mleap-bundle-36819656457",
            "versioning": [],
            "website": []
          },
          "sensitive_attributes": [],
          "private": "eyJlMmJmYjczMC1lY2FhLTExZTYtOGY4OC0zNDM2M2JjN2M0YzAiOnsiY3JlYXRlIjoyNDAwMDAwMDAwMDAsInJlYWQiOjI0MDAwMDAwMDAwMCwidXBkYXRlIjoyNDAwMDAwMDAwMDB9fQ==",
          "dependencies": [
            "google_project_organization_policy.bool-policies",
            "google_project_organization_policy.list_policies",
            "module.activate_service_apis.data.google_compute_default_service_account.default",
            "module.activate_service_apis.google_project_iam_member.project_service_identity_roles",
            "module.activate_service_apis.google_project_service.project_services",
            "module.activate_service_apis.google_project_service_identity.project_service_identities",
            "module.administrator_role_grants.google_project_iam_binding.project_iam_authoritative",
            "module.administrator_role_grants.google_project_iam_member.project_iam_additive",
            "module.gmsa_role_grants_cc.google_project_iam_member.project_iam_member",
            "module.gmsa_role_grants_gce.google_project_iam_member.project_iam_member",
            "module.umsa_creation.google_billing_account_iam_member.billing_user",
            "module.umsa_creation.google_organization_iam_member.billing_user",
            "module.umsa_creation.google_organization_iam_member.organization_viewer",
            "module.umsa_creation.google_organization_iam_member.xpn_admin",
            "module.umsa_creation.google_project_iam_member.project-roles",
            "module.umsa_creation.google_service_account.service_accounts",
            "module.umsa_creation.google_service_account_key.keys",
            "module.umsa_impersonate_privs_to_admin.google_service_account_iam_binding.service_account_iam_authoritative",
            "module.umsa_impersonate_privs_to_admin.google_service_account_iam_member.service_account_iam_additive",
            "module.umsa_role_grants.google_project_iam_member.project_iam_member",
            "time_sleep.sleep_after_activate_service_apis",
            "time_sleep.sleep_after_apis_and_org_policies",
            "time_sleep.sleep_after_identities_permissions"
          ]
        }
      ]
    },
    {
      "mode": "managed",
      "type": "google_storage_bucket",
      "name": "dew_code_bucket_creation",
      "provider": "provider[\"registry.terraform.io/hashicorp/google\"]",
      "instances": [
        {
          "schema_version": 0,
          "attributes": {
            "autoclass": [],
            "cors": [],
            "custom_placement_config": [],
            "default_event_based_hold": false,
            "encryption": [],
            "force_destroy": true,
            "id": "oda-raw-code-36819656457",
            "labels": {
              "goog-dataplex-asset-id": "code-assets",
              "goog-dataplex-lake-id": "oda-lake",
              "goog-dataplex-project-id": "dataplex-oda",
              "goog-dataplex-zone-id": "oda-misc-zone"
            },
            "lifecycle_rule": [],
            "location": "US-CENTRAL1",
            "logging": [],
            "name": "oda-raw-code-36819656457",
            "project": "dataplex-oda",
            "public_access_prevention": "inherited",
            "requester_pays": false,
            "retention_policy": [],
            "self_link": "https://www.googleapis.com/storage/v1/b/oda-raw-code-36819656457",
            "storage_class": "STANDARD",
            "timeouts": null,
            "uniform_bucket_level_access": true,
            "url": "gs://oda-raw-code-36819656457",
            "versioning": [],
            "website": []
          },
          "sensitive_attributes": [],
          "private": "eyJlMmJmYjczMC1lY2FhLTExZTYtOGY4OC0zNDM2M2JjN2M0YzAiOnsiY3JlYXRlIjoyNDAwMDAwMDAwMDAsInJlYWQiOjI0MDAwMDAwMDAwMCwidXBkYXRlIjoyNDAwMDAwMDAwMDB9fQ==",
          "dependencies": [
            "google_project_organization_policy.bool-policies",
            "google_project_organization_policy.list_policies",
            "module.activate_service_apis.data.google_compute_default_service_account.default",
            "module.activate_service_apis.google_project_iam_member.project_service_identity_roles",
            "module.activate_service_apis.google_project_service.project_services",
            "module.activate_service_apis.google_project_service_identity.project_service_identities",
            "module.administrator_role_grants.google_project_iam_binding.project_iam_authoritative",
            "module.administrator_role_grants.google_project_iam_member.project_iam_additive",
            "module.gmsa_role_grants_cc.google_project_iam_member.project_iam_member",
            "module.gmsa_role_grants_gce.google_project_iam_member.project_iam_member",
            "module.umsa_creation.google_billing_account_iam_member.billing_user",
            "module.umsa_creation.google_organization_iam_member.billing_user",
            "module.umsa_creation.google_organization_iam_member.organization_viewer",
            "module.umsa_creation.google_organization_iam_member.xpn_admin",
            "module.umsa_creation.google_project_iam_member.project-roles",
            "module.umsa_creation.google_service_account.service_accounts",
            "module.umsa_creation.google_service_account_key.keys",
            "module.umsa_impersonate_privs_to_admin.google_service_account_iam_binding.service_account_iam_authoritative",
            "module.umsa_impersonate_privs_to_admin.google_service_account_iam_member.service_account_iam_additive",
            "module.umsa_role_grants.google_project_iam_member.project_iam_member",
            "time_sleep.sleep_after_activate_service_apis",
            "time_sleep.sleep_after_apis_and_org_policies",
            "time_sleep.sleep_after_identities_permissions"
          ]
        }
      ]
    },
    {
      "mode": "managed",
      "type": "google_storage_bucket",
      "name": "dew_data_bucket_consumption_creation",
      "provider": "provider[\"registry.terraform.io/hashicorp/google\"]",
      "instances": [
        {
          "schema_version": 0,
          "attributes": {
            "autoclass": [],
            "cors": [],
            "custom_placement_config": [],
            "default_event_based_hold": false,
            "encryption": [],
            "force_destroy": true,
            "id": "oda-consumption-data-36819656457",
            "labels": {},
            "lifecycle_rule": [],
            "location": "US",
            "logging": [],
            "name": "oda-consumption-data-36819656457",
            "project": "dataplex-oda",
            "public_access_prevention": "enforced",
            "requester_pays": false,
            "retention_policy": [],
            "self_link": "https://www.googleapis.com/storage/v1/b/oda-consumption-data-36819656457",
            "storage_class": "STANDARD",
            "timeouts": null,
            "uniform_bucket_level_access": true,
            "url": "gs://oda-consumption-data-36819656457",
            "versioning": [],
            "website": []
          },
          "sensitive_attributes": [],
          "private": "eyJlMmJmYjczMC1lY2FhLTExZTYtOGY4OC0zNDM2M2JjN2M0YzAiOnsiY3JlYXRlIjoyNDAwMDAwMDAwMDAsInJlYWQiOjI0MDAwMDAwMDAwMCwidXBkYXRlIjoyNDAwMDAwMDAwMDB9fQ==",
          "dependencies": [
            "google_project_organization_policy.bool-policies",
            "google_project_organization_policy.list_policies",
            "module.activate_service_apis.data.google_compute_default_service_account.default",
            "module.activate_service_apis.google_project_iam_member.project_service_identity_roles",
            "module.activate_service_apis.google_project_service.project_services",
            "module.activate_service_apis.google_project_service_identity.project_service_identities",
            "module.administrator_role_grants.google_project_iam_binding.project_iam_authoritative",
            "module.administrator_role_grants.google_project_iam_member.project_iam_additive",
            "module.gmsa_role_grants_cc.google_project_iam_member.project_iam_member",
            "module.gmsa_role_grants_gce.google_project_iam_member.project_iam_member",
            "module.umsa_creation.google_billing_account_iam_member.billing_user",
            "module.umsa_creation.google_organization_iam_member.billing_user",
            "module.umsa_creation.google_organization_iam_member.organization_viewer",
            "module.umsa_creation.google_organization_iam_member.xpn_admin",
            "module.umsa_creation.google_project_iam_member.project-roles",
            "module.umsa_creation.google_service_account.service_accounts",
            "module.umsa_creation.google_service_account_key.keys",
            "module.umsa_impersonate_privs_to_admin.google_service_account_iam_binding.service_account_iam_authoritative",
            "module.umsa_impersonate_privs_to_admin.google_service_account_iam_member.service_account_iam_additive",
            "module.umsa_role_grants.google_project_iam_member.project_iam_member",
            "time_sleep.sleep_after_activate_service_apis",
            "time_sleep.sleep_after_apis_and_org_policies",
            "time_sleep.sleep_after_identities_permissions"
          ]
        }
      ]
    },
    {
      "mode": "managed",
      "type": "google_storage_bucket",
      "name": "dew_data_bucket_curated_creation",
      "provider": "provider[\"registry.terraform.io/hashicorp/google\"]",
      "instances": [
        {
          "schema_version": 0,
          "attributes": {
            "autoclass": [],
            "cors": [],
            "custom_placement_config": [],
            "default_event_based_hold": false,
            "encryption": [],
            "force_destroy": true,
            "id": "oda-curated-data-36819656457",
            "labels": {
              "goog-dataplex-asset-id": "misc-datasets",
              "goog-dataplex-lake-id": "oda-lake",
              "goog-dataplex-project-id": "dataplex-oda",
              "goog-dataplex-zone-id": "oda-curated-zone"
            },
            "lifecycle_rule": [],
            "location": "US",
            "logging": [],
            "name": "oda-curated-data-36819656457",
            "project": "dataplex-oda",
            "public_access_prevention": "enforced",
            "requester_pays": false,
            "retention_policy": [],
            "self_link": "https://www.googleapis.com/storage/v1/b/oda-curated-data-36819656457",
            "storage_class": "STANDARD",
            "timeouts": null,
            "uniform_bucket_level_access": true,
            "url": "gs://oda-curated-data-36819656457",
            "versioning": [],
            "website": []
          },
          "sensitive_attributes": [],
          "private": "eyJlMmJmYjczMC1lY2FhLTExZTYtOGY4OC0zNDM2M2JjN2M0YzAiOnsiY3JlYXRlIjoyNDAwMDAwMDAwMDAsInJlYWQiOjI0MDAwMDAwMDAwMCwidXBkYXRlIjoyNDAwMDAwMDAwMDB9fQ==",
          "dependencies": [
            "google_project_organization_policy.bool-policies",
            "google_project_organization_policy.list_policies",
            "module.activate_service_apis.data.google_compute_default_service_account.default",
            "module.activate_service_apis.google_project_iam_member.project_service_identity_roles",
            "module.activate_service_apis.google_project_service.project_services",
            "module.activate_service_apis.google_project_service_identity.project_service_identities",
            "module.administrator_role_grants.google_project_iam_binding.project_iam_authoritative",
            "module.administrator_role_grants.google_project_iam_member.project_iam_additive",
            "module.gmsa_role_grants_cc.google_project_iam_member.project_iam_member",
            "module.gmsa_role_grants_gce.google_project_iam_member.project_iam_member",
            "module.umsa_creation.google_billing_account_iam_member.billing_user",
            "module.umsa_creation.google_organization_iam_member.billing_user",
            "module.umsa_creation.google_organization_iam_member.organization_viewer",
            "module.umsa_creation.google_organization_iam_member.xpn_admin",
            "module.umsa_creation.google_project_iam_member.project-roles",
            "module.umsa_creation.google_service_account.service_accounts",
            "module.umsa_creation.google_service_account_key.keys",
            "module.umsa_impersonate_privs_to_admin.google_service_account_iam_binding.service_account_iam_authoritative",
            "module.umsa_impersonate_privs_to_admin.google_service_account_iam_member.service_account_iam_additive",
            "module.umsa_role_grants.google_project_iam_member.project_iam_member",
            "time_sleep.sleep_after_activate_service_apis",
            "time_sleep.sleep_after_apis_and_org_policies",
            "time_sleep.sleep_after_identities_permissions"
          ]
        }
      ]
    },
    {
      "mode": "managed",
      "type": "google_storage_bucket",
      "name": "dew_data_bucket_raw_creation",
      "provider": "provider[\"registry.terraform.io/hashicorp/google\"]",
      "instances": [
        {
          "schema_version": 0,
          "attributes": {
            "autoclass": [],
            "cors": [],
            "custom_placement_config": [],
            "default_event_based_hold": false,
            "encryption": [],
            "force_destroy": true,
            "id": "oda-raw-data-36819656457",
            "labels": {
              "goog-dataplex-asset-id": "misc-datasets",
              "goog-dataplex-lake-id": "oda-lake",
              "goog-dataplex-project-id": "dataplex-oda",
              "goog-dataplex-zone-id": "oda-raw-zone"
            },
            "lifecycle_rule": [],
            "location": "US",
            "logging": [],
            "name": "oda-raw-data-36819656457",
            "project": "dataplex-oda",
            "public_access_prevention": "enforced",
            "requester_pays": false,
            "retention_policy": [],
            "self_link": "https://www.googleapis.com/storage/v1/b/oda-raw-data-36819656457",
            "storage_class": "STANDARD",
            "timeouts": null,
            "uniform_bucket_level_access": true,
            "url": "gs://oda-raw-data-36819656457",
            "versioning": [],
            "website": []
          },
          "sensitive_attributes": [],
          "private": "eyJlMmJmYjczMC1lY2FhLTExZTYtOGY4OC0zNDM2M2JjN2M0YzAiOnsiY3JlYXRlIjoyNDAwMDAwMDAwMDAsInJlYWQiOjI0MDAwMDAwMDAwMCwidXBkYXRlIjoyNDAwMDAwMDAwMDB9fQ==",
          "dependencies": [
            "google_project_organization_policy.bool-policies",
            "google_project_organization_policy.list_policies",
            "module.activate_service_apis.data.google_compute_default_service_account.default",
            "module.activate_service_apis.google_project_iam_member.project_service_identity_roles",
            "module.activate_service_apis.google_project_service.project_services",
            "module.activate_service_apis.google_project_service_identity.project_service_identities",
            "module.administrator_role_grants.google_project_iam_binding.project_iam_authoritative",
            "module.administrator_role_grants.google_project_iam_member.project_iam_additive",
            "module.gmsa_role_grants_cc.google_project_iam_member.project_iam_member",
            "module.gmsa_role_grants_gce.google_project_iam_member.project_iam_member",
            "module.umsa_creation.google_billing_account_iam_member.billing_user",
            "module.umsa_creation.google_organization_iam_member.billing_user",
            "module.umsa_creation.google_organization_iam_member.organization_viewer",
            "module.umsa_creation.google_organization_iam_member.xpn_admin",
            "module.umsa_creation.google_project_iam_member.project-roles",
            "module.umsa_creation.google_service_account.service_accounts",
            "module.umsa_creation.google_service_account_key.keys",
            "module.umsa_impersonate_privs_to_admin.google_service_account_iam_binding.service_account_iam_authoritative",
            "module.umsa_impersonate_privs_to_admin.google_service_account_iam_member.service_account_iam_additive",
            "module.umsa_role_grants.google_project_iam_member.project_iam_member",
            "time_sleep.sleep_after_activate_service_apis",
            "time_sleep.sleep_after_apis_and_org_policies",
            "time_sleep.sleep_after_identities_permissions"
          ]
        }
      ]
    },
    {
      "mode": "managed",
      "type": "google_storage_bucket",
      "name": "dew_metrics_bucket_creation",
      "provider": "provider[\"registry.terraform.io/hashicorp/google\"]",
      "instances": [
        {
          "schema_version": 0,
          "attributes": {
            "autoclass": [],
            "cors": [],
            "custom_placement_config": [],
            "default_event_based_hold": false,
            "encryption": [],
            "force_destroy": true,
            "id": "oda-raw-model-metrics-36819656457",
            "labels": {},
            "lifecycle_rule": [],
            "location": "US-CENTRAL1",
            "logging": [],
            "name": "oda-raw-model-metrics-36819656457",
            "project": "dataplex-oda",
            "public_access_prevention": "inherited",
            "requester_pays": false,
            "retention_policy": [],
            "self_link": "https://www.googleapis.com/storage/v1/b/oda-raw-model-metrics-36819656457",
            "storage_class": "STANDARD",
            "timeouts": null,
            "uniform_bucket_level_access": true,
            "url": "gs://oda-raw-model-metrics-36819656457",
            "versioning": [],
            "website": []
          },
          "sensitive_attributes": [],
          "private": "eyJlMmJmYjczMC1lY2FhLTExZTYtOGY4OC0zNDM2M2JjN2M0YzAiOnsiY3JlYXRlIjoyNDAwMDAwMDAwMDAsInJlYWQiOjI0MDAwMDAwMDAwMCwidXBkYXRlIjoyNDAwMDAwMDAwMDB9fQ==",
          "dependencies": [
            "google_project_organization_policy.bool-policies",
            "google_project_organization_policy.list_policies",
            "module.activate_service_apis.data.google_compute_default_service_account.default",
            "module.activate_service_apis.google_project_iam_member.project_service_identity_roles",
            "module.activate_service_apis.google_project_service.project_services",
            "module.activate_service_apis.google_project_service_identity.project_service_identities",
            "module.administrator_role_grants.google_project_iam_binding.project_iam_authoritative",
            "module.administrator_role_grants.google_project_iam_member.project_iam_additive",
            "module.gmsa_role_grants_cc.google_project_iam_member.project_iam_member",
            "module.gmsa_role_grants_gce.google_project_iam_member.project_iam_member",
            "module.umsa_creation.google_billing_account_iam_member.billing_user",
            "module.umsa_creation.google_organization_iam_member.billing_user",
            "module.umsa_creation.google_organization_iam_member.organization_viewer",
            "module.umsa_creation.google_organization_iam_member.xpn_admin",
            "module.umsa_creation.google_project_iam_member.project-roles",
            "module.umsa_creation.google_service_account.service_accounts",
            "module.umsa_creation.google_service_account_key.keys",
            "module.umsa_impersonate_privs_to_admin.google_service_account_iam_binding.service_account_iam_authoritative",
            "module.umsa_impersonate_privs_to_admin.google_service_account_iam_member.service_account_iam_additive",
            "module.umsa_role_grants.google_project_iam_member.project_iam_member",
            "time_sleep.sleep_after_activate_service_apis",
            "time_sleep.sleep_after_apis_and_org_policies",
            "time_sleep.sleep_after_identities_permissions"
          ]
        }
      ]
    },
    {
      "mode": "managed",
      "type": "google_storage_bucket",
      "name": "dew_model_bucket_creation",
      "provider": "provider[\"registry.terraform.io/hashicorp/google\"]",
      "instances": [
        {
          "schema_version": 0,
          "attributes": {
            "autoclass": [],
            "cors": [],
            "custom_placement_config": [],
            "default_event_based_hold": false,
            "encryption": [],
            "force_destroy": true,
            "id": "oda-raw-model-36819656457",
            "labels": {},
            "lifecycle_rule": [],
            "location": "US-CENTRAL1",
            "logging": [],
            "name": "oda-raw-model-36819656457",
            "project": "dataplex-oda",
            "public_access_prevention": "inherited",
            "requester_pays": false,
            "retention_policy": [],
            "self_link": "https://www.googleapis.com/storage/v1/b/oda-raw-model-36819656457",
            "storage_class": "STANDARD",
            "timeouts": null,
            "uniform_bucket_level_access": true,
            "url": "gs://oda-raw-model-36819656457",
            "versioning": [],
            "website": []
          },
          "sensitive_attributes": [],
          "private": "eyJlMmJmYjczMC1lY2FhLTExZTYtOGY4OC0zNDM2M2JjN2M0YzAiOnsiY3JlYXRlIjoyNDAwMDAwMDAwMDAsInJlYWQiOjI0MDAwMDAwMDAwMCwidXBkYXRlIjoyNDAwMDAwMDAwMDB9fQ==",
          "dependencies": [
            "google_project_organization_policy.bool-policies",
            "google_project_organization_policy.list_policies",
            "module.activate_service_apis.data.google_compute_default_service_account.default",
            "module.activate_service_apis.google_project_iam_member.project_service_identity_roles",
            "module.activate_service_apis.google_project_service.project_services",
            "module.activate_service_apis.google_project_service_identity.project_service_identities",
            "module.administrator_role_grants.google_project_iam_binding.project_iam_authoritative",
            "module.administrator_role_grants.google_project_iam_member.project_iam_additive",
            "module.gmsa_role_grants_cc.google_project_iam_member.project_iam_member",
            "module.gmsa_role_grants_gce.google_project_iam_member.project_iam_member",
            "module.umsa_creation.google_billing_account_iam_member.billing_user",
            "module.umsa_creation.google_organization_iam_member.billing_user",
            "module.umsa_creation.google_organization_iam_member.organization_viewer",
            "module.umsa_creation.google_organization_iam_member.xpn_admin",
            "module.umsa_creation.google_project_iam_member.project-roles",
            "module.umsa_creation.google_service_account.service_accounts",
            "module.umsa_creation.google_service_account_key.keys",
            "module.umsa_impersonate_privs_to_admin.google_service_account_iam_binding.service_account_iam_authoritative",
            "module.umsa_impersonate_privs_to_admin.google_service_account_iam_member.service_account_iam_additive",
            "module.umsa_role_grants.google_project_iam_member.project_iam_member",
            "time_sleep.sleep_after_activate_service_apis",
            "time_sleep.sleep_after_apis_and_org_policies",
            "time_sleep.sleep_after_identities_permissions"
          ]
        }
      ]
    },
    {
      "mode": "managed",
      "type": "google_storage_bucket",
      "name": "dew_notebook_bucket_creation",
      "provider": "provider[\"registry.terraform.io/hashicorp/google\"]",
      "instances": [
        {
          "schema_version": 0,
          "attributes": {
            "autoclass": [],
            "cors": [],
            "custom_placement_config": [],
            "default_event_based_hold": false,
            "encryption": [],
            "force_destroy": true,
            "id": "oda-raw-notebook-36819656457",
            "labels": {
              "goog-dataplex-asset-id": "notebooks",
              "goog-dataplex-lake-id": "oda-lake",
              "goog-dataplex-project-id": "dataplex-oda",
              "goog-dataplex-zone-id": "oda-misc-zone"
            },
            "lifecycle_rule": [],
            "location": "US-CENTRAL1",
            "logging": [],
            "name": "oda-raw-notebook-36819656457",
            "project": "dataplex-oda",
            "public_access_prevention": "inherited",
            "requester_pays": false,
            "retention_policy": [],
            "self_link": "https://www.googleapis.com/storage/v1/b/oda-raw-notebook-36819656457",
            "storage_class": "STANDARD",
            "timeouts": null,
            "uniform_bucket_level_access": true,
            "url": "gs://oda-raw-notebook-36819656457",
            "versioning": [],
            "website": []
          },
          "sensitive_attributes": [],
          "private": "eyJlMmJmYjczMC1lY2FhLTExZTYtOGY4OC0zNDM2M2JjN2M0YzAiOnsiY3JlYXRlIjoyNDAwMDAwMDAwMDAsInJlYWQiOjI0MDAwMDAwMDAwMCwidXBkYXRlIjoyNDAwMDAwMDAwMDB9fQ==",
          "dependencies": [
            "google_project_organization_policy.bool-policies",
            "google_project_organization_policy.list_policies",
            "module.activate_service_apis.data.google_compute_default_service_account.default",
            "module.activate_service_apis.google_project_iam_member.project_service_identity_roles",
            "module.activate_service_apis.google_project_service.project_services",
            "module.activate_service_apis.google_project_service_identity.project_service_identities",
            "module.administrator_role_grants.google_project_iam_binding.project_iam_authoritative",
            "module.administrator_role_grants.google_project_iam_member.project_iam_additive",
            "module.gmsa_role_grants_cc.google_project_iam_member.project_iam_member",
            "module.gmsa_role_grants_gce.google_project_iam_member.project_iam_member",
            "module.umsa_creation.google_billing_account_iam_member.billing_user",
            "module.umsa_creation.google_organization_iam_member.billing_user",
            "module.umsa_creation.google_organization_iam_member.organization_viewer",
            "module.umsa_creation.google_organization_iam_member.xpn_admin",
            "module.umsa_creation.google_project_iam_member.project-roles",
            "module.umsa_creation.google_service_account.service_accounts",
            "module.umsa_creation.google_service_account_key.keys",
            "module.umsa_impersonate_privs_to_admin.google_service_account_iam_binding.service_account_iam_authoritative",
            "module.umsa_impersonate_privs_to_admin.google_service_account_iam_member.service_account_iam_additive",
            "module.umsa_role_grants.google_project_iam_member.project_iam_member",
            "time_sleep.sleep_after_activate_service_apis",
            "time_sleep.sleep_after_apis_and_org_policies",
            "time_sleep.sleep_after_identities_permissions"
          ]
        }
      ]
    },
    {
      "mode": "managed",
      "type": "google_storage_bucket",
      "name": "dew_spark_bucket_creation",
      "provider": "provider[\"registry.terraform.io/hashicorp/google\"]",
      "instances": [
        {
          "schema_version": 0,
          "attributes": {
            "autoclass": [],
            "cors": [],
            "custom_placement_config": [],
            "default_event_based_hold": false,
            "encryption": [],
            "force_destroy": true,
            "id": "lab-spark-bucket-36819656457",
            "labels": {},
            "lifecycle_rule": [],
            "location": "US-CENTRAL1",
            "logging": [],
            "name": "lab-spark-bucket-36819656457",
            "project": "dataplex-oda",
            "public_access_prevention": "inherited",
            "requester_pays": false,
            "retention_policy": [],
            "self_link": "https://www.googleapis.com/storage/v1/b/lab-spark-bucket-36819656457",
            "storage_class": "STANDARD",
            "timeouts": null,
            "uniform_bucket_level_access": true,
            "url": "gs://lab-spark-bucket-36819656457",
            "versioning": [],
            "website": []
          },
          "sensitive_attributes": [],
          "private": "eyJlMmJmYjczMC1lY2FhLTExZTYtOGY4OC0zNDM2M2JjN2M0YzAiOnsiY3JlYXRlIjoyNDAwMDAwMDAwMDAsInJlYWQiOjI0MDAwMDAwMDAwMCwidXBkYXRlIjoyNDAwMDAwMDAwMDB9fQ==",
          "dependencies": [
            "google_project_organization_policy.bool-policies",
            "google_project_organization_policy.list_policies",
            "module.activate_service_apis.data.google_compute_default_service_account.default",
            "module.activate_service_apis.google_project_iam_member.project_service_identity_roles",
            "module.activate_service_apis.google_project_service.project_services",
            "module.activate_service_apis.google_project_service_identity.project_service_identities",
            "module.administrator_role_grants.google_project_iam_binding.project_iam_authoritative",
            "module.administrator_role_grants.google_project_iam_member.project_iam_additive",
            "module.gmsa_role_grants_cc.google_project_iam_member.project_iam_member",
            "module.gmsa_role_grants_gce.google_project_iam_member.project_iam_member",
            "module.umsa_creation.google_billing_account_iam_member.billing_user",
            "module.umsa_creation.google_organization_iam_member.billing_user",
            "module.umsa_creation.google_organization_iam_member.organization_viewer",
            "module.umsa_creation.google_organization_iam_member.xpn_admin",
            "module.umsa_creation.google_project_iam_member.project-roles",
            "module.umsa_creation.google_service_account.service_accounts",
            "module.umsa_creation.google_service_account_key.keys",
            "module.umsa_impersonate_privs_to_admin.google_service_account_iam_binding.service_account_iam_authoritative",
            "module.umsa_impersonate_privs_to_admin.google_service_account_iam_member.service_account_iam_additive",
            "module.umsa_role_grants.google_project_iam_member.project_iam_member",
            "time_sleep.sleep_after_activate_service_apis",
            "time_sleep.sleep_after_apis_and_org_policies",
            "time_sleep.sleep_after_identities_permissions"
          ]
        }
      ]
    },
    {
      "mode": "managed",
      "type": "google_storage_bucket_object",
      "name": "upload_dags_to_airflow_dag_bucket",
      "provider": "provider[\"registry.terraform.io/hashicorp/google\"]",
      "instances": [
        {
          "index_key": "../scripts/airflow/chicago-crimes-analytics/bq_lineage_pipeline.py",
          "schema_version": 0,
          "attributes": {
            "bucket": "us-central1-oda-36819656457-5a663f05-bucket",
            "cache_control": "",
            "content": null,
            "content_disposition": "",
            "content_encoding": "",
            "content_language": "",
            "content_type": "text/plain; charset=utf-8",
            "crc32c": "s/njZg==",
            "customer_encryption": [],
            "detect_md5hash": "PUmtLUy6BdlyvEL1zSTd3g==",
            "event_based_hold": false,
            "id": "us-central1-oda-36819656457-5a663f05-bucket-airflow/chicago-crimes-analytics/bq_lineage_pipeline.py",
            "kms_key_name": "",
            "md5hash": "PUmtLUy6BdlyvEL1zSTd3g==",
            "media_link": "https://storage.googleapis.com/download/storage/v1/b/us-central1-oda-36819656457-5a663f05-bucket/o/airflow%2Fchicago-crimes-analytics%2Fbq_lineage_pipeline.py?generation=1674692845870181\u0026alt=media",
            "metadata": null,
            "name": "airflow/chicago-crimes-analytics/bq_lineage_pipeline.py",
            "output_name": "airflow/chicago-crimes-analytics/bq_lineage_pipeline.py",
            "self_link": "https://www.googleapis.com/storage/v1/b/us-central1-oda-36819656457-5a663f05-bucket/o/airflow%2Fchicago-crimes-analytics%2Fbq_lineage_pipeline.py",
            "source": "./../scripts/airflow/chicago-crimes-analytics/bq_lineage_pipeline.py",
            "storage_class": "STANDARD",
            "temporary_hold": false,
            "timeouts": null
          },
          "sensitive_attributes": [],
          "private": "eyJlMmJmYjczMC1lY2FhLTExZTYtOGY4OC0zNDM2M2JjN2M0YzAiOnsiY3JlYXRlIjoyNDAwMDAwMDAwMDAsImRlbGV0ZSI6MjQwMDAwMDAwMDAwLCJ1cGRhdGUiOjI0MDAwMDAwMDAwMH19",
          "dependencies": [
            "google_composer_environment.create_cloud_composer_env",
            "time_sleep.sleep_after_composer_creation",
            "time_sleep.sleep_after_network_and_firewall_creation"
          ]
        },
        {
          "index_key": "../scripts/airflow/chicago-crimes-analytics/spark_lineage_pipeline.py",
          "schema_version": 0,
          "attributes": {
            "bucket": "us-central1-oda-36819656457-5a663f05-bucket",
            "cache_control": "",
            "content": null,
            "content_disposition": "",
            "content_encoding": "",
            "content_language": "",
            "content_type": "text/plain; charset=utf-8",
            "crc32c": "AAAAAA==",
            "customer_encryption": [],
            "detect_md5hash": "1B2M2Y8AsgTpgAmY7PhCfg==",
            "event_based_hold": false,
            "id": "us-central1-oda-36819656457-5a663f05-bucket-airflow/chicago-crimes-analytics/spark_lineage_pipeline.py",
            "kms_key_name": "",
            "md5hash": "1B2M2Y8AsgTpgAmY7PhCfg==",
            "media_link": "https://storage.googleapis.com/download/storage/v1/b/us-central1-oda-36819656457-5a663f05-bucket/o/airflow%2Fchicago-crimes-analytics%2Fspark_lineage_pipeline.py?generation=1674692845859040\u0026alt=media",
            "metadata": null,
            "name": "airflow/chicago-crimes-analytics/spark_lineage_pipeline.py",
            "output_name": "airflow/chicago-crimes-analytics/spark_lineage_pipeline.py",
            "self_link": "https://www.googleapis.com/storage/v1/b/us-central1-oda-36819656457-5a663f05-bucket/o/airflow%2Fchicago-crimes-analytics%2Fspark_lineage_pipeline.py",
            "source": "./../scripts/airflow/chicago-crimes-analytics/spark_lineage_pipeline.py",
            "storage_class": "STANDARD",
            "temporary_hold": false,
            "timeouts": null
          },
          "sensitive_attributes": [],
          "private": "eyJlMmJmYjczMC1lY2FhLTExZTYtOGY4OC0zNDM2M2JjN2M0YzAiOnsiY3JlYXRlIjoyNDAwMDAwMDAwMDAsImRlbGV0ZSI6MjQwMDAwMDAwMDAwLCJ1cGRhdGUiOjI0MDAwMDAwMDAwMH19",
          "dependencies": [
            "google_composer_environment.create_cloud_composer_env",
            "time_sleep.sleep_after_composer_creation",
            "time_sleep.sleep_after_network_and_firewall_creation"
          ]
        },
        {
          "index_key": "../scripts/pyspark/chicago-crimes-analytics/crimes_by_year.py",
          "schema_version": 0,
          "attributes": {
            "bucket": "us-central1-oda-36819656457-5a663f05-bucket",
            "cache_control": "",
            "content": null,
            "content_disposition": "",
            "content_encoding": "",
            "content_language": "",
            "content_type": "text/plain; charset=utf-8",
            "crc32c": "AAAAAA==",
            "customer_encryption": [],
            "detect_md5hash": "1B2M2Y8AsgTpgAmY7PhCfg==",
            "event_based_hold": false,
            "id": "us-central1-oda-36819656457-5a663f05-bucket-pyspark/chicago-crimes-analytics/crimes_by_year.py",
            "kms_key_name": "",
            "md5hash": "1B2M2Y8AsgTpgAmY7PhCfg==",
            "media_link": "https://storage.googleapis.com/download/storage/v1/b/us-central1-oda-36819656457-5a663f05-bucket/o/pyspark%2Fchicago-crimes-analytics%2Fcrimes_by_year.py?generation=1674692845855458\u0026alt=media",
            "metadata": null,
            "name": "pyspark/chicago-crimes-analytics/crimes_by_year.py",
            "output_name": "pyspark/chicago-crimes-analytics/crimes_by_year.py",
            "self_link": "https://www.googleapis.com/storage/v1/b/us-central1-oda-36819656457-5a663f05-bucket/o/pyspark%2Fchicago-crimes-analytics%2Fcrimes_by_year.py",
            "source": "./../scripts/pyspark/chicago-crimes-analytics/crimes_by_year.py",
            "storage_class": "STANDARD",
            "temporary_hold": false,
            "timeouts": null
          },
          "sensitive_attributes": [],
          "private": "eyJlMmJmYjczMC1lY2FhLTExZTYtOGY4OC0zNDM2M2JjN2M0YzAiOnsiY3JlYXRlIjoyNDAwMDAwMDAwMDAsImRlbGV0ZSI6MjQwMDAwMDAwMDAwLCJ1cGRhdGUiOjI0MDAwMDAwMDAwMH19",
          "dependencies": [
            "google_composer_environment.create_cloud_composer_env",
            "time_sleep.sleep_after_composer_creation",
            "time_sleep.sleep_after_network_and_firewall_creation"
          ]
        },
        {
          "index_key": "../scripts/pyspark/chicago-crimes-analytics/crimes_by_year_and_type.py",
          "schema_version": 0,
          "attributes": {
            "bucket": "us-central1-oda-36819656457-5a663f05-bucket",
            "cache_control": "",
            "content": null,
            "content_disposition": "",
            "content_encoding": "",
            "content_language": "",
            "content_type": "text/plain; charset=utf-8",
            "crc32c": "AAAAAA==",
            "customer_encryption": [],
            "detect_md5hash": "1B2M2Y8AsgTpgAmY7PhCfg==",
            "event_based_hold": false,
            "id": "us-central1-oda-36819656457-5a663f05-bucket-pyspark/chicago-crimes-analytics/crimes_by_year_and_type.py",
            "kms_key_name": "",
            "md5hash": "1B2M2Y8AsgTpgAmY7PhCfg==",
            "media_link": "https://storage.googleapis.com/download/storage/v1/b/us-central1-oda-36819656457-5a663f05-bucket/o/pyspark%2Fchicago-crimes-analytics%2Fcrimes_by_year_and_type.py?generation=1674692845856419\u0026alt=media",
            "metadata": null,
            "name": "pyspark/chicago-crimes-analytics/crimes_by_year_and_type.py",
            "output_name": "pyspark/chicago-crimes-analytics/crimes_by_year_and_type.py",
            "self_link": "https://www.googleapis.com/storage/v1/b/us-central1-oda-36819656457-5a663f05-bucket/o/pyspark%2Fchicago-crimes-analytics%2Fcrimes_by_year_and_type.py",
            "source": "./../scripts/pyspark/chicago-crimes-analytics/crimes_by_year_and_type.py",
            "storage_class": "STANDARD",
            "temporary_hold": false,
            "timeouts": null
          },
          "sensitive_attributes": [],
          "private": "eyJlMmJmYjczMC1lY2FhLTExZTYtOGY4OC0zNDM2M2JjN2M0YzAiOnsiY3JlYXRlIjoyNDAwMDAwMDAwMDAsImRlbGV0ZSI6MjQwMDAwMDAwMDAwLCJ1cGRhdGUiOjI0MDAwMDAwMDAwMH19",
          "dependencies": [
            "google_composer_environment.create_cloud_composer_env",
            "time_sleep.sleep_after_composer_creation",
            "time_sleep.sleep_after_network_and_firewall_creation"
          ]
        },
        {
          "index_key": "../scripts/pyspark/chicago-crimes-analytics/curate_crimes.py",
          "schema_version": 0,
          "attributes": {
            "bucket": "us-central1-oda-36819656457-5a663f05-bucket",
            "cache_control": "",
            "content": null,
            "content_disposition": "",
            "content_encoding": "",
            "content_language": "",
            "content_type": "text/plain; charset=utf-8",
            "crc32c": "AAAAAA==",
            "customer_encryption": [],
            "detect_md5hash": "1B2M2Y8AsgTpgAmY7PhCfg==",
            "event_based_hold": false,
            "id": "us-central1-oda-36819656457-5a663f05-bucket-pyspark/chicago-crimes-analytics/curate_crimes.py",
            "kms_key_name": "",
            "md5hash": "1B2M2Y8AsgTpgAmY7PhCfg==",
            "media_link": "https://storage.googleapis.com/download/storage/v1/b/us-central1-oda-36819656457-5a663f05-bucket/o/pyspark%2Fchicago-crimes-analytics%2Fcurate_crimes.py?generation=1674692845858187\u0026alt=media",
            "metadata": null,
            "name": "pyspark/chicago-crimes-analytics/curate_crimes.py",
            "output_name": "pyspark/chicago-crimes-analytics/curate_crimes.py",
            "self_link": "https://www.googleapis.com/storage/v1/b/us-central1-oda-36819656457-5a663f05-bucket/o/pyspark%2Fchicago-crimes-analytics%2Fcurate_crimes.py",
            "source": "./../scripts/pyspark/chicago-crimes-analytics/curate_crimes.py",
            "storage_class": "STANDARD",
            "temporary_hold": false,
            "timeouts": null
          },
          "sensitive_attributes": [],
          "private": "eyJlMmJmYjczMC1lY2FhLTExZTYtOGY4OC0zNDM2M2JjN2M0YzAiOnsiY3JlYXRlIjoyNDAwMDAwMDAwMDAsImRlbGV0ZSI6MjQwMDAwMDAwMDAwLCJ1cGRhdGUiOjI0MDAwMDAwMDAwMH19",
          "dependencies": [
            "google_composer_environment.create_cloud_composer_env",
            "time_sleep.sleep_after_composer_creation",
            "time_sleep.sleep_after_network_and_firewall_creation"
          ]
        },
        {
          "index_key": "../scripts/spark-sql/retail-transactions-anomaly-detection/retail-transactions-anomaly-detection.sql",
          "schema_version": 0,
          "attributes": {
            "bucket": "us-central1-oda-36819656457-5a663f05-bucket",
            "cache_control": "",
            "content": null,
            "content_disposition": "",
            "content_encoding": "",
            "content_language": "",
            "content_type": "text/plain; charset=utf-8",
            "crc32c": "HDTsOw==",
            "customer_encryption": [],
            "detect_md5hash": "i991GyDy2dMXNG41wJrypw==",
            "event_based_hold": false,
            "id": "us-central1-oda-36819656457-5a663f05-bucket-spark-sql/retail-transactions-anomaly-detection/retail-transactions-anomaly-detection.sql",
            "kms_key_name": "",
            "md5hash": "i991GyDy2dMXNG41wJrypw==",
            "media_link": "https://storage.googleapis.com/download/storage/v1/b/us-central1-oda-36819656457-5a663f05-bucket/o/spark-sql%2Fretail-transactions-anomaly-detection%2Fretail-transactions-anomaly-detection.sql?generation=1674692845866766\u0026alt=media",
            "metadata": null,
            "name": "spark-sql/retail-transactions-anomaly-detection/retail-transactions-anomaly-detection.sql",
            "output_name": "spark-sql/retail-transactions-anomaly-detection/retail-transactions-anomaly-detection.sql",
            "self_link": "https://www.googleapis.com/storage/v1/b/us-central1-oda-36819656457-5a663f05-bucket/o/spark-sql%2Fretail-transactions-anomaly-detection%2Fretail-transactions-anomaly-detection.sql",
            "source": "./../scripts/spark-sql/retail-transactions-anomaly-detection/retail-transactions-anomaly-detection.sql",
            "storage_class": "STANDARD",
            "temporary_hold": false,
            "timeouts": null
          },
          "sensitive_attributes": [],
          "private": "eyJlMmJmYjczMC1lY2FhLTExZTYtOGY4OC0zNDM2M2JjN2M0YzAiOnsiY3JlYXRlIjoyNDAwMDAwMDAwMDAsImRlbGV0ZSI6MjQwMDAwMDAwMDAwLCJ1cGRhdGUiOjI0MDAwMDAwMDAwMH19",
          "dependencies": [
            "google_composer_environment.create_cloud_composer_env",
            "time_sleep.sleep_after_composer_creation",
            "time_sleep.sleep_after_network_and_firewall_creation"
          ]
        }
      ]
    },
    {
      "mode": "managed",
      "type": "google_storage_bucket_object",
      "name": "upload_to_gcs_code_raw",
      "provider": "provider[\"registry.terraform.io/hashicorp/google\"]",
      "instances": [
        {
          "index_key": "../scripts/airflow/chicago-crimes-analytics/bq_lineage_pipeline.py",
          "schema_version": 0,
          "attributes": {
            "bucket": "oda-raw-code-36819656457",
            "cache_control": "",
            "content": null,
            "content_disposition": "",
            "content_encoding": "",
            "content_language": "",
            "content_type": "text/plain; charset=utf-8",
            "crc32c": "s/njZg==",
            "customer_encryption": [],
            "detect_md5hash": "PUmtLUy6BdlyvEL1zSTd3g==",
            "event_based_hold": false,
            "id": "oda-raw-code-36819656457-airflow/chicago-crimes-analytics/bq_lineage_pipeline.py",
            "kms_key_name": "",
            "md5hash": "PUmtLUy6BdlyvEL1zSTd3g==",
            "media_link": "https://storage.googleapis.com/download/storage/v1/b/oda-raw-code-36819656457/o/airflow%2Fchicago-crimes-analytics%2Fbq_lineage_pipeline.py?generation=1674691329476434\u0026alt=media",
            "metadata": null,
            "name": "airflow/chicago-crimes-analytics/bq_lineage_pipeline.py",
            "output_name": "airflow/chicago-crimes-analytics/bq_lineage_pipeline.py",
            "self_link": "https://www.googleapis.com/storage/v1/b/oda-raw-code-36819656457/o/airflow%2Fchicago-crimes-analytics%2Fbq_lineage_pipeline.py",
            "source": "./../scripts/airflow/chicago-crimes-analytics/bq_lineage_pipeline.py",
            "storage_class": "STANDARD",
            "temporary_hold": false,
            "timeouts": null
          },
          "sensitive_attributes": [],
          "private": "eyJlMmJmYjczMC1lY2FhLTExZTYtOGY4OC0zNDM2M2JjN2M0YzAiOnsiY3JlYXRlIjoyNDAwMDAwMDAwMDAsImRlbGV0ZSI6MjQwMDAwMDAwMDAwLCJ1cGRhdGUiOjI0MDAwMDAwMDAwMH19",
          "dependencies": [
            "time_sleep.sleep_after_bucket_creation"
          ]
        },
        {
          "index_key": "../scripts/airflow/chicago-crimes-analytics/spark_lineage_pipeline.py",
          "schema_version": 0,
          "attributes": {
            "bucket": "oda-raw-code-36819656457",
            "cache_control": "",
            "content": null,
            "content_disposition": "",
            "content_encoding": "",
            "content_language": "",
            "content_type": "text/plain; charset=utf-8",
            "crc32c": "AAAAAA==",
            "customer_encryption": [],
            "detect_md5hash": "1B2M2Y8AsgTpgAmY7PhCfg==",
            "event_based_hold": false,
            "id": "oda-raw-code-36819656457-airflow/chicago-crimes-analytics/spark_lineage_pipeline.py",
            "kms_key_name": "",
            "md5hash": "1B2M2Y8AsgTpgAmY7PhCfg==",
            "media_link": "https://storage.googleapis.com/download/storage/v1/b/oda-raw-code-36819656457/o/airflow%2Fchicago-crimes-analytics%2Fspark_lineage_pipeline.py?generation=1674691329476534\u0026alt=media",
            "metadata": null,
            "name": "airflow/chicago-crimes-analytics/spark_lineage_pipeline.py",
            "output_name": "airflow/chicago-crimes-analytics/spark_lineage_pipeline.py",
            "self_link": "https://www.googleapis.com/storage/v1/b/oda-raw-code-36819656457/o/airflow%2Fchicago-crimes-analytics%2Fspark_lineage_pipeline.py",
            "source": "./../scripts/airflow/chicago-crimes-analytics/spark_lineage_pipeline.py",
            "storage_class": "STANDARD",
            "temporary_hold": false,
            "timeouts": null
          },
          "sensitive_attributes": [],
          "private": "eyJlMmJmYjczMC1lY2FhLTExZTYtOGY4OC0zNDM2M2JjN2M0YzAiOnsiY3JlYXRlIjoyNDAwMDAwMDAwMDAsImRlbGV0ZSI6MjQwMDAwMDAwMDAwLCJ1cGRhdGUiOjI0MDAwMDAwMDAwMH19",
          "dependencies": [
            "time_sleep.sleep_after_bucket_creation"
          ]
        },
        {
          "index_key": "../scripts/pyspark/chicago-crimes-analytics/crimes_by_year.py",
          "schema_version": 0,
          "attributes": {
            "bucket": "oda-raw-code-36819656457",
            "cache_control": "",
            "content": null,
            "content_disposition": "",
            "content_encoding": "",
            "content_language": "",
            "content_type": "text/plain; charset=utf-8",
            "crc32c": "AAAAAA==",
            "customer_encryption": [],
            "detect_md5hash": "1B2M2Y8AsgTpgAmY7PhCfg==",
            "event_based_hold": false,
            "id": "oda-raw-code-36819656457-pyspark/chicago-crimes-analytics/crimes_by_year.py",
            "kms_key_name": "",
            "md5hash": "1B2M2Y8AsgTpgAmY7PhCfg==",
            "media_link": "https://storage.googleapis.com/download/storage/v1/b/oda-raw-code-36819656457/o/pyspark%2Fchicago-crimes-analytics%2Fcrimes_by_year.py?generation=1674670982470490\u0026alt=media",
            "metadata": {},
            "name": "pyspark/chicago-crimes-analytics/crimes_by_year.py",
            "output_name": "pyspark/chicago-crimes-analytics/crimes_by_year.py",
            "self_link": "https://www.googleapis.com/storage/v1/b/oda-raw-code-36819656457/o/pyspark%2Fchicago-crimes-analytics%2Fcrimes_by_year.py",
            "source": "./../scripts/pyspark/chicago-crimes-analytics/crimes_by_year.py",
            "storage_class": "STANDARD",
            "temporary_hold": false,
            "timeouts": null
          },
          "sensitive_attributes": [],
          "private": "eyJlMmJmYjczMC1lY2FhLTExZTYtOGY4OC0zNDM2M2JjN2M0YzAiOnsiY3JlYXRlIjoyNDAwMDAwMDAwMDAsImRlbGV0ZSI6MjQwMDAwMDAwMDAwLCJ1cGRhdGUiOjI0MDAwMDAwMDAwMH19",
          "dependencies": [
            "google_project_organization_policy.bool-policies",
            "google_project_organization_policy.list_policies",
            "google_storage_bucket.dew_bundle_bucket_creation",
            "google_storage_bucket.dew_code_bucket_creation",
            "google_storage_bucket.dew_data_bucket_consumption_creation",
            "google_storage_bucket.dew_data_bucket_curated_creation",
            "google_storage_bucket.dew_data_bucket_raw_creation",
            "google_storage_bucket.dew_metrics_bucket_creation",
            "google_storage_bucket.dew_model_bucket_creation",
            "google_storage_bucket.dew_notebook_bucket_creation",
            "google_storage_bucket.dew_spark_bucket_creation",
            "module.activate_service_apis.data.google_compute_default_service_account.default",
            "module.activate_service_apis.google_project_iam_member.project_service_identity_roles",
            "module.activate_service_apis.google_project_service.project_services",
            "module.activate_service_apis.google_project_service_identity.project_service_identities",
            "module.administrator_role_grants.google_project_iam_binding.project_iam_authoritative",
            "module.administrator_role_grants.google_project_iam_member.project_iam_additive",
            "module.gmsa_role_grants_cc.google_project_iam_member.project_iam_member",
            "module.gmsa_role_grants_gce.google_project_iam_member.project_iam_member",
            "module.umsa_creation.google_billing_account_iam_member.billing_user",
            "module.umsa_creation.google_organization_iam_member.billing_user",
            "module.umsa_creation.google_organization_iam_member.organization_viewer",
            "module.umsa_creation.google_organization_iam_member.xpn_admin",
            "module.umsa_creation.google_project_iam_member.project-roles",
            "module.umsa_creation.google_service_account.service_accounts",
            "module.umsa_creation.google_service_account_key.keys",
            "module.umsa_impersonate_privs_to_admin.google_service_account_iam_binding.service_account_iam_authoritative",
            "module.umsa_impersonate_privs_to_admin.google_service_account_iam_member.service_account_iam_additive",
            "module.umsa_role_grants.google_project_iam_member.project_iam_member",
            "time_sleep.sleep_after_activate_service_apis",
            "time_sleep.sleep_after_apis_and_org_policies",
            "time_sleep.sleep_after_bucket_creation",
            "time_sleep.sleep_after_identities_permissions"
          ]
        },
        {
          "index_key": "../scripts/pyspark/chicago-crimes-analytics/crimes_by_year_and_type.py",
          "schema_version": 0,
          "attributes": {
            "bucket": "oda-raw-code-36819656457",
            "cache_control": "",
            "content": null,
            "content_disposition": "",
            "content_encoding": "",
            "content_language": "",
            "content_type": "text/plain; charset=utf-8",
            "crc32c": "AAAAAA==",
            "customer_encryption": [],
            "detect_md5hash": "1B2M2Y8AsgTpgAmY7PhCfg==",
            "event_based_hold": false,
            "id": "oda-raw-code-36819656457-pyspark/chicago-crimes-analytics/crimes_by_year_and_type.py",
            "kms_key_name": "",
            "md5hash": "1B2M2Y8AsgTpgAmY7PhCfg==",
            "media_link": "https://storage.googleapis.com/download/storage/v1/b/oda-raw-code-36819656457/o/pyspark%2Fchicago-crimes-analytics%2Fcrimes_by_year_and_type.py?generation=1674670982262102\u0026alt=media",
            "metadata": {},
            "name": "pyspark/chicago-crimes-analytics/crimes_by_year_and_type.py",
            "output_name": "pyspark/chicago-crimes-analytics/crimes_by_year_and_type.py",
            "self_link": "https://www.googleapis.com/storage/v1/b/oda-raw-code-36819656457/o/pyspark%2Fchicago-crimes-analytics%2Fcrimes_by_year_and_type.py",
            "source": "./../scripts/pyspark/chicago-crimes-analytics/crimes_by_year_and_type.py",
            "storage_class": "STANDARD",
            "temporary_hold": false,
            "timeouts": null
          },
          "sensitive_attributes": [],
          "private": "eyJlMmJmYjczMC1lY2FhLTExZTYtOGY4OC0zNDM2M2JjN2M0YzAiOnsiY3JlYXRlIjoyNDAwMDAwMDAwMDAsImRlbGV0ZSI6MjQwMDAwMDAwMDAwLCJ1cGRhdGUiOjI0MDAwMDAwMDAwMH19",
          "dependencies": [
            "google_project_organization_policy.bool-policies",
            "google_project_organization_policy.list_policies",
            "google_storage_bucket.dew_bundle_bucket_creation",
            "google_storage_bucket.dew_code_bucket_creation",
            "google_storage_bucket.dew_data_bucket_consumption_creation",
            "google_storage_bucket.dew_data_bucket_curated_creation",
            "google_storage_bucket.dew_data_bucket_raw_creation",
            "google_storage_bucket.dew_metrics_bucket_creation",
            "google_storage_bucket.dew_model_bucket_creation",
            "google_storage_bucket.dew_notebook_bucket_creation",
            "google_storage_bucket.dew_spark_bucket_creation",
            "module.activate_service_apis.data.google_compute_default_service_account.default",
            "module.activate_service_apis.google_project_iam_member.project_service_identity_roles",
            "module.activate_service_apis.google_project_service.project_services",
            "module.activate_service_apis.google_project_service_identity.project_service_identities",
            "module.administrator_role_grants.google_project_iam_binding.project_iam_authoritative",
            "module.administrator_role_grants.google_project_iam_member.project_iam_additive",
            "module.gmsa_role_grants_cc.google_project_iam_member.project_iam_member",
            "module.gmsa_role_grants_gce.google_project_iam_member.project_iam_member",
            "module.umsa_creation.google_billing_account_iam_member.billing_user",
            "module.umsa_creation.google_organization_iam_member.billing_user",
            "module.umsa_creation.google_organization_iam_member.organization_viewer",
            "module.umsa_creation.google_organization_iam_member.xpn_admin",
            "module.umsa_creation.google_project_iam_member.project-roles",
            "module.umsa_creation.google_service_account.service_accounts",
            "module.umsa_creation.google_service_account_key.keys",
            "module.umsa_impersonate_privs_to_admin.google_service_account_iam_binding.service_account_iam_authoritative",
            "module.umsa_impersonate_privs_to_admin.google_service_account_iam_member.service_account_iam_additive",
            "module.umsa_role_grants.google_project_iam_member.project_iam_member",
            "time_sleep.sleep_after_activate_service_apis",
            "time_sleep.sleep_after_apis_and_org_policies",
            "time_sleep.sleep_after_bucket_creation",
            "time_sleep.sleep_after_identities_permissions"
          ]
        },
        {
          "index_key": "../scripts/pyspark/chicago-crimes-analytics/curate_crimes.py",
          "schema_version": 0,
          "attributes": {
            "bucket": "oda-raw-code-36819656457",
            "cache_control": "",
            "content": null,
            "content_disposition": "",
            "content_encoding": "",
            "content_language": "",
            "content_type": "text/plain; charset=utf-8",
            "crc32c": "AAAAAA==",
            "customer_encryption": [],
            "detect_md5hash": "1B2M2Y8AsgTpgAmY7PhCfg==",
            "event_based_hold": false,
            "id": "oda-raw-code-36819656457-pyspark/chicago-crimes-analytics/curate_crimes.py",
            "kms_key_name": "",
            "md5hash": "1B2M2Y8AsgTpgAmY7PhCfg==",
            "media_link": "https://storage.googleapis.com/download/storage/v1/b/oda-raw-code-36819656457/o/pyspark%2Fchicago-crimes-analytics%2Fcurate_crimes.py?generation=1674670982351168\u0026alt=media",
            "metadata": {},
            "name": "pyspark/chicago-crimes-analytics/curate_crimes.py",
            "output_name": "pyspark/chicago-crimes-analytics/curate_crimes.py",
            "self_link": "https://www.googleapis.com/storage/v1/b/oda-raw-code-36819656457/o/pyspark%2Fchicago-crimes-analytics%2Fcurate_crimes.py",
            "source": "./../scripts/pyspark/chicago-crimes-analytics/curate_crimes.py",
            "storage_class": "STANDARD",
            "temporary_hold": false,
            "timeouts": null
          },
          "sensitive_attributes": [],
          "private": "eyJlMmJmYjczMC1lY2FhLTExZTYtOGY4OC0zNDM2M2JjN2M0YzAiOnsiY3JlYXRlIjoyNDAwMDAwMDAwMDAsImRlbGV0ZSI6MjQwMDAwMDAwMDAwLCJ1cGRhdGUiOjI0MDAwMDAwMDAwMH19",
          "dependencies": [
            "google_project_organization_policy.bool-policies",
            "google_project_organization_policy.list_policies",
            "google_storage_bucket.dew_bundle_bucket_creation",
            "google_storage_bucket.dew_code_bucket_creation",
            "google_storage_bucket.dew_data_bucket_consumption_creation",
            "google_storage_bucket.dew_data_bucket_curated_creation",
            "google_storage_bucket.dew_data_bucket_raw_creation",
            "google_storage_bucket.dew_metrics_bucket_creation",
            "google_storage_bucket.dew_model_bucket_creation",
            "google_storage_bucket.dew_notebook_bucket_creation",
            "google_storage_bucket.dew_spark_bucket_creation",
            "module.activate_service_apis.data.google_compute_default_service_account.default",
            "module.activate_service_apis.google_project_iam_member.project_service_identity_roles",
            "module.activate_service_apis.google_project_service.project_services",
            "module.activate_service_apis.google_project_service_identity.project_service_identities",
            "module.administrator_role_grants.google_project_iam_binding.project_iam_authoritative",
            "module.administrator_role_grants.google_project_iam_member.project_iam_additive",
            "module.gmsa_role_grants_cc.google_project_iam_member.project_iam_member",
            "module.gmsa_role_grants_gce.google_project_iam_member.project_iam_member",
            "module.umsa_creation.google_billing_account_iam_member.billing_user",
            "module.umsa_creation.google_organization_iam_member.billing_user",
            "module.umsa_creation.google_organization_iam_member.organization_viewer",
            "module.umsa_creation.google_organization_iam_member.xpn_admin",
            "module.umsa_creation.google_project_iam_member.project-roles",
            "module.umsa_creation.google_service_account.service_accounts",
            "module.umsa_creation.google_service_account_key.keys",
            "module.umsa_impersonate_privs_to_admin.google_service_account_iam_binding.service_account_iam_authoritative",
            "module.umsa_impersonate_privs_to_admin.google_service_account_iam_member.service_account_iam_additive",
            "module.umsa_role_grants.google_project_iam_member.project_iam_member",
            "time_sleep.sleep_after_activate_service_apis",
            "time_sleep.sleep_after_apis_and_org_policies",
            "time_sleep.sleep_after_bucket_creation",
            "time_sleep.sleep_after_identities_permissions"
          ]
        },
        {
          "index_key": "../scripts/spark-sql/retail-transactions-anomaly-detection/retail-transactions-anomaly-detection.sql",
          "schema_version": 0,
          "attributes": {
            "bucket": "oda-raw-code-36819656457",
            "cache_control": "",
            "content": null,
            "content_disposition": "",
            "content_encoding": "",
            "content_language": "",
            "content_type": "text/plain; charset=utf-8",
            "crc32c": "HDTsOw==",
            "customer_encryption": [],
            "detect_md5hash": "i991GyDy2dMXNG41wJrypw==",
            "event_based_hold": false,
            "id": "oda-raw-code-36819656457-spark-sql/retail-transactions-anomaly-detection/retail-transactions-anomaly-detection.sql",
            "kms_key_name": "",
            "md5hash": "i991GyDy2dMXNG41wJrypw==",
            "media_link": "https://storage.googleapis.com/download/storage/v1/b/oda-raw-code-36819656457/o/spark-sql%2Fretail-transactions-anomaly-detection%2Fretail-transactions-anomaly-detection.sql?generation=1674691329464817\u0026alt=media",
            "metadata": null,
            "name": "spark-sql/retail-transactions-anomaly-detection/retail-transactions-anomaly-detection.sql",
            "output_name": "spark-sql/retail-transactions-anomaly-detection/retail-transactions-anomaly-detection.sql",
            "self_link": "https://www.googleapis.com/storage/v1/b/oda-raw-code-36819656457/o/spark-sql%2Fretail-transactions-anomaly-detection%2Fretail-transactions-anomaly-detection.sql",
            "source": "./../scripts/spark-sql/retail-transactions-anomaly-detection/retail-transactions-anomaly-detection.sql",
            "storage_class": "STANDARD",
            "temporary_hold": false,
            "timeouts": null
          },
          "sensitive_attributes": [],
          "private": "eyJlMmJmYjczMC1lY2FhLTExZTYtOGY4OC0zNDM2M2JjN2M0YzAiOnsiY3JlYXRlIjoyNDAwMDAwMDAwMDAsImRlbGV0ZSI6MjQwMDAwMDAwMDAwLCJ1cGRhdGUiOjI0MDAwMDAwMDAwMH19",
          "dependencies": [
            "time_sleep.sleep_after_bucket_creation"
          ]
        }
      ]
    },
    {
      "mode": "managed",
      "type": "google_storage_bucket_object",
      "name": "upload_to_gcs_datasets_curated",
      "provider": "provider[\"registry.terraform.io/hashicorp/google\"]",
      "instances": [
        {
          "index_key": "../datasets/retail-transactions-anomaly-detection/sales.parquet",
          "schema_version": 0,
          "attributes": {
            "bucket": "oda-curated-data-36819656457",
            "cache_control": "",
            "content": null,
            "content_disposition": "",
            "content_encoding": "",
            "content_language": "",
            "content_type": "application/octet-stream",
            "crc32c": "/cYwuA==",
            "customer_encryption": [],
            "detect_md5hash": "TgyVmzMvQI1ka+g7HgDVpQ==",
            "event_based_hold": false,
            "id": "oda-curated-data-36819656457-retail-transactions-anomaly-detection/sales.parquet",
            "kms_key_name": "",
            "md5hash": "TgyVmzMvQI1ka+g7HgDVpQ==",
            "media_link": "https://storage.googleapis.com/download/storage/v1/b/oda-curated-data-36819656457/o/retail-transactions-anomaly-detection%2Fsales.parquet?generation=1674677845245521\u0026alt=media",
            "metadata": {},
            "name": "retail-transactions-anomaly-detection/sales.parquet",
            "output_name": "retail-transactions-anomaly-detection/sales.parquet",
            "self_link": "https://www.googleapis.com/storage/v1/b/oda-curated-data-36819656457/o/retail-transactions-anomaly-detection%2Fsales.parquet",
            "source": "./../datasets/retail-transactions-anomaly-detection/sales.parquet",
            "storage_class": "STANDARD",
            "temporary_hold": false,
            "timeouts": null
          },
          "sensitive_attributes": [],
          "private": "eyJlMmJmYjczMC1lY2FhLTExZTYtOGY4OC0zNDM2M2JjN2M0YzAiOnsiY3JlYXRlIjoyNDAwMDAwMDAwMDAsImRlbGV0ZSI6MjQwMDAwMDAwMDAwLCJ1cGRhdGUiOjI0MDAwMDAwMDAwMH19",
          "dependencies": [
            "google_project_organization_policy.bool-policies",
            "google_project_organization_policy.list_policies",
            "google_storage_bucket.dew_bundle_bucket_creation",
            "google_storage_bucket.dew_code_bucket_creation",
            "google_storage_bucket.dew_data_bucket_consumption_creation",
            "google_storage_bucket.dew_data_bucket_curated_creation",
            "google_storage_bucket.dew_data_bucket_raw_creation",
            "google_storage_bucket.dew_metrics_bucket_creation",
            "google_storage_bucket.dew_model_bucket_creation",
            "google_storage_bucket.dew_notebook_bucket_creation",
            "google_storage_bucket.dew_spark_bucket_creation",
            "module.activate_service_apis.data.google_compute_default_service_account.default",
            "module.activate_service_apis.google_project_iam_member.project_service_identity_roles",
            "module.activate_service_apis.google_project_service.project_services",
            "module.activate_service_apis.google_project_service_identity.project_service_identities",
            "module.administrator_role_grants.google_project_iam_binding.project_iam_authoritative",
            "module.administrator_role_grants.google_project_iam_member.project_iam_additive",
            "module.gmsa_role_grants_cc.google_project_iam_member.project_iam_member",
            "module.gmsa_role_grants_gce.google_project_iam_member.project_iam_member",
            "module.umsa_creation.google_billing_account_iam_member.billing_user",
            "module.umsa_creation.google_organization_iam_member.billing_user",
            "module.umsa_creation.google_organization_iam_member.organization_viewer",
            "module.umsa_creation.google_organization_iam_member.xpn_admin",
            "module.umsa_creation.google_project_iam_member.project-roles",
            "module.umsa_creation.google_service_account.service_accounts",
            "module.umsa_creation.google_service_account_key.keys",
            "module.umsa_impersonate_privs_to_admin.google_service_account_iam_binding.service_account_iam_authoritative",
            "module.umsa_impersonate_privs_to_admin.google_service_account_iam_member.service_account_iam_additive",
            "module.umsa_role_grants.google_project_iam_member.project_iam_member",
            "time_sleep.sleep_after_activate_service_apis",
            "time_sleep.sleep_after_apis_and_org_policies",
            "time_sleep.sleep_after_bucket_creation",
            "time_sleep.sleep_after_identities_permissions"
          ]
        }
      ]
    },
    {
      "mode": "managed",
      "type": "google_storage_bucket_object",
      "name": "upload_to_gcs_datasets_raw",
      "provider": "provider[\"registry.terraform.io/hashicorp/google\"]",
      "instances": [
        {
          "index_key": "../datasets/icecream-sales-forecasting/icecream_sales.csv",
          "schema_version": 0,
          "attributes": {
            "bucket": "oda-raw-data-36819656457",
            "cache_control": "",
            "content": null,
            "content_disposition": "",
            "content_encoding": "",
            "content_language": "",
            "content_type": "text/plain; charset=utf-8",
            "crc32c": "1Bv2Ag==",
            "customer_encryption": [],
            "detect_md5hash": "3zwnPCfseHvOFoRYKGcSrw==",
            "event_based_hold": false,
            "id": "oda-raw-data-36819656457-icecream-sales-forecasting/icecream_sales.csv",
            "kms_key_name": "",
            "md5hash": "3zwnPCfseHvOFoRYKGcSrw==",
            "media_link": "https://storage.googleapis.com/download/storage/v1/b/oda-raw-data-36819656457/o/icecream-sales-forecasting%2Ficecream_sales.csv?generation=1674670982510815\u0026alt=media",
            "metadata": {},
            "name": "icecream-sales-forecasting/icecream_sales.csv",
            "output_name": "icecream-sales-forecasting/icecream_sales.csv",
            "self_link": "https://www.googleapis.com/storage/v1/b/oda-raw-data-36819656457/o/icecream-sales-forecasting%2Ficecream_sales.csv",
            "source": "./../datasets/icecream-sales-forecasting/icecream_sales.csv",
            "storage_class": "STANDARD",
            "temporary_hold": false,
            "timeouts": null
          },
          "sensitive_attributes": [],
          "private": "eyJlMmJmYjczMC1lY2FhLTExZTYtOGY4OC0zNDM2M2JjN2M0YzAiOnsiY3JlYXRlIjoyNDAwMDAwMDAwMDAsImRlbGV0ZSI6MjQwMDAwMDAwMDAwLCJ1cGRhdGUiOjI0MDAwMDAwMDAwMH19",
          "dependencies": [
            "google_project_organization_policy.bool-policies",
            "google_project_organization_policy.list_policies",
            "google_storage_bucket.dew_bundle_bucket_creation",
            "google_storage_bucket.dew_code_bucket_creation",
            "google_storage_bucket.dew_data_bucket_consumption_creation",
            "google_storage_bucket.dew_data_bucket_curated_creation",
            "google_storage_bucket.dew_data_bucket_raw_creation",
            "google_storage_bucket.dew_metrics_bucket_creation",
            "google_storage_bucket.dew_model_bucket_creation",
            "google_storage_bucket.dew_notebook_bucket_creation",
            "google_storage_bucket.dew_spark_bucket_creation",
            "module.activate_service_apis.data.google_compute_default_service_account.default",
            "module.activate_service_apis.google_project_iam_member.project_service_identity_roles",
            "module.activate_service_apis.google_project_service.project_services",
            "module.activate_service_apis.google_project_service_identity.project_service_identities",
            "module.administrator_role_grants.google_project_iam_binding.project_iam_authoritative",
            "module.administrator_role_grants.google_project_iam_member.project_iam_additive",
            "module.gmsa_role_grants_cc.google_project_iam_member.project_iam_member",
            "module.gmsa_role_grants_gce.google_project_iam_member.project_iam_member",
            "module.umsa_creation.google_billing_account_iam_member.billing_user",
            "module.umsa_creation.google_organization_iam_member.billing_user",
            "module.umsa_creation.google_organization_iam_member.organization_viewer",
            "module.umsa_creation.google_organization_iam_member.xpn_admin",
            "module.umsa_creation.google_project_iam_member.project-roles",
            "module.umsa_creation.google_service_account.service_accounts",
            "module.umsa_creation.google_service_account_key.keys",
            "module.umsa_impersonate_privs_to_admin.google_service_account_iam_binding.service_account_iam_authoritative",
            "module.umsa_impersonate_privs_to_admin.google_service_account_iam_member.service_account_iam_additive",
            "module.umsa_role_grants.google_project_iam_member.project_iam_member",
            "time_sleep.sleep_after_activate_service_apis",
            "time_sleep.sleep_after_apis_and_org_policies",
            "time_sleep.sleep_after_bucket_creation",
            "time_sleep.sleep_after_identities_permissions"
          ]
        },
        {
          "index_key": "../datasets/telco-customer-churn-prediction/customer_churn_score_data.csv",
          "schema_version": 0,
          "attributes": {
            "bucket": "oda-raw-data-36819656457",
            "cache_control": "",
            "content": null,
            "content_disposition": "",
            "content_encoding": "",
            "content_language": "",
            "content_type": "text/plain; charset=utf-8",
            "crc32c": "kgHjRw==",
            "customer_encryption": [],
            "detect_md5hash": "kGuPBOiN8LEgu3DTBOX+xg==",
            "event_based_hold": false,
            "id": "oda-raw-data-36819656457-telco-customer-churn-prediction/customer_churn_score_data.csv",
            "kms_key_name": "",
            "md5hash": "kGuPBOiN8LEgu3DTBOX+xg==",
            "media_link": "https://storage.googleapis.com/download/storage/v1/b/oda-raw-data-36819656457/o/telco-customer-churn-prediction%2Fcustomer_churn_score_data.csv?generation=1674670982290386\u0026alt=media",
            "metadata": {},
            "name": "telco-customer-churn-prediction/customer_churn_score_data.csv",
            "output_name": "telco-customer-churn-prediction/customer_churn_score_data.csv",
            "self_link": "https://www.googleapis.com/storage/v1/b/oda-raw-data-36819656457/o/telco-customer-churn-prediction%2Fcustomer_churn_score_data.csv",
            "source": "./../datasets/telco-customer-churn-prediction/customer_churn_score_data.csv",
            "storage_class": "STANDARD",
            "temporary_hold": false,
            "timeouts": null
          },
          "sensitive_attributes": [],
          "private": "eyJlMmJmYjczMC1lY2FhLTExZTYtOGY4OC0zNDM2M2JjN2M0YzAiOnsiY3JlYXRlIjoyNDAwMDAwMDAwMDAsImRlbGV0ZSI6MjQwMDAwMDAwMDAwLCJ1cGRhdGUiOjI0MDAwMDAwMDAwMH19",
          "dependencies": [
            "google_project_organization_policy.bool-policies",
            "google_project_organization_policy.list_policies",
            "google_storage_bucket.dew_bundle_bucket_creation",
            "google_storage_bucket.dew_code_bucket_creation",
            "google_storage_bucket.dew_data_bucket_consumption_creation",
            "google_storage_bucket.dew_data_bucket_curated_creation",
            "google_storage_bucket.dew_data_bucket_raw_creation",
            "google_storage_bucket.dew_metrics_bucket_creation",
            "google_storage_bucket.dew_model_bucket_creation",
            "google_storage_bucket.dew_notebook_bucket_creation",
            "google_storage_bucket.dew_spark_bucket_creation",
            "module.activate_service_apis.data.google_compute_default_service_account.default",
            "module.activate_service_apis.google_project_iam_member.project_service_identity_roles",
            "module.activate_service_apis.google_project_service.project_services",
            "module.activate_service_apis.google_project_service_identity.project_service_identities",
            "module.administrator_role_grants.google_project_iam_binding.project_iam_authoritative",
            "module.administrator_role_grants.google_project_iam_member.project_iam_additive",
            "module.gmsa_role_grants_cc.google_project_iam_member.project_iam_member",
            "module.gmsa_role_grants_gce.google_project_iam_member.project_iam_member",
            "module.umsa_creation.google_billing_account_iam_member.billing_user",
            "module.umsa_creation.google_organization_iam_member.billing_user",
            "module.umsa_creation.google_organization_iam_member.organization_viewer",
            "module.umsa_creation.google_organization_iam_member.xpn_admin",
            "module.umsa_creation.google_project_iam_member.project-roles",
            "module.umsa_creation.google_service_account.service_accounts",
            "module.umsa_creation.google_service_account_key.keys",
            "module.umsa_impersonate_privs_to_admin.google_service_account_iam_binding.service_account_iam_authoritative",
            "module.umsa_impersonate_privs_to_admin.google_service_account_iam_member.service_account_iam_additive",
            "module.umsa_role_grants.google_project_iam_member.project_iam_member",
            "time_sleep.sleep_after_activate_service_apis",
            "time_sleep.sleep_after_apis_and_org_policies",
            "time_sleep.sleep_after_bucket_creation",
            "time_sleep.sleep_after_identities_permissions"
          ]
        },
        {
          "index_key": "../datasets/telco-customer-churn-prediction/customer_churn_train_data.csv",
          "schema_version": 0,
          "attributes": {
            "bucket": "oda-raw-data-36819656457",
            "cache_control": "",
            "content": null,
            "content_disposition": "",
            "content_encoding": "",
            "content_language": "",
            "content_type": "text/plain; charset=utf-8",
            "crc32c": "t7q/Fw==",
            "customer_encryption": [],
            "detect_md5hash": "Owv6soqBAbTk/dCAJaXCNQ==",
            "event_based_hold": false,
            "id": "oda-raw-data-36819656457-telco-customer-churn-prediction/customer_churn_train_data.csv",
            "kms_key_name": "",
            "md5hash": "Owv6soqBAbTk/dCAJaXCNQ==",
            "media_link": "https://storage.googleapis.com/download/storage/v1/b/oda-raw-data-36819656457/o/telco-customer-churn-prediction%2Fcustomer_churn_train_data.csv?generation=1674670982289745\u0026alt=media",
            "metadata": {},
            "name": "telco-customer-churn-prediction/customer_churn_train_data.csv",
            "output_name": "telco-customer-churn-prediction/customer_churn_train_data.csv",
            "self_link": "https://www.googleapis.com/storage/v1/b/oda-raw-data-36819656457/o/telco-customer-churn-prediction%2Fcustomer_churn_train_data.csv",
            "source": "./../datasets/telco-customer-churn-prediction/customer_churn_train_data.csv",
            "storage_class": "STANDARD",
            "temporary_hold": false,
            "timeouts": null
          },
          "sensitive_attributes": [],
          "private": "eyJlMmJmYjczMC1lY2FhLTExZTYtOGY4OC0zNDM2M2JjN2M0YzAiOnsiY3JlYXRlIjoyNDAwMDAwMDAwMDAsImRlbGV0ZSI6MjQwMDAwMDAwMDAwLCJ1cGRhdGUiOjI0MDAwMDAwMDAwMH19",
          "dependencies": [
            "google_project_organization_policy.bool-policies",
            "google_project_organization_policy.list_policies",
            "google_storage_bucket.dew_bundle_bucket_creation",
            "google_storage_bucket.dew_code_bucket_creation",
            "google_storage_bucket.dew_data_bucket_consumption_creation",
            "google_storage_bucket.dew_data_bucket_curated_creation",
            "google_storage_bucket.dew_data_bucket_raw_creation",
            "google_storage_bucket.dew_metrics_bucket_creation",
            "google_storage_bucket.dew_model_bucket_creation",
            "google_storage_bucket.dew_notebook_bucket_creation",
            "google_storage_bucket.dew_spark_bucket_creation",
            "module.activate_service_apis.data.google_compute_default_service_account.default",
            "module.activate_service_apis.google_project_iam_member.project_service_identity_roles",
            "module.activate_service_apis.google_project_service.project_services",
            "module.activate_service_apis.google_project_service_identity.project_service_identities",
            "module.administrator_role_grants.google_project_iam_binding.project_iam_authoritative",
            "module.administrator_role_grants.google_project_iam_member.project_iam_additive",
            "module.gmsa_role_grants_cc.google_project_iam_member.project_iam_member",
            "module.gmsa_role_grants_gce.google_project_iam_member.project_iam_member",
            "module.umsa_creation.google_billing_account_iam_member.billing_user",
            "module.umsa_creation.google_organization_iam_member.billing_user",
            "module.umsa_creation.google_organization_iam_member.organization_viewer",
            "module.umsa_creation.google_organization_iam_member.xpn_admin",
            "module.umsa_creation.google_project_iam_member.project-roles",
            "module.umsa_creation.google_service_account.service_accounts",
            "module.umsa_creation.google_service_account_key.keys",
            "module.umsa_impersonate_privs_to_admin.google_service_account_iam_binding.service_account_iam_authoritative",
            "module.umsa_impersonate_privs_to_admin.google_service_account_iam_member.service_account_iam_additive",
            "module.umsa_role_grants.google_project_iam_member.project_iam_member",
            "time_sleep.sleep_after_activate_service_apis",
            "time_sleep.sleep_after_apis_and_org_policies",
            "time_sleep.sleep_after_bucket_creation",
            "time_sleep.sleep_after_identities_permissions"
          ]
        }
      ]
    },
    {
      "mode": "managed",
      "type": "google_storage_bucket_object",
      "name": "upload_to_gcs_notebooks",
      "provider": "provider[\"registry.terraform.io/hashicorp/google\"]",
      "instances": [
        {
          "index_key": "../notebooks/chicago-crimes-analysis/chicago-crimes-analytics.ipynb",
          "schema_version": 0,
          "attributes": {
            "bucket": "oda-raw-notebook-36819656457",
            "cache_control": "",
            "content": null,
            "content_disposition": "",
            "content_encoding": "",
            "content_language": "",
            "content_type": "text/plain; charset=utf-8",
            "crc32c": "kSFvhw==",
            "customer_encryption": [],
            "detect_md5hash": "hT9XF7honddZeYSQ+J/krw==",
            "event_based_hold": false,
            "id": "oda-raw-notebook-36819656457-chicago-crimes-analysis/chicago-crimes-analytics.ipynb",
            "kms_key_name": "",
            "md5hash": "hT9XF7honddZeYSQ+J/krw==",
            "media_link": "https://storage.googleapis.com/download/storage/v1/b/oda-raw-notebook-36819656457/o/chicago-crimes-analysis%2Fchicago-crimes-analytics.ipynb?generation=1674506962175882\u0026alt=media",
            "metadata": {},
            "name": "chicago-crimes-analysis/chicago-crimes-analytics.ipynb",
            "output_name": "chicago-crimes-analysis/chicago-crimes-analytics.ipynb",
            "self_link": "https://www.googleapis.com/storage/v1/b/oda-raw-notebook-36819656457/o/chicago-crimes-analysis%2Fchicago-crimes-analytics.ipynb",
            "source": "./../notebooks/chicago-crimes-analysis/chicago-crimes-analytics.ipynb",
            "storage_class": "STANDARD",
            "temporary_hold": false,
            "timeouts": null
          },
          "sensitive_attributes": [],
          "private": "eyJlMmJmYjczMC1lY2FhLTExZTYtOGY4OC0zNDM2M2JjN2M0YzAiOnsiY3JlYXRlIjoyNDAwMDAwMDAwMDAsImRlbGV0ZSI6MjQwMDAwMDAwMDAwLCJ1cGRhdGUiOjI0MDAwMDAwMDAwMH19",
          "dependencies": [
            "google_project_organization_policy.bool-policies",
            "google_project_organization_policy.list_policies",
            "google_storage_bucket.dew_bundle_bucket_creation",
            "google_storage_bucket.dew_code_bucket_creation",
            "google_storage_bucket.dew_data_bucket_consumption_creation",
            "google_storage_bucket.dew_data_bucket_curated_creation",
            "google_storage_bucket.dew_data_bucket_raw_creation",
            "google_storage_bucket.dew_metrics_bucket_creation",
            "google_storage_bucket.dew_model_bucket_creation",
            "google_storage_bucket.dew_notebook_bucket_creation",
            "google_storage_bucket.dew_spark_bucket_creation",
            "module.activate_service_apis.data.google_compute_default_service_account.default",
            "module.activate_service_apis.google_project_iam_member.project_service_identity_roles",
            "module.activate_service_apis.google_project_service.project_services",
            "module.activate_service_apis.google_project_service_identity.project_service_identities",
            "module.administrator_role_grants.google_project_iam_binding.project_iam_authoritative",
            "module.administrator_role_grants.google_project_iam_member.project_iam_additive",
            "module.gmsa_role_grants_cc.google_project_iam_member.project_iam_member",
            "module.gmsa_role_grants_gce.google_project_iam_member.project_iam_member",
            "module.umsa_creation.google_billing_account_iam_member.billing_user",
            "module.umsa_creation.google_organization_iam_member.billing_user",
            "module.umsa_creation.google_organization_iam_member.organization_viewer",
            "module.umsa_creation.google_organization_iam_member.xpn_admin",
            "module.umsa_creation.google_project_iam_member.project-roles",
            "module.umsa_creation.google_service_account.service_accounts",
            "module.umsa_creation.google_service_account_key.keys",
            "module.umsa_impersonate_privs_to_admin.google_service_account_iam_binding.service_account_iam_authoritative",
            "module.umsa_impersonate_privs_to_admin.google_service_account_iam_member.service_account_iam_additive",
            "module.umsa_role_grants.google_project_iam_member.project_iam_member",
            "time_sleep.sleep_after_activate_service_apis",
            "time_sleep.sleep_after_apis_and_org_policies",
            "time_sleep.sleep_after_bucket_creation",
            "time_sleep.sleep_after_identities_permissions"
          ]
        },
        {
          "index_key": "../notebooks/icecream-sales-forecasting/icecream-sales-forecasting.ipynb",
          "schema_version": 0,
          "attributes": {
            "bucket": "oda-raw-notebook-36819656457",
            "cache_control": "",
            "content": null,
            "content_disposition": "",
            "content_encoding": "",
            "content_language": "",
            "content_type": "text/plain; charset=utf-8",
            "crc32c": "foqIJg==",
            "customer_encryption": [],
            "detect_md5hash": "Us5dK1VMoSIurbv7pCJDZw==",
            "event_based_hold": false,
            "id": "oda-raw-notebook-36819656457-icecream-sales-forecasting/icecream-sales-forecasting.ipynb",
            "kms_key_name": "",
            "md5hash": "Us5dK1VMoSIurbv7pCJDZw==",
            "media_link": "https://storage.googleapis.com/download/storage/v1/b/oda-raw-notebook-36819656457/o/icecream-sales-forecasting%2Ficecream-sales-forecasting.ipynb?generation=1674506962164257\u0026alt=media",
            "metadata": {},
            "name": "icecream-sales-forecasting/icecream-sales-forecasting.ipynb",
            "output_name": "icecream-sales-forecasting/icecream-sales-forecasting.ipynb",
            "self_link": "https://www.googleapis.com/storage/v1/b/oda-raw-notebook-36819656457/o/icecream-sales-forecasting%2Ficecream-sales-forecasting.ipynb",
            "source": "./../notebooks/icecream-sales-forecasting/icecream-sales-forecasting.ipynb",
            "storage_class": "STANDARD",
            "temporary_hold": false,
            "timeouts": null
          },
          "sensitive_attributes": [],
          "private": "eyJlMmJmYjczMC1lY2FhLTExZTYtOGY4OC0zNDM2M2JjN2M0YzAiOnsiY3JlYXRlIjoyNDAwMDAwMDAwMDAsImRlbGV0ZSI6MjQwMDAwMDAwMDAwLCJ1cGRhdGUiOjI0MDAwMDAwMDAwMH19",
          "dependencies": [
            "google_project_organization_policy.bool-policies",
            "google_project_organization_policy.list_policies",
            "google_storage_bucket.dew_bundle_bucket_creation",
            "google_storage_bucket.dew_code_bucket_creation",
            "google_storage_bucket.dew_data_bucket_consumption_creation",
            "google_storage_bucket.dew_data_bucket_curated_creation",
            "google_storage_bucket.dew_data_bucket_raw_creation",
            "google_storage_bucket.dew_metrics_bucket_creation",
            "google_storage_bucket.dew_model_bucket_creation",
            "google_storage_bucket.dew_notebook_bucket_creation",
            "google_storage_bucket.dew_spark_bucket_creation",
            "module.activate_service_apis.data.google_compute_default_service_account.default",
            "module.activate_service_apis.google_project_iam_member.project_service_identity_roles",
            "module.activate_service_apis.google_project_service.project_services",
            "module.activate_service_apis.google_project_service_identity.project_service_identities",
            "module.administrator_role_grants.google_project_iam_binding.project_iam_authoritative",
            "module.administrator_role_grants.google_project_iam_member.project_iam_additive",
            "module.gmsa_role_grants_cc.google_project_iam_member.project_iam_member",
            "module.gmsa_role_grants_gce.google_project_iam_member.project_iam_member",
            "module.umsa_creation.google_billing_account_iam_member.billing_user",
            "module.umsa_creation.google_organization_iam_member.billing_user",
            "module.umsa_creation.google_organization_iam_member.organization_viewer",
            "module.umsa_creation.google_organization_iam_member.xpn_admin",
            "module.umsa_creation.google_project_iam_member.project-roles",
            "module.umsa_creation.google_service_account.service_accounts",
            "module.umsa_creation.google_service_account_key.keys",
            "module.umsa_impersonate_privs_to_admin.google_service_account_iam_binding.service_account_iam_authoritative",
            "module.umsa_impersonate_privs_to_admin.google_service_account_iam_member.service_account_iam_additive",
            "module.umsa_role_grants.google_project_iam_member.project_iam_member",
            "time_sleep.sleep_after_activate_service_apis",
            "time_sleep.sleep_after_apis_and_org_policies",
            "time_sleep.sleep_after_bucket_creation",
            "time_sleep.sleep_after_identities_permissions"
          ]
        },
        {
          "index_key": "../notebooks/retail-transactions-anomaly-detection/retail-transactions-anomaly-detection.ipynb",
          "schema_version": 0,
          "attributes": {
            "bucket": "oda-raw-notebook-36819656457",
            "cache_control": "",
            "content": null,
            "content_disposition": "",
            "content_encoding": "",
            "content_language": "",
            "content_type": "text/plain; charset=utf-8",
            "crc32c": "U3q6UA==",
            "customer_encryption": [],
            "detect_md5hash": "cQJc9P3NzXoNsCwGpudQ8w==",
            "event_based_hold": false,
            "id": "oda-raw-notebook-36819656457-retail-transactions-anomaly-detection/retail-transactions-anomaly-detection.ipynb",
            "kms_key_name": "",
            "md5hash": "cQJc9P3NzXoNsCwGpudQ8w==",
            "media_link": "https://storage.googleapis.com/download/storage/v1/b/oda-raw-notebook-36819656457/o/retail-transactions-anomaly-detection%2Fretail-transactions-anomaly-detection.ipynb?generation=1674506962169590\u0026alt=media",
            "metadata": {},
            "name": "retail-transactions-anomaly-detection/retail-transactions-anomaly-detection.ipynb",
            "output_name": "retail-transactions-anomaly-detection/retail-transactions-anomaly-detection.ipynb",
            "self_link": "https://www.googleapis.com/storage/v1/b/oda-raw-notebook-36819656457/o/retail-transactions-anomaly-detection%2Fretail-transactions-anomaly-detection.ipynb",
            "source": "./../notebooks/retail-transactions-anomaly-detection/retail-transactions-anomaly-detection.ipynb",
            "storage_class": "STANDARD",
            "temporary_hold": false,
            "timeouts": null
          },
          "sensitive_attributes": [],
          "private": "eyJlMmJmYjczMC1lY2FhLTExZTYtOGY4OC0zNDM2M2JjN2M0YzAiOnsiY3JlYXRlIjoyNDAwMDAwMDAwMDAsImRlbGV0ZSI6MjQwMDAwMDAwMDAwLCJ1cGRhdGUiOjI0MDAwMDAwMDAwMH19",
          "dependencies": [
            "google_project_organization_policy.bool-policies",
            "google_project_organization_policy.list_policies",
            "google_storage_bucket.dew_bundle_bucket_creation",
            "google_storage_bucket.dew_code_bucket_creation",
            "google_storage_bucket.dew_data_bucket_consumption_creation",
            "google_storage_bucket.dew_data_bucket_curated_creation",
            "google_storage_bucket.dew_data_bucket_raw_creation",
            "google_storage_bucket.dew_metrics_bucket_creation",
            "google_storage_bucket.dew_model_bucket_creation",
            "google_storage_bucket.dew_notebook_bucket_creation",
            "google_storage_bucket.dew_spark_bucket_creation",
            "module.activate_service_apis.data.google_compute_default_service_account.default",
            "module.activate_service_apis.google_project_iam_member.project_service_identity_roles",
            "module.activate_service_apis.google_project_service.project_services",
            "module.activate_service_apis.google_project_service_identity.project_service_identities",
            "module.administrator_role_grants.google_project_iam_binding.project_iam_authoritative",
            "module.administrator_role_grants.google_project_iam_member.project_iam_additive",
            "module.gmsa_role_grants_cc.google_project_iam_member.project_iam_member",
            "module.gmsa_role_grants_gce.google_project_iam_member.project_iam_member",
            "module.umsa_creation.google_billing_account_iam_member.billing_user",
            "module.umsa_creation.google_organization_iam_member.billing_user",
            "module.umsa_creation.google_organization_iam_member.organization_viewer",
            "module.umsa_creation.google_organization_iam_member.xpn_admin",
            "module.umsa_creation.google_project_iam_member.project-roles",
            "module.umsa_creation.google_service_account.service_accounts",
            "module.umsa_creation.google_service_account_key.keys",
            "module.umsa_impersonate_privs_to_admin.google_service_account_iam_binding.service_account_iam_authoritative",
            "module.umsa_impersonate_privs_to_admin.google_service_account_iam_member.service_account_iam_additive",
            "module.umsa_role_grants.google_project_iam_member.project_iam_member",
            "time_sleep.sleep_after_activate_service_apis",
            "time_sleep.sleep_after_apis_and_org_policies",
            "time_sleep.sleep_after_bucket_creation",
            "time_sleep.sleep_after_identities_permissions"
          ]
        },
        {
          "index_key": "../notebooks/telco-customer-churn-prediction/batch_scoring.ipynb",
          "schema_version": 0,
          "attributes": {
            "bucket": "oda-raw-notebook-36819656457",
            "cache_control": "",
            "content": null,
            "content_disposition": "",
            "content_encoding": "",
            "content_language": "",
            "content_type": "text/plain; charset=utf-8",
            "crc32c": "CpOmrQ==",
            "customer_encryption": [],
            "detect_md5hash": "nrO4OOGVpS8T6KyC1vvUqQ==",
            "event_based_hold": false,
            "id": "oda-raw-notebook-36819656457-telco-customer-churn-prediction/batch_scoring.ipynb",
            "kms_key_name": "",
            "md5hash": "nrO4OOGVpS8T6KyC1vvUqQ==",
            "media_link": "https://storage.googleapis.com/download/storage/v1/b/oda-raw-notebook-36819656457/o/telco-customer-churn-prediction%2Fbatch_scoring.ipynb?generation=1674506962164648\u0026alt=media",
            "metadata": {},
            "name": "telco-customer-churn-prediction/batch_scoring.ipynb",
            "output_name": "telco-customer-churn-prediction/batch_scoring.ipynb",
            "self_link": "https://www.googleapis.com/storage/v1/b/oda-raw-notebook-36819656457/o/telco-customer-churn-prediction%2Fbatch_scoring.ipynb",
            "source": "./../notebooks/telco-customer-churn-prediction/batch_scoring.ipynb",
            "storage_class": "STANDARD",
            "temporary_hold": false,
            "timeouts": null
          },
          "sensitive_attributes": [],
          "private": "eyJlMmJmYjczMC1lY2FhLTExZTYtOGY4OC0zNDM2M2JjN2M0YzAiOnsiY3JlYXRlIjoyNDAwMDAwMDAwMDAsImRlbGV0ZSI6MjQwMDAwMDAwMDAwLCJ1cGRhdGUiOjI0MDAwMDAwMDAwMH19",
          "dependencies": [
            "google_project_organization_policy.bool-policies",
            "google_project_organization_policy.list_policies",
            "google_storage_bucket.dew_bundle_bucket_creation",
            "google_storage_bucket.dew_code_bucket_creation",
            "google_storage_bucket.dew_data_bucket_consumption_creation",
            "google_storage_bucket.dew_data_bucket_curated_creation",
            "google_storage_bucket.dew_data_bucket_raw_creation",
            "google_storage_bucket.dew_metrics_bucket_creation",
            "google_storage_bucket.dew_model_bucket_creation",
            "google_storage_bucket.dew_notebook_bucket_creation",
            "google_storage_bucket.dew_spark_bucket_creation",
            "module.activate_service_apis.data.google_compute_default_service_account.default",
            "module.activate_service_apis.google_project_iam_member.project_service_identity_roles",
            "module.activate_service_apis.google_project_service.project_services",
            "module.activate_service_apis.google_project_service_identity.project_service_identities",
            "module.administrator_role_grants.google_project_iam_binding.project_iam_authoritative",
            "module.administrator_role_grants.google_project_iam_member.project_iam_additive",
            "module.gmsa_role_grants_cc.google_project_iam_member.project_iam_member",
            "module.gmsa_role_grants_gce.google_project_iam_member.project_iam_member",
            "module.umsa_creation.google_billing_account_iam_member.billing_user",
            "module.umsa_creation.google_organization_iam_member.billing_user",
            "module.umsa_creation.google_organization_iam_member.organization_viewer",
            "module.umsa_creation.google_organization_iam_member.xpn_admin",
            "module.umsa_creation.google_project_iam_member.project-roles",
            "module.umsa_creation.google_service_account.service_accounts",
            "module.umsa_creation.google_service_account_key.keys",
            "module.umsa_impersonate_privs_to_admin.google_service_account_iam_binding.service_account_iam_authoritative",
            "module.umsa_impersonate_privs_to_admin.google_service_account_iam_member.service_account_iam_additive",
            "module.umsa_role_grants.google_project_iam_member.project_iam_member",
            "time_sleep.sleep_after_activate_service_apis",
            "time_sleep.sleep_after_apis_and_org_policies",
            "time_sleep.sleep_after_bucket_creation",
            "time_sleep.sleep_after_identities_permissions"
          ]
        },
        {
          "index_key": "../notebooks/telco-customer-churn-prediction/hyperparameter_tuning.ipynb",
          "schema_version": 0,
          "attributes": {
            "bucket": "oda-raw-notebook-36819656457",
            "cache_control": "",
            "content": null,
            "content_disposition": "",
            "content_encoding": "",
            "content_language": "",
            "content_type": "text/plain; charset=utf-8",
            "crc32c": "a7ANoA==",
            "customer_encryption": [],
            "detect_md5hash": "39NtMMQX23YQ970vEgoXKA==",
            "event_based_hold": false,
            "id": "oda-raw-notebook-36819656457-telco-customer-churn-prediction/hyperparameter_tuning.ipynb",
            "kms_key_name": "",
            "md5hash": "39NtMMQX23YQ970vEgoXKA==",
            "media_link": "https://storage.googleapis.com/download/storage/v1/b/oda-raw-notebook-36819656457/o/telco-customer-churn-prediction%2Fhyperparameter_tuning.ipynb?generation=1674506962180372\u0026alt=media",
            "metadata": {},
            "name": "telco-customer-churn-prediction/hyperparameter_tuning.ipynb",
            "output_name": "telco-customer-churn-prediction/hyperparameter_tuning.ipynb",
            "self_link": "https://www.googleapis.com/storage/v1/b/oda-raw-notebook-36819656457/o/telco-customer-churn-prediction%2Fhyperparameter_tuning.ipynb",
            "source": "./../notebooks/telco-customer-churn-prediction/hyperparameter_tuning.ipynb",
            "storage_class": "STANDARD",
            "temporary_hold": false,
            "timeouts": null
          },
          "sensitive_attributes": [],
          "private": "eyJlMmJmYjczMC1lY2FhLTExZTYtOGY4OC0zNDM2M2JjN2M0YzAiOnsiY3JlYXRlIjoyNDAwMDAwMDAwMDAsImRlbGV0ZSI6MjQwMDAwMDAwMDAwLCJ1cGRhdGUiOjI0MDAwMDAwMDAwMH19",
          "dependencies": [
            "google_project_organization_policy.bool-policies",
            "google_project_organization_policy.list_policies",
            "google_storage_bucket.dew_bundle_bucket_creation",
            "google_storage_bucket.dew_code_bucket_creation",
            "google_storage_bucket.dew_data_bucket_consumption_creation",
            "google_storage_bucket.dew_data_bucket_curated_creation",
            "google_storage_bucket.dew_data_bucket_raw_creation",
            "google_storage_bucket.dew_metrics_bucket_creation",
            "google_storage_bucket.dew_model_bucket_creation",
            "google_storage_bucket.dew_notebook_bucket_creation",
            "google_storage_bucket.dew_spark_bucket_creation",
            "module.activate_service_apis.data.google_compute_default_service_account.default",
            "module.activate_service_apis.google_project_iam_member.project_service_identity_roles",
            "module.activate_service_apis.google_project_service.project_services",
            "module.activate_service_apis.google_project_service_identity.project_service_identities",
            "module.administrator_role_grants.google_project_iam_binding.project_iam_authoritative",
            "module.administrator_role_grants.google_project_iam_member.project_iam_additive",
            "module.gmsa_role_grants_cc.google_project_iam_member.project_iam_member",
            "module.gmsa_role_grants_gce.google_project_iam_member.project_iam_member",
            "module.umsa_creation.google_billing_account_iam_member.billing_user",
            "module.umsa_creation.google_organization_iam_member.billing_user",
            "module.umsa_creation.google_organization_iam_member.organization_viewer",
            "module.umsa_creation.google_organization_iam_member.xpn_admin",
            "module.umsa_creation.google_project_iam_member.project-roles",
            "module.umsa_creation.google_service_account.service_accounts",
            "module.umsa_creation.google_service_account_key.keys",
            "module.umsa_impersonate_privs_to_admin.google_service_account_iam_binding.service_account_iam_authoritative",
            "module.umsa_impersonate_privs_to_admin.google_service_account_iam_member.service_account_iam_additive",
            "module.umsa_role_grants.google_project_iam_member.project_iam_member",
            "time_sleep.sleep_after_activate_service_apis",
            "time_sleep.sleep_after_apis_and_org_policies",
            "time_sleep.sleep_after_bucket_creation",
            "time_sleep.sleep_after_identities_permissions"
          ]
        },
        {
          "index_key": "../notebooks/telco-customer-churn-prediction/model_training.ipynb",
          "schema_version": 0,
          "attributes": {
            "bucket": "oda-raw-notebook-36819656457",
            "cache_control": "",
            "content": null,
            "content_disposition": "",
            "content_encoding": "",
            "content_language": "",
            "content_type": "text/plain; charset=utf-8",
            "crc32c": "7+uBqQ==",
            "customer_encryption": [],
            "detect_md5hash": "eTxscwe9hAvpOJp/OlRKXA==",
            "event_based_hold": false,
            "id": "oda-raw-notebook-36819656457-telco-customer-churn-prediction/model_training.ipynb",
            "kms_key_name": "",
            "md5hash": "eTxscwe9hAvpOJp/OlRKXA==",
            "media_link": "https://storage.googleapis.com/download/storage/v1/b/oda-raw-notebook-36819656457/o/telco-customer-churn-prediction%2Fmodel_training.ipynb?generation=1674506962180976\u0026alt=media",
            "metadata": {},
            "name": "telco-customer-churn-prediction/model_training.ipynb",
            "output_name": "telco-customer-churn-prediction/model_training.ipynb",
            "self_link": "https://www.googleapis.com/storage/v1/b/oda-raw-notebook-36819656457/o/telco-customer-churn-prediction%2Fmodel_training.ipynb",
            "source": "./../notebooks/telco-customer-churn-prediction/model_training.ipynb",
            "storage_class": "STANDARD",
            "temporary_hold": false,
            "timeouts": null
          },
          "sensitive_attributes": [],
          "private": "eyJlMmJmYjczMC1lY2FhLTExZTYtOGY4OC0zNDM2M2JjN2M0YzAiOnsiY3JlYXRlIjoyNDAwMDAwMDAwMDAsImRlbGV0ZSI6MjQwMDAwMDAwMDAwLCJ1cGRhdGUiOjI0MDAwMDAwMDAwMH19",
          "dependencies": [
            "google_project_organization_policy.bool-policies",
            "google_project_organization_policy.list_policies",
            "google_storage_bucket.dew_bundle_bucket_creation",
            "google_storage_bucket.dew_code_bucket_creation",
            "google_storage_bucket.dew_data_bucket_consumption_creation",
            "google_storage_bucket.dew_data_bucket_curated_creation",
            "google_storage_bucket.dew_data_bucket_raw_creation",
            "google_storage_bucket.dew_metrics_bucket_creation",
            "google_storage_bucket.dew_model_bucket_creation",
            "google_storage_bucket.dew_notebook_bucket_creation",
            "google_storage_bucket.dew_spark_bucket_creation",
            "module.activate_service_apis.data.google_compute_default_service_account.default",
            "module.activate_service_apis.google_project_iam_member.project_service_identity_roles",
            "module.activate_service_apis.google_project_service.project_services",
            "module.activate_service_apis.google_project_service_identity.project_service_identities",
            "module.administrator_role_grants.google_project_iam_binding.project_iam_authoritative",
            "module.administrator_role_grants.google_project_iam_member.project_iam_additive",
            "module.gmsa_role_grants_cc.google_project_iam_member.project_iam_member",
            "module.gmsa_role_grants_gce.google_project_iam_member.project_iam_member",
            "module.umsa_creation.google_billing_account_iam_member.billing_user",
            "module.umsa_creation.google_organization_iam_member.billing_user",
            "module.umsa_creation.google_organization_iam_member.organization_viewer",
            "module.umsa_creation.google_organization_iam_member.xpn_admin",
            "module.umsa_creation.google_project_iam_member.project-roles",
            "module.umsa_creation.google_service_account.service_accounts",
            "module.umsa_creation.google_service_account_key.keys",
            "module.umsa_impersonate_privs_to_admin.google_service_account_iam_binding.service_account_iam_authoritative",
            "module.umsa_impersonate_privs_to_admin.google_service_account_iam_member.service_account_iam_additive",
            "module.umsa_role_grants.google_project_iam_member.project_iam_member",
            "time_sleep.sleep_after_activate_service_apis",
            "time_sleep.sleep_after_apis_and_org_policies",
            "time_sleep.sleep_after_bucket_creation",
            "time_sleep.sleep_after_identities_permissions"
          ]
        },
        {
          "index_key": "../notebooks/telco-customer-churn-prediction/preprocessing.ipynb",
          "schema_version": 0,
          "attributes": {
            "bucket": "oda-raw-notebook-36819656457",
            "cache_control": "",
            "content": null,
            "content_disposition": "",
            "content_encoding": "",
            "content_language": "",
            "content_type": "text/plain; charset=utf-8",
            "crc32c": "IiZEIQ==",
            "customer_encryption": [],
            "detect_md5hash": "/SEM/TsAS5U4OB8JyVGwNQ==",
            "event_based_hold": false,
            "id": "oda-raw-notebook-36819656457-telco-customer-churn-prediction/preprocessing.ipynb",
            "kms_key_name": "",
            "md5hash": "/SEM/TsAS5U4OB8JyVGwNQ==",
            "media_link": "https://storage.googleapis.com/download/storage/v1/b/oda-raw-notebook-36819656457/o/telco-customer-churn-prediction%2Fpreprocessing.ipynb?generation=1674506962175629\u0026alt=media",
            "metadata": {},
            "name": "telco-customer-churn-prediction/preprocessing.ipynb",
            "output_name": "telco-customer-churn-prediction/preprocessing.ipynb",
            "self_link": "https://www.googleapis.com/storage/v1/b/oda-raw-notebook-36819656457/o/telco-customer-churn-prediction%2Fpreprocessing.ipynb",
            "source": "./../notebooks/telco-customer-churn-prediction/preprocessing.ipynb",
            "storage_class": "STANDARD",
            "temporary_hold": false,
            "timeouts": null
          },
          "sensitive_attributes": [],
          "private": "eyJlMmJmYjczMC1lY2FhLTExZTYtOGY4OC0zNDM2M2JjN2M0YzAiOnsiY3JlYXRlIjoyNDAwMDAwMDAwMDAsImRlbGV0ZSI6MjQwMDAwMDAwMDAwLCJ1cGRhdGUiOjI0MDAwMDAwMDAwMH19",
          "dependencies": [
            "google_project_organization_policy.bool-policies",
            "google_project_organization_policy.list_policies",
            "google_storage_bucket.dew_bundle_bucket_creation",
            "google_storage_bucket.dew_code_bucket_creation",
            "google_storage_bucket.dew_data_bucket_consumption_creation",
            "google_storage_bucket.dew_data_bucket_curated_creation",
            "google_storage_bucket.dew_data_bucket_raw_creation",
            "google_storage_bucket.dew_metrics_bucket_creation",
            "google_storage_bucket.dew_model_bucket_creation",
            "google_storage_bucket.dew_notebook_bucket_creation",
            "google_storage_bucket.dew_spark_bucket_creation",
            "module.activate_service_apis.data.google_compute_default_service_account.default",
            "module.activate_service_apis.google_project_iam_member.project_service_identity_roles",
            "module.activate_service_apis.google_project_service.project_services",
            "module.activate_service_apis.google_project_service_identity.project_service_identities",
            "module.administrator_role_grants.google_project_iam_binding.project_iam_authoritative",
            "module.administrator_role_grants.google_project_iam_member.project_iam_additive",
            "module.gmsa_role_grants_cc.google_project_iam_member.project_iam_member",
            "module.gmsa_role_grants_gce.google_project_iam_member.project_iam_member",
            "module.umsa_creation.google_billing_account_iam_member.billing_user",
            "module.umsa_creation.google_organization_iam_member.billing_user",
            "module.umsa_creation.google_organization_iam_member.organization_viewer",
            "module.umsa_creation.google_organization_iam_member.xpn_admin",
            "module.umsa_creation.google_project_iam_member.project-roles",
            "module.umsa_creation.google_service_account.service_accounts",
            "module.umsa_creation.google_service_account_key.keys",
            "module.umsa_impersonate_privs_to_admin.google_service_account_iam_binding.service_account_iam_authoritative",
            "module.umsa_impersonate_privs_to_admin.google_service_account_iam_member.service_account_iam_additive",
            "module.umsa_role_grants.google_project_iam_member.project_iam_member",
            "time_sleep.sleep_after_activate_service_apis",
            "time_sleep.sleep_after_apis_and_org_policies",
            "time_sleep.sleep_after_bucket_creation",
            "time_sleep.sleep_after_identities_permissions"
          ]
        }
      ]
    },
    {
      "mode": "managed",
      "type": "time_sleep",
      "name": "sleep_after_activate_service_apis",
      "provider": "provider[\"registry.terraform.io/hashicorp/time\"]",
      "instances": [
        {
          "schema_version": 0,
          "attributes": {
            "create_duration": "60s",
            "destroy_duration": null,
            "id": "2023-01-22T22:57:48Z",
            "triggers": null
          },
          "sensitive_attributes": [],
          "dependencies": [
            "module.activate_service_apis.data.google_compute_default_service_account.default",
            "module.activate_service_apis.google_project_iam_member.project_service_identity_roles",
            "module.activate_service_apis.google_project_service.project_services",
            "module.activate_service_apis.google_project_service_identity.project_service_identities"
          ]
        }
      ]
    },
    {
      "mode": "managed",
      "type": "time_sleep",
      "name": "sleep_after_apis_and_org_policies",
      "provider": "provider[\"registry.terraform.io/hashicorp/time\"]",
      "instances": [
        {
          "schema_version": 0,
          "attributes": {
            "create_duration": "60s",
            "destroy_duration": null,
            "id": "2023-01-22T22:58:48Z",
            "triggers": null
          },
          "sensitive_attributes": [],
          "dependencies": [
            "google_project_organization_policy.bool-policies",
            "google_project_organization_policy.list_policies",
            "module.activate_service_apis.data.google_compute_default_service_account.default",
            "module.activate_service_apis.google_project_iam_member.project_service_identity_roles",
            "module.activate_service_apis.google_project_service.project_services",
            "module.activate_service_apis.google_project_service_identity.project_service_identities",
            "time_sleep.sleep_after_activate_service_apis"
          ]
        }
      ]
    },
    {
      "mode": "managed",
      "type": "time_sleep",
      "name": "sleep_after_bucket_creation",
      "provider": "provider[\"registry.terraform.io/hashicorp/time\"]",
      "instances": [
        {
          "schema_version": 0,
          "attributes": {
            "create_duration": "60s",
            "destroy_duration": null,
            "id": "2023-01-22T23:04:55Z",
            "triggers": null
          },
          "sensitive_attributes": [],
          "dependencies": [
            "google_project_organization_policy.bool-policies",
            "google_project_organization_policy.list_policies",
            "google_storage_bucket.dew_bundle_bucket_creation",
            "google_storage_bucket.dew_code_bucket_creation",
            "google_storage_bucket.dew_data_bucket_consumption_creation",
            "google_storage_bucket.dew_data_bucket_curated_creation",
            "google_storage_bucket.dew_data_bucket_raw_creation",
            "google_storage_bucket.dew_metrics_bucket_creation",
            "google_storage_bucket.dew_model_bucket_creation",
            "google_storage_bucket.dew_notebook_bucket_creation",
            "google_storage_bucket.dew_spark_bucket_creation",
            "module.activate_service_apis.data.google_compute_default_service_account.default",
            "module.activate_service_apis.google_project_iam_member.project_service_identity_roles",
            "module.activate_service_apis.google_project_service.project_services",
            "module.activate_service_apis.google_project_service_identity.project_service_identities",
            "module.administrator_role_grants.google_project_iam_binding.project_iam_authoritative",
            "module.administrator_role_grants.google_project_iam_member.project_iam_additive",
            "module.gmsa_role_grants_cc.google_project_iam_member.project_iam_member",
            "module.gmsa_role_grants_gce.google_project_iam_member.project_iam_member",
            "module.umsa_creation.google_billing_account_iam_member.billing_user",
            "module.umsa_creation.google_organization_iam_member.billing_user",
            "module.umsa_creation.google_organization_iam_member.organization_viewer",
            "module.umsa_creation.google_organization_iam_member.xpn_admin",
            "module.umsa_creation.google_project_iam_member.project-roles",
            "module.umsa_creation.google_service_account.service_accounts",
            "module.umsa_creation.google_service_account_key.keys",
            "module.umsa_impersonate_privs_to_admin.google_service_account_iam_binding.service_account_iam_authoritative",
            "module.umsa_impersonate_privs_to_admin.google_service_account_iam_member.service_account_iam_additive",
            "module.umsa_role_grants.google_project_iam_member.project_iam_member",
            "time_sleep.sleep_after_activate_service_apis",
            "time_sleep.sleep_after_apis_and_org_policies",
            "time_sleep.sleep_after_identities_permissions"
          ]
        }
      ]
    },
    {
      "mode": "managed",
      "type": "time_sleep",
      "name": "sleep_after_composer_creation",
      "provider": "provider[\"registry.terraform.io/hashicorp/time\"]",
      "instances": [
        {
          "schema_version": 0,
          "attributes": {
            "create_duration": "180s",
            "destroy_duration": null,
            "id": "2023-01-26T00:27:25Z",
            "triggers": null
          },
          "sensitive_attributes": [],
          "dependencies": [
            "google_composer_environment.create_cloud_composer_env",
            "time_sleep.sleep_after_network_and_firewall_creation"
          ]
        }
      ]
    },
    {
      "mode": "managed",
      "type": "time_sleep",
      "name": "sleep_after_identities_permissions",
      "provider": "provider[\"registry.terraform.io/hashicorp/time\"]",
      "instances": [
        {
          "schema_version": 0,
          "attributes": {
            "create_duration": "120s",
            "destroy_duration": null,
            "id": "2023-01-22T23:01:17Z",
            "triggers": null
          },
          "sensitive_attributes": [],
          "dependencies": [
            "google_project_organization_policy.bool-policies",
            "google_project_organization_policy.list_policies",
            "module.activate_service_apis.data.google_compute_default_service_account.default",
            "module.activate_service_apis.google_project_iam_member.project_service_identity_roles",
            "module.activate_service_apis.google_project_service.project_services",
            "module.activate_service_apis.google_project_service_identity.project_service_identities",
            "module.administrator_role_grants.google_project_iam_binding.project_iam_authoritative",
            "module.administrator_role_grants.google_project_iam_member.project_iam_additive",
            "module.gmsa_role_grants_cc.google_project_iam_member.project_iam_member",
            "module.gmsa_role_grants_gce.google_project_iam_member.project_iam_member",
            "module.umsa_creation.google_billing_account_iam_member.billing_user",
            "module.umsa_creation.google_organization_iam_member.billing_user",
            "module.umsa_creation.google_organization_iam_member.organization_viewer",
            "module.umsa_creation.google_organization_iam_member.xpn_admin",
            "module.umsa_creation.google_project_iam_member.project-roles",
            "module.umsa_creation.google_service_account.service_accounts",
            "module.umsa_creation.google_service_account_key.keys",
            "module.umsa_impersonate_privs_to_admin.google_service_account_iam_binding.service_account_iam_authoritative",
            "module.umsa_impersonate_privs_to_admin.google_service_account_iam_member.service_account_iam_additive",
            "module.umsa_role_grants.google_project_iam_member.project_iam_member",
            "time_sleep.sleep_after_activate_service_apis",
            "time_sleep.sleep_after_apis_and_org_policies"
          ]
        }
      ]
    },
    {
      "mode": "managed",
      "type": "time_sleep",
      "name": "sleep_after_network_and_firewall_creation",
      "provider": "provider[\"registry.terraform.io/hashicorp/time\"]",
      "instances": [
        {
          "schema_version": 0,
          "attributes": {
            "create_duration": "120s",
            "destroy_duration": null,
            "id": "2023-01-22T23:03:53Z",
            "triggers": null
          },
          "sensitive_attributes": [],
          "dependencies": [
            "google_compute_firewall.allow_intra_snet_ingress_to_any",
            "google_project_organization_policy.bool-policies",
            "google_project_organization_policy.list_policies",
            "module.activate_service_apis.data.google_compute_default_service_account.default",
            "module.activate_service_apis.google_project_iam_member.project_service_identity_roles",
            "module.activate_service_apis.google_project_service.project_services",
            "module.activate_service_apis.google_project_service_identity.project_service_identities",
            "module.administrator_role_grants.google_project_iam_binding.project_iam_authoritative",
            "module.administrator_role_grants.google_project_iam_member.project_iam_additive",
            "module.gmsa_role_grants_cc.google_project_iam_member.project_iam_member",
            "module.gmsa_role_grants_gce.google_project_iam_member.project_iam_member",
            "module.umsa_creation.google_billing_account_iam_member.billing_user",
            "module.umsa_creation.google_organization_iam_member.billing_user",
            "module.umsa_creation.google_organization_iam_member.organization_viewer",
            "module.umsa_creation.google_organization_iam_member.xpn_admin",
            "module.umsa_creation.google_project_iam_member.project-roles",
            "module.umsa_creation.google_service_account.service_accounts",
            "module.umsa_creation.google_service_account_key.keys",
            "module.umsa_impersonate_privs_to_admin.google_service_account_iam_binding.service_account_iam_authoritative",
            "module.umsa_impersonate_privs_to_admin.google_service_account_iam_member.service_account_iam_additive",
            "module.umsa_role_grants.google_project_iam_member.project_iam_member",
            "module.vpc_creation.module.firewall_rules.google_compute_firewall.rules",
            "module.vpc_creation.module.routes.google_compute_route.route",
            "module.vpc_creation.module.subnets.google_compute_subnetwork.subnetwork",
            "module.vpc_creation.module.vpc.google_compute_network.network",
            "module.vpc_creation.module.vpc.google_compute_shared_vpc_host_project.shared_vpc_host",
            "time_sleep.sleep_after_activate_service_apis",
            "time_sleep.sleep_after_apis_and_org_policies",
            "time_sleep.sleep_after_identities_permissions"
          ]
        }
      ]
    },
    {
      "mode": "managed",
      "type": "time_sleep",
      "name": "sleep_after_network_and_storage_steps",
      "provider": "provider[\"registry.terraform.io/hashicorp/time\"]",
      "instances": [
        {
          "schema_version": 0,
          "attributes": {
            "create_duration": "120s",
            "destroy_duration": null,
            "id": "2023-01-22T23:06:55Z",
            "triggers": null
          },
          "sensitive_attributes": [],
          "dependencies": [
            "google_compute_firewall.allow_intra_snet_ingress_to_any",
            "google_project_organization_policy.bool-policies",
            "google_project_organization_policy.list_policies",
            "google_storage_bucket.dew_bundle_bucket_creation",
            "google_storage_bucket.dew_code_bucket_creation",
            "google_storage_bucket.dew_data_bucket_consumption_creation",
            "google_storage_bucket.dew_data_bucket_curated_creation",
            "google_storage_bucket.dew_data_bucket_raw_creation",
            "google_storage_bucket.dew_metrics_bucket_creation",
            "google_storage_bucket.dew_model_bucket_creation",
            "google_storage_bucket.dew_notebook_bucket_creation",
            "google_storage_bucket.dew_spark_bucket_creation",
            "google_storage_bucket_object.upload_to_gcs_code_raw",
            "google_storage_bucket_object.upload_to_gcs_datasets_curated",
            "google_storage_bucket_object.upload_to_gcs_datasets_raw",
            "google_storage_bucket_object.upload_to_gcs_notebooks",
            "module.activate_service_apis.data.google_compute_default_service_account.default",
            "module.activate_service_apis.google_project_iam_member.project_service_identity_roles",
            "module.activate_service_apis.google_project_service.project_services",
            "module.activate_service_apis.google_project_service_identity.project_service_identities",
            "module.administrator_role_grants.google_project_iam_binding.project_iam_authoritative",
            "module.administrator_role_grants.google_project_iam_member.project_iam_additive",
            "module.gmsa_role_grants_cc.google_project_iam_member.project_iam_member",
            "module.gmsa_role_grants_gce.google_project_iam_member.project_iam_member",
            "module.umsa_creation.google_billing_account_iam_member.billing_user",
            "module.umsa_creation.google_organization_iam_member.billing_user",
            "module.umsa_creation.google_organization_iam_member.organization_viewer",
            "module.umsa_creation.google_organization_iam_member.xpn_admin",
            "module.umsa_creation.google_project_iam_member.project-roles",
            "module.umsa_creation.google_service_account.service_accounts",
            "module.umsa_creation.google_service_account_key.keys",
            "module.umsa_impersonate_privs_to_admin.google_service_account_iam_binding.service_account_iam_authoritative",
            "module.umsa_impersonate_privs_to_admin.google_service_account_iam_member.service_account_iam_additive",
            "module.umsa_role_grants.google_project_iam_member.project_iam_member",
            "module.vpc_creation.module.firewall_rules.google_compute_firewall.rules",
            "module.vpc_creation.module.routes.google_compute_route.route",
            "module.vpc_creation.module.subnets.google_compute_subnetwork.subnetwork",
            "module.vpc_creation.module.vpc.google_compute_network.network",
            "module.vpc_creation.module.vpc.google_compute_shared_vpc_host_project.shared_vpc_host",
            "time_sleep.sleep_after_activate_service_apis",
            "time_sleep.sleep_after_apis_and_org_policies",
            "time_sleep.sleep_after_bucket_creation",
            "time_sleep.sleep_after_identities_permissions",
            "time_sleep.sleep_after_network_and_firewall_creation"
          ]
        }
      ]
    },
    {
      "module": "module.activate_service_apis",
      "mode": "managed",
      "type": "google_project_service",
      "name": "project_services",
      "provider": "provider[\"registry.terraform.io/hashicorp/google\"]",
      "instances": [
        {
          "index_key": "bigquery.googleapis.com",
          "schema_version": 0,
          "attributes": {
            "disable_dependent_services": true,
            "disable_on_destroy": false,
            "id": "dataplex-oda/bigquery.googleapis.com",
            "project": "dataplex-oda",
            "service": "bigquery.googleapis.com",
            "timeouts": null
          },
          "sensitive_attributes": [],
          "private": "eyJlMmJmYjczMC1lY2FhLTExZTYtOGY4OC0zNDM2M2JjN2M0YzAiOnsiY3JlYXRlIjoxMjAwMDAwMDAwMDAwLCJkZWxldGUiOjEyMDAwMDAwMDAwMDAsInJlYWQiOjYwMDAwMDAwMDAwMCwidXBkYXRlIjoxMjAwMDAwMDAwMDAwfX0="
        },
        {
          "index_key": "bigqueryconnection.googleapis.com",
          "schema_version": 0,
          "attributes": {
            "disable_dependent_services": true,
            "disable_on_destroy": false,
            "id": "dataplex-oda/bigqueryconnection.googleapis.com",
            "project": "dataplex-oda",
            "service": "bigqueryconnection.googleapis.com",
            "timeouts": null
          },
          "sensitive_attributes": [],
          "private": "eyJlMmJmYjczMC1lY2FhLTExZTYtOGY4OC0zNDM2M2JjN2M0YzAiOnsiY3JlYXRlIjoxMjAwMDAwMDAwMDAwLCJkZWxldGUiOjEyMDAwMDAwMDAwMDAsInJlYWQiOjYwMDAwMDAwMDAwMCwidXBkYXRlIjoxMjAwMDAwMDAwMDAwfX0="
        },
        {
          "index_key": "bigquerydatapolicy.googleapis.com",
          "schema_version": 0,
          "attributes": {
            "disable_dependent_services": true,
            "disable_on_destroy": false,
            "id": "dataplex-oda/bigquerydatapolicy.googleapis.com",
            "project": "dataplex-oda",
            "service": "bigquerydatapolicy.googleapis.com",
            "timeouts": null
          },
          "sensitive_attributes": [],
          "private": "eyJlMmJmYjczMC1lY2FhLTExZTYtOGY4OC0zNDM2M2JjN2M0YzAiOnsiY3JlYXRlIjoxMjAwMDAwMDAwMDAwLCJkZWxldGUiOjEyMDAwMDAwMDAwMDAsInJlYWQiOjYwMDAwMDAwMDAwMCwidXBkYXRlIjoxMjAwMDAwMDAwMDAwfX0="
        },
        {
          "index_key": "bigquerystorage.googleapis.com",
          "schema_version": 0,
          "attributes": {
            "disable_dependent_services": true,
            "disable_on_destroy": false,
            "id": "dataplex-oda/bigquerystorage.googleapis.com",
            "project": "dataplex-oda",
            "service": "bigquerystorage.googleapis.com",
            "timeouts": null
          },
          "sensitive_attributes": [],
          "private": "eyJlMmJmYjczMC1lY2FhLTExZTYtOGY4OC0zNDM2M2JjN2M0YzAiOnsiY3JlYXRlIjoxMjAwMDAwMDAwMDAwLCJkZWxldGUiOjEyMDAwMDAwMDAwMDAsInJlYWQiOjYwMDAwMDAwMDAwMCwidXBkYXRlIjoxMjAwMDAwMDAwMDAwfX0="
        },
        {
          "index_key": "cloudidentity.googleapis.com",
          "schema_version": 0,
          "attributes": {
            "disable_dependent_services": true,
            "disable_on_destroy": false,
            "id": "dataplex-oda/cloudidentity.googleapis.com",
            "project": "dataplex-oda",
            "service": "cloudidentity.googleapis.com",
            "timeouts": null
          },
          "sensitive_attributes": [],
          "private": "eyJlMmJmYjczMC1lY2FhLTExZTYtOGY4OC0zNDM2M2JjN2M0YzAiOnsiY3JlYXRlIjoxMjAwMDAwMDAwMDAwLCJkZWxldGUiOjEyMDAwMDAwMDAwMDAsInJlYWQiOjYwMDAwMDAwMDAwMCwidXBkYXRlIjoxMjAwMDAwMDAwMDAwfX0="
        },
        {
          "index_key": "cloudresourcemanager.googleapis.com",
          "schema_version": 0,
          "attributes": {
            "disable_dependent_services": true,
            "disable_on_destroy": false,
            "id": "dataplex-oda/cloudresourcemanager.googleapis.com",
            "project": "dataplex-oda",
            "service": "cloudresourcemanager.googleapis.com",
            "timeouts": null
          },
          "sensitive_attributes": [],
          "private": "eyJlMmJmYjczMC1lY2FhLTExZTYtOGY4OC0zNDM2M2JjN2M0YzAiOnsiY3JlYXRlIjoxMjAwMDAwMDAwMDAwLCJkZWxldGUiOjEyMDAwMDAwMDAwMDAsInJlYWQiOjYwMDAwMDAwMDAwMCwidXBkYXRlIjoxMjAwMDAwMDAwMDAwfX0="
        },
        {
          "index_key": "cloudscheduler.googleapis.com",
          "schema_version": 0,
          "attributes": {
            "disable_dependent_services": true,
            "disable_on_destroy": false,
            "id": "dataplex-oda/cloudscheduler.googleapis.com",
            "project": "dataplex-oda",
            "service": "cloudscheduler.googleapis.com",
            "timeouts": null
          },
          "sensitive_attributes": [],
          "private": "eyJlMmJmYjczMC1lY2FhLTExZTYtOGY4OC0zNDM2M2JjN2M0YzAiOnsiY3JlYXRlIjoxMjAwMDAwMDAwMDAwLCJkZWxldGUiOjEyMDAwMDAwMDAwMDAsInJlYWQiOjYwMDAwMDAwMDAwMCwidXBkYXRlIjoxMjAwMDAwMDAwMDAwfX0="
        },
        {
          "index_key": "composer.googleapis.com",
          "schema_version": 0,
          "attributes": {
            "disable_dependent_services": true,
            "disable_on_destroy": false,
            "id": "dataplex-oda/composer.googleapis.com",
            "project": "dataplex-oda",
            "service": "composer.googleapis.com",
            "timeouts": null
          },
          "sensitive_attributes": [],
          "private": "eyJlMmJmYjczMC1lY2FhLTExZTYtOGY4OC0zNDM2M2JjN2M0YzAiOnsiY3JlYXRlIjoxMjAwMDAwMDAwMDAwLCJkZWxldGUiOjEyMDAwMDAwMDAwMDAsInJlYWQiOjYwMDAwMDAwMDAwMCwidXBkYXRlIjoxMjAwMDAwMDAwMDAwfX0="
        },
        {
          "index_key": "compute.googleapis.com",
          "schema_version": 0,
          "attributes": {
            "disable_dependent_services": true,
            "disable_on_destroy": false,
            "id": "dataplex-oda/compute.googleapis.com",
            "project": "dataplex-oda",
            "service": "compute.googleapis.com",
            "timeouts": null
          },
          "sensitive_attributes": [],
          "private": "eyJlMmJmYjczMC1lY2FhLTExZTYtOGY4OC0zNDM2M2JjN2M0YzAiOnsiY3JlYXRlIjoxMjAwMDAwMDAwMDAwLCJkZWxldGUiOjEyMDAwMDAwMDAwMDAsInJlYWQiOjYwMDAwMDAwMDAwMCwidXBkYXRlIjoxMjAwMDAwMDAwMDAwfX0="
        },
        {
          "index_key": "datacatalog.googleapis.com",
          "schema_version": 0,
          "attributes": {
            "disable_dependent_services": true,
            "disable_on_destroy": false,
            "id": "dataplex-oda/datacatalog.googleapis.com",
            "project": "dataplex-oda",
            "service": "datacatalog.googleapis.com",
            "timeouts": null
          },
          "sensitive_attributes": [],
          "private": "eyJlMmJmYjczMC1lY2FhLTExZTYtOGY4OC0zNDM2M2JjN2M0YzAiOnsiY3JlYXRlIjoxMjAwMDAwMDAwMDAwLCJkZWxldGUiOjEyMDAwMDAwMDAwMDAsInJlYWQiOjYwMDAwMDAwMDAwMCwidXBkYXRlIjoxMjAwMDAwMDAwMDAwfX0="
        },
        {
          "index_key": "datalineage.googleapis.com",
          "schema_version": 0,
          "attributes": {
            "disable_dependent_services": true,
            "disable_on_destroy": false,
            "id": "dataplex-oda/datalineage.googleapis.com",
            "project": "dataplex-oda",
            "service": "datalineage.googleapis.com",
            "timeouts": null
          },
          "sensitive_attributes": [],
          "private": "eyJlMmJmYjczMC1lY2FhLTExZTYtOGY4OC0zNDM2M2JjN2M0YzAiOnsiY3JlYXRlIjoxMjAwMDAwMDAwMDAwLCJkZWxldGUiOjEyMDAwMDAwMDAwMDAsInJlYWQiOjYwMDAwMDAwMDAwMCwidXBkYXRlIjoxMjAwMDAwMDAwMDAwfX0="
        },
        {
          "index_key": "datapipelines.googleapis.com",
          "schema_version": 0,
          "attributes": {
            "disable_dependent_services": true,
            "disable_on_destroy": false,
            "id": "dataplex-oda/datapipelines.googleapis.com",
            "project": "dataplex-oda",
            "service": "datapipelines.googleapis.com",
            "timeouts": null
          },
          "sensitive_attributes": [],
          "private": "eyJlMmJmYjczMC1lY2FhLTExZTYtOGY4OC0zNDM2M2JjN2M0YzAiOnsiY3JlYXRlIjoxMjAwMDAwMDAwMDAwLCJkZWxldGUiOjEyMDAwMDAwMDAwMDAsInJlYWQiOjYwMDAwMDAwMDAwMCwidXBkYXRlIjoxMjAwMDAwMDAwMDAwfX0="
        },
        {
          "index_key": "dataplex.googleapis.com",
          "schema_version": 0,
          "attributes": {
            "disable_dependent_services": true,
            "disable_on_destroy": false,
            "id": "dataplex-oda/dataplex.googleapis.com",
            "project": "dataplex-oda",
            "service": "dataplex.googleapis.com",
            "timeouts": null
          },
          "sensitive_attributes": [],
          "private": "eyJlMmJmYjczMC1lY2FhLTExZTYtOGY4OC0zNDM2M2JjN2M0YzAiOnsiY3JlYXRlIjoxMjAwMDAwMDAwMDAwLCJkZWxldGUiOjEyMDAwMDAwMDAwMDAsInJlYWQiOjYwMDAwMDAwMDAwMCwidXBkYXRlIjoxMjAwMDAwMDAwMDAwfX0="
        },
        {
          "index_key": "dataproc.googleapis.com",
          "schema_version": 0,
          "attributes": {
            "disable_dependent_services": true,
            "disable_on_destroy": false,
            "id": "dataplex-oda/dataproc.googleapis.com",
            "project": "dataplex-oda",
            "service": "dataproc.googleapis.com",
            "timeouts": null
          },
          "sensitive_attributes": [],
          "private": "eyJlMmJmYjczMC1lY2FhLTExZTYtOGY4OC0zNDM2M2JjN2M0YzAiOnsiY3JlYXRlIjoxMjAwMDAwMDAwMDAwLCJkZWxldGUiOjEyMDAwMDAwMDAwMDAsInJlYWQiOjYwMDAwMDAwMDAwMCwidXBkYXRlIjoxMjAwMDAwMDAwMDAwfX0="
        },
        {
          "index_key": "dlp.googleapis.com",
          "schema_version": 0,
          "attributes": {
            "disable_dependent_services": true,
            "disable_on_destroy": false,
            "id": "dataplex-oda/dlp.googleapis.com",
            "project": "dataplex-oda",
            "service": "dlp.googleapis.com",
            "timeouts": null
          },
          "sensitive_attributes": [],
          "private": "eyJlMmJmYjczMC1lY2FhLTExZTYtOGY4OC0zNDM2M2JjN2M0YzAiOnsiY3JlYXRlIjoxMjAwMDAwMDAwMDAwLCJkZWxldGUiOjEyMDAwMDAwMDAwMDAsInJlYWQiOjYwMDAwMDAwMDAwMCwidXBkYXRlIjoxMjAwMDAwMDAwMDAwfX0="
        },
        {
          "index_key": "logging.googleapis.com",
          "schema_version": 0,
          "attributes": {
            "disable_dependent_services": true,
            "disable_on_destroy": false,
            "id": "dataplex-oda/logging.googleapis.com",
            "project": "dataplex-oda",
            "service": "logging.googleapis.com",
            "timeouts": null
          },
          "sensitive_attributes": [],
          "private": "eyJlMmJmYjczMC1lY2FhLTExZTYtOGY4OC0zNDM2M2JjN2M0YzAiOnsiY3JlYXRlIjoxMjAwMDAwMDAwMDAwLCJkZWxldGUiOjEyMDAwMDAwMDAwMDAsInJlYWQiOjYwMDAwMDAwMDAwMCwidXBkYXRlIjoxMjAwMDAwMDAwMDAwfX0="
        },
        {
          "index_key": "metastore.googleapis.com",
          "schema_version": 0,
          "attributes": {
            "disable_dependent_services": true,
            "disable_on_destroy": false,
            "id": "dataplex-oda/metastore.googleapis.com",
            "project": "dataplex-oda",
            "service": "metastore.googleapis.com",
            "timeouts": null
          },
          "sensitive_attributes": [],
          "private": "eyJlMmJmYjczMC1lY2FhLTExZTYtOGY4OC0zNDM2M2JjN2M0YzAiOnsiY3JlYXRlIjoxMjAwMDAwMDAwMDAwLCJkZWxldGUiOjEyMDAwMDAwMDAwMDAsInJlYWQiOjYwMDAwMDAwMDAwMCwidXBkYXRlIjoxMjAwMDAwMDAwMDAwfX0="
        },
        {
          "index_key": "monitoring.googleapis.com",
          "schema_version": 0,
          "attributes": {
            "disable_dependent_services": true,
            "disable_on_destroy": false,
            "id": "dataplex-oda/monitoring.googleapis.com",
            "project": "dataplex-oda",
            "service": "monitoring.googleapis.com",
            "timeouts": null
          },
          "sensitive_attributes": [],
          "private": "eyJlMmJmYjczMC1lY2FhLTExZTYtOGY4OC0zNDM2M2JjN2M0YzAiOnsiY3JlYXRlIjoxMjAwMDAwMDAwMDAwLCJkZWxldGUiOjEyMDAwMDAwMDAwMDAsInJlYWQiOjYwMDAwMDAwMDAwMCwidXBkYXRlIjoxMjAwMDAwMDAwMDAwfX0="
        },
        {
          "index_key": "orgpolicy.googleapis.com",
          "schema_version": 0,
          "attributes": {
            "disable_dependent_services": true,
            "disable_on_destroy": false,
            "id": "dataplex-oda/orgpolicy.googleapis.com",
            "project": "dataplex-oda",
            "service": "orgpolicy.googleapis.com",
            "timeouts": null
          },
          "sensitive_attributes": [],
          "private": "eyJlMmJmYjczMC1lY2FhLTExZTYtOGY4OC0zNDM2M2JjN2M0YzAiOnsiY3JlYXRlIjoxMjAwMDAwMDAwMDAwLCJkZWxldGUiOjEyMDAwMDAwMDAwMDAsInJlYWQiOjYwMDAwMDAwMDAwMCwidXBkYXRlIjoxMjAwMDAwMDAwMDAwfX0="
        },
        {
          "index_key": "storage-component.googleapis.com",
          "schema_version": 0,
          "attributes": {
            "disable_dependent_services": true,
            "disable_on_destroy": false,
            "id": "dataplex-oda/storage-component.googleapis.com",
            "project": "dataplex-oda",
            "service": "storage-component.googleapis.com",
            "timeouts": null
          },
          "sensitive_attributes": [],
          "private": "eyJlMmJmYjczMC1lY2FhLTExZTYtOGY4OC0zNDM2M2JjN2M0YzAiOnsiY3JlYXRlIjoxMjAwMDAwMDAwMDAwLCJkZWxldGUiOjEyMDAwMDAwMDAwMDAsInJlYWQiOjYwMDAwMDAwMDAwMCwidXBkYXRlIjoxMjAwMDAwMDAwMDAwfX0="
        },
        {
          "index_key": "storage.googleapis.com",
          "schema_version": 0,
          "attributes": {
            "disable_dependent_services": true,
            "disable_on_destroy": false,
            "id": "dataplex-oda/storage.googleapis.com",
            "project": "dataplex-oda",
            "service": "storage.googleapis.com",
            "timeouts": null
          },
          "sensitive_attributes": [],
          "private": "eyJlMmJmYjczMC1lY2FhLTExZTYtOGY4OC0zNDM2M2JjN2M0YzAiOnsiY3JlYXRlIjoxMjAwMDAwMDAwMDAwLCJkZWxldGUiOjEyMDAwMDAwMDAwMDAsInJlYWQiOjYwMDAwMDAwMDAwMCwidXBkYXRlIjoxMjAwMDAwMDAwMDAwfX0="
        }
      ]
    },
    {
      "module": "module.administrator_role_grants",
      "mode": "managed",
      "type": "google_project_iam_member",
      "name": "project_iam_additive",
      "provider": "provider[\"registry.terraform.io/hashicorp/google\"]",
      "instances": [
        {
          "index_key": "default--roles/bigquery.admin--user:admin@akhanolkar.altostrat.com",
          "schema_version": 0,
          "attributes": {
            "condition": [],
            "etag": "BwXzGt5y9wA=",
            "id": "dataplex-oda/roles/bigquery.admin/user:admin@akhanolkar.altostrat.com",
            "member": "user:admin@akhanolkar.altostrat.com",
            "project": "dataplex-oda",
            "role": "roles/bigquery.admin"
          },
          "sensitive_attributes": [],
          "private": "bnVsbA==",
          "dependencies": [
            "google_project_organization_policy.bool-policies",
            "google_project_organization_policy.list_policies",
            "module.activate_service_apis.data.google_compute_default_service_account.default",
            "module.activate_service_apis.google_project_iam_member.project_service_identity_roles",
            "module.activate_service_apis.google_project_service.project_services",
            "module.activate_service_apis.google_project_service_identity.project_service_identities",
            "module.umsa_creation.google_billing_account_iam_member.billing_user",
            "module.umsa_creation.google_organization_iam_member.billing_user",
            "module.umsa_creation.google_organization_iam_member.organization_viewer",
            "module.umsa_creation.google_organization_iam_member.xpn_admin",
            "module.umsa_creation.google_project_iam_member.project-roles",
            "module.umsa_creation.google_service_account.service_accounts",
            "module.umsa_creation.google_service_account_key.keys",
            "module.umsa_impersonate_privs_to_admin.google_service_account_iam_binding.service_account_iam_authoritative",
            "module.umsa_impersonate_privs_to_admin.google_service_account_iam_member.service_account_iam_additive",
            "module.umsa_role_grants.google_project_iam_member.project_iam_member",
            "time_sleep.sleep_after_activate_service_apis",
            "time_sleep.sleep_after_apis_and_org_policies"
          ]
        },
        {
          "index_key": "default--roles/bigquery.dataEditor--user:admin@akhanolkar.altostrat.com",
          "schema_version": 0,
          "attributes": {
            "condition": [],
            "etag": "BwXzGt5y9wA=",
            "id": "dataplex-oda/roles/bigquery.dataEditor/user:admin@akhanolkar.altostrat.com",
            "member": "user:admin@akhanolkar.altostrat.com",
            "project": "dataplex-oda",
            "role": "roles/bigquery.dataEditor"
          },
          "sensitive_attributes": [],
          "private": "bnVsbA==",
          "dependencies": [
            "google_project_organization_policy.bool-policies",
            "google_project_organization_policy.list_policies",
            "module.activate_service_apis.data.google_compute_default_service_account.default",
            "module.activate_service_apis.google_project_iam_member.project_service_identity_roles",
            "module.activate_service_apis.google_project_service.project_services",
            "module.activate_service_apis.google_project_service_identity.project_service_identities",
            "module.umsa_creation.google_billing_account_iam_member.billing_user",
            "module.umsa_creation.google_organization_iam_member.billing_user",
            "module.umsa_creation.google_organization_iam_member.organization_viewer",
            "module.umsa_creation.google_organization_iam_member.xpn_admin",
            "module.umsa_creation.google_project_iam_member.project-roles",
            "module.umsa_creation.google_service_account.service_accounts",
            "module.umsa_creation.google_service_account_key.keys",
            "module.umsa_impersonate_privs_to_admin.google_service_account_iam_binding.service_account_iam_authoritative",
            "module.umsa_impersonate_privs_to_admin.google_service_account_iam_member.service_account_iam_additive",
            "module.umsa_role_grants.google_project_iam_member.project_iam_member",
            "time_sleep.sleep_after_activate_service_apis",
            "time_sleep.sleep_after_apis_and_org_policies"
          ]
        },
        {
          "index_key": "default--roles/bigquery.jobUser--user:admin@akhanolkar.altostrat.com",
          "schema_version": 0,
          "attributes": {
            "condition": [],
            "etag": "BwXzGt5y9wA=",
            "id": "dataplex-oda/roles/bigquery.jobUser/user:admin@akhanolkar.altostrat.com",
            "member": "user:admin@akhanolkar.altostrat.com",
            "project": "dataplex-oda",
            "role": "roles/bigquery.jobUser"
          },
          "sensitive_attributes": [],
          "private": "bnVsbA==",
          "dependencies": [
            "google_project_organization_policy.bool-policies",
            "google_project_organization_policy.list_policies",
            "module.activate_service_apis.data.google_compute_default_service_account.default",
            "module.activate_service_apis.google_project_iam_member.project_service_identity_roles",
            "module.activate_service_apis.google_project_service.project_services",
            "module.activate_service_apis.google_project_service_identity.project_service_identities",
            "module.umsa_creation.google_billing_account_iam_member.billing_user",
            "module.umsa_creation.google_organization_iam_member.billing_user",
            "module.umsa_creation.google_organization_iam_member.organization_viewer",
            "module.umsa_creation.google_organization_iam_member.xpn_admin",
            "module.umsa_creation.google_project_iam_member.project-roles",
            "module.umsa_creation.google_service_account.service_accounts",
            "module.umsa_creation.google_service_account_key.keys",
            "module.umsa_impersonate_privs_to_admin.google_service_account_iam_binding.service_account_iam_authoritative",
            "module.umsa_impersonate_privs_to_admin.google_service_account_iam_member.service_account_iam_additive",
            "module.umsa_role_grants.google_project_iam_member.project_iam_member",
            "time_sleep.sleep_after_activate_service_apis",
            "time_sleep.sleep_after_apis_and_org_policies"
          ]
        },
        {
          "index_key": "default--roles/bigquery.user--user:admin@akhanolkar.altostrat.com",
          "schema_version": 0,
          "attributes": {
            "condition": [],
            "etag": "BwXzGt5y9wA=",
            "id": "dataplex-oda/roles/bigquery.user/user:admin@akhanolkar.altostrat.com",
            "member": "user:admin@akhanolkar.altostrat.com",
            "project": "dataplex-oda",
            "role": "roles/bigquery.user"
          },
          "sensitive_attributes": [],
          "private": "bnVsbA==",
          "dependencies": [
            "google_project_organization_policy.bool-policies",
            "google_project_organization_policy.list_policies",
            "module.activate_service_apis.data.google_compute_default_service_account.default",
            "module.activate_service_apis.google_project_iam_member.project_service_identity_roles",
            "module.activate_service_apis.google_project_service.project_services",
            "module.activate_service_apis.google_project_service_identity.project_service_identities",
            "module.umsa_creation.google_billing_account_iam_member.billing_user",
            "module.umsa_creation.google_organization_iam_member.billing_user",
            "module.umsa_creation.google_organization_iam_member.organization_viewer",
            "module.umsa_creation.google_organization_iam_member.xpn_admin",
            "module.umsa_creation.google_project_iam_member.project-roles",
            "module.umsa_creation.google_service_account.service_accounts",
            "module.umsa_creation.google_service_account_key.keys",
            "module.umsa_impersonate_privs_to_admin.google_service_account_iam_binding.service_account_iam_authoritative",
            "module.umsa_impersonate_privs_to_admin.google_service_account_iam_member.service_account_iam_additive",
            "module.umsa_role_grants.google_project_iam_member.project_iam_member",
            "time_sleep.sleep_after_activate_service_apis",
            "time_sleep.sleep_after_apis_and_org_policies"
          ]
        },
        {
          "index_key": "default--roles/composer.admin--user:admin@akhanolkar.altostrat.com",
          "schema_version": 0,
          "attributes": {
            "condition": [],
            "etag": "BwXzGt5y9wA=",
            "id": "dataplex-oda/roles/composer.admin/user:admin@akhanolkar.altostrat.com",
            "member": "user:admin@akhanolkar.altostrat.com",
            "project": "dataplex-oda",
            "role": "roles/composer.admin"
          },
          "sensitive_attributes": [],
          "private": "bnVsbA==",
          "dependencies": [
            "google_project_organization_policy.bool-policies",
            "google_project_organization_policy.list_policies",
            "module.activate_service_apis.data.google_compute_default_service_account.default",
            "module.activate_service_apis.google_project_iam_member.project_service_identity_roles",
            "module.activate_service_apis.google_project_service.project_services",
            "module.activate_service_apis.google_project_service_identity.project_service_identities",
            "module.umsa_creation.google_billing_account_iam_member.billing_user",
            "module.umsa_creation.google_organization_iam_member.billing_user",
            "module.umsa_creation.google_organization_iam_member.organization_viewer",
            "module.umsa_creation.google_organization_iam_member.xpn_admin",
            "module.umsa_creation.google_project_iam_member.project-roles",
            "module.umsa_creation.google_service_account.service_accounts",
            "module.umsa_creation.google_service_account_key.keys",
            "module.umsa_impersonate_privs_to_admin.google_service_account_iam_binding.service_account_iam_authoritative",
            "module.umsa_impersonate_privs_to_admin.google_service_account_iam_member.service_account_iam_additive",
            "module.umsa_role_grants.google_project_iam_member.project_iam_member",
            "time_sleep.sleep_after_activate_service_apis",
            "time_sleep.sleep_after_apis_and_org_policies"
          ]
        },
        {
          "index_key": "default--roles/composer.environmentAndStorageObjectViewer--user:admin@akhanolkar.altostrat.com",
          "schema_version": 0,
          "attributes": {
            "condition": [],
            "etag": "BwXzGt5y9wA=",
            "id": "dataplex-oda/roles/composer.environmentAndStorageObjectViewer/user:admin@akhanolkar.altostrat.com",
            "member": "user:admin@akhanolkar.altostrat.com",
            "project": "dataplex-oda",
            "role": "roles/composer.environmentAndStorageObjectViewer"
          },
          "sensitive_attributes": [],
          "private": "bnVsbA==",
          "dependencies": [
            "google_project_organization_policy.bool-policies",
            "google_project_organization_policy.list_policies",
            "module.activate_service_apis.data.google_compute_default_service_account.default",
            "module.activate_service_apis.google_project_iam_member.project_service_identity_roles",
            "module.activate_service_apis.google_project_service.project_services",
            "module.activate_service_apis.google_project_service_identity.project_service_identities",
            "module.umsa_creation.google_billing_account_iam_member.billing_user",
            "module.umsa_creation.google_organization_iam_member.billing_user",
            "module.umsa_creation.google_organization_iam_member.organization_viewer",
            "module.umsa_creation.google_organization_iam_member.xpn_admin",
            "module.umsa_creation.google_project_iam_member.project-roles",
            "module.umsa_creation.google_service_account.service_accounts",
            "module.umsa_creation.google_service_account_key.keys",
            "module.umsa_impersonate_privs_to_admin.google_service_account_iam_binding.service_account_iam_authoritative",
            "module.umsa_impersonate_privs_to_admin.google_service_account_iam_member.service_account_iam_additive",
            "module.umsa_role_grants.google_project_iam_member.project_iam_member",
            "time_sleep.sleep_after_activate_service_apis",
            "time_sleep.sleep_after_apis_and_org_policies"
          ]
        },
        {
          "index_key": "default--roles/compute.networkAdmin--user:admin@akhanolkar.altostrat.com",
          "schema_version": 0,
          "attributes": {
            "condition": [],
            "etag": "BwXzGt5y9wA=",
            "id": "dataplex-oda/roles/compute.networkAdmin/user:admin@akhanolkar.altostrat.com",
            "member": "user:admin@akhanolkar.altostrat.com",
            "project": "dataplex-oda",
            "role": "roles/compute.networkAdmin"
          },
          "sensitive_attributes": [],
          "private": "bnVsbA==",
          "dependencies": [
            "google_project_organization_policy.bool-policies",
            "google_project_organization_policy.list_policies",
            "module.activate_service_apis.data.google_compute_default_service_account.default",
            "module.activate_service_apis.google_project_iam_member.project_service_identity_roles",
            "module.activate_service_apis.google_project_service.project_services",
            "module.activate_service_apis.google_project_service_identity.project_service_identities",
            "module.umsa_creation.google_billing_account_iam_member.billing_user",
            "module.umsa_creation.google_organization_iam_member.billing_user",
            "module.umsa_creation.google_organization_iam_member.organization_viewer",
            "module.umsa_creation.google_organization_iam_member.xpn_admin",
            "module.umsa_creation.google_project_iam_member.project-roles",
            "module.umsa_creation.google_service_account.service_accounts",
            "module.umsa_creation.google_service_account_key.keys",
            "module.umsa_impersonate_privs_to_admin.google_service_account_iam_binding.service_account_iam_authoritative",
            "module.umsa_impersonate_privs_to_admin.google_service_account_iam_member.service_account_iam_additive",
            "module.umsa_role_grants.google_project_iam_member.project_iam_member",
            "time_sleep.sleep_after_activate_service_apis",
            "time_sleep.sleep_after_apis_and_org_policies"
          ]
        },
        {
          "index_key": "default--roles/dataproc.admin--user:admin@akhanolkar.altostrat.com",
          "schema_version": 0,
          "attributes": {
            "condition": [],
            "etag": "BwXzGt5y9wA=",
            "id": "dataplex-oda/roles/dataproc.admin/user:admin@akhanolkar.altostrat.com",
            "member": "user:admin@akhanolkar.altostrat.com",
            "project": "dataplex-oda",
            "role": "roles/dataproc.admin"
          },
          "sensitive_attributes": [],
          "private": "bnVsbA==",
          "dependencies": [
            "google_project_organization_policy.bool-policies",
            "google_project_organization_policy.list_policies",
            "module.activate_service_apis.data.google_compute_default_service_account.default",
            "module.activate_service_apis.google_project_iam_member.project_service_identity_roles",
            "module.activate_service_apis.google_project_service.project_services",
            "module.activate_service_apis.google_project_service_identity.project_service_identities",
            "module.umsa_creation.google_billing_account_iam_member.billing_user",
            "module.umsa_creation.google_organization_iam_member.billing_user",
            "module.umsa_creation.google_organization_iam_member.organization_viewer",
            "module.umsa_creation.google_organization_iam_member.xpn_admin",
            "module.umsa_creation.google_project_iam_member.project-roles",
            "module.umsa_creation.google_service_account.service_accounts",
            "module.umsa_creation.google_service_account_key.keys",
            "module.umsa_impersonate_privs_to_admin.google_service_account_iam_binding.service_account_iam_authoritative",
            "module.umsa_impersonate_privs_to_admin.google_service_account_iam_member.service_account_iam_additive",
            "module.umsa_role_grants.google_project_iam_member.project_iam_member",
            "time_sleep.sleep_after_activate_service_apis",
            "time_sleep.sleep_after_apis_and_org_policies"
          ]
        },
        {
          "index_key": "default--roles/iam.serviceAccountTokenCreator--user:admin@akhanolkar.altostrat.com",
          "schema_version": 0,
          "attributes": {
            "condition": [],
            "etag": "BwXzGt5y9wA=",
            "id": "dataplex-oda/roles/iam.serviceAccountTokenCreator/user:admin@akhanolkar.altostrat.com",
            "member": "user:admin@akhanolkar.altostrat.com",
            "project": "dataplex-oda",
            "role": "roles/iam.serviceAccountTokenCreator"
          },
          "sensitive_attributes": [],
          "private": "bnVsbA==",
          "dependencies": [
            "google_project_organization_policy.bool-policies",
            "google_project_organization_policy.list_policies",
            "module.activate_service_apis.data.google_compute_default_service_account.default",
            "module.activate_service_apis.google_project_iam_member.project_service_identity_roles",
            "module.activate_service_apis.google_project_service.project_services",
            "module.activate_service_apis.google_project_service_identity.project_service_identities",
            "module.umsa_creation.google_billing_account_iam_member.billing_user",
            "module.umsa_creation.google_organization_iam_member.billing_user",
            "module.umsa_creation.google_organization_iam_member.organization_viewer",
            "module.umsa_creation.google_organization_iam_member.xpn_admin",
            "module.umsa_creation.google_project_iam_member.project-roles",
            "module.umsa_creation.google_service_account.service_accounts",
            "module.umsa_creation.google_service_account_key.keys",
            "module.umsa_impersonate_privs_to_admin.google_service_account_iam_binding.service_account_iam_authoritative",
            "module.umsa_impersonate_privs_to_admin.google_service_account_iam_member.service_account_iam_additive",
            "module.umsa_role_grants.google_project_iam_member.project_iam_member",
            "time_sleep.sleep_after_activate_service_apis",
            "time_sleep.sleep_after_apis_and_org_policies"
          ]
        },
        {
          "index_key": "default--roles/iam.serviceAccountUser--user:admin@akhanolkar.altostrat.com",
          "schema_version": 0,
          "attributes": {
            "condition": [],
            "etag": "BwXzGt5y9wA=",
            "id": "dataplex-oda/roles/iam.serviceAccountUser/user:admin@akhanolkar.altostrat.com",
            "member": "user:admin@akhanolkar.altostrat.com",
            "project": "dataplex-oda",
            "role": "roles/iam.serviceAccountUser"
          },
          "sensitive_attributes": [],
          "private": "bnVsbA==",
          "dependencies": [
            "google_project_organization_policy.bool-policies",
            "google_project_organization_policy.list_policies",
            "module.activate_service_apis.data.google_compute_default_service_account.default",
            "module.activate_service_apis.google_project_iam_member.project_service_identity_roles",
            "module.activate_service_apis.google_project_service.project_services",
            "module.activate_service_apis.google_project_service_identity.project_service_identities",
            "module.umsa_creation.google_billing_account_iam_member.billing_user",
            "module.umsa_creation.google_organization_iam_member.billing_user",
            "module.umsa_creation.google_organization_iam_member.organization_viewer",
            "module.umsa_creation.google_organization_iam_member.xpn_admin",
            "module.umsa_creation.google_project_iam_member.project-roles",
            "module.umsa_creation.google_service_account.service_accounts",
            "module.umsa_creation.google_service_account_key.keys",
            "module.umsa_impersonate_privs_to_admin.google_service_account_iam_binding.service_account_iam_authoritative",
            "module.umsa_impersonate_privs_to_admin.google_service_account_iam_member.service_account_iam_additive",
            "module.umsa_role_grants.google_project_iam_member.project_iam_member",
            "time_sleep.sleep_after_activate_service_apis",
            "time_sleep.sleep_after_apis_and_org_policies"
          ]
        },
        {
          "index_key": "default--roles/metastore.admin--user:admin@akhanolkar.altostrat.com",
          "schema_version": 0,
          "attributes": {
            "condition": [],
            "etag": "BwXzGt5y9wA=",
            "id": "dataplex-oda/roles/metastore.admin/user:admin@akhanolkar.altostrat.com",
            "member": "user:admin@akhanolkar.altostrat.com",
            "project": "dataplex-oda",
            "role": "roles/metastore.admin"
          },
          "sensitive_attributes": [],
          "private": "bnVsbA==",
          "dependencies": [
            "google_project_organization_policy.bool-policies",
            "google_project_organization_policy.list_policies",
            "module.activate_service_apis.data.google_compute_default_service_account.default",
            "module.activate_service_apis.google_project_iam_member.project_service_identity_roles",
            "module.activate_service_apis.google_project_service.project_services",
            "module.activate_service_apis.google_project_service_identity.project_service_identities",
            "module.umsa_creation.google_billing_account_iam_member.billing_user",
            "module.umsa_creation.google_organization_iam_member.billing_user",
            "module.umsa_creation.google_organization_iam_member.organization_viewer",
            "module.umsa_creation.google_organization_iam_member.xpn_admin",
            "module.umsa_creation.google_project_iam_member.project-roles",
            "module.umsa_creation.google_service_account.service_accounts",
            "module.umsa_creation.google_service_account_key.keys",
            "module.umsa_impersonate_privs_to_admin.google_service_account_iam_binding.service_account_iam_authoritative",
            "module.umsa_impersonate_privs_to_admin.google_service_account_iam_member.service_account_iam_additive",
            "module.umsa_role_grants.google_project_iam_member.project_iam_member",
            "time_sleep.sleep_after_activate_service_apis",
            "time_sleep.sleep_after_apis_and_org_policies"
          ]
        },
        {
          "index_key": "default--roles/storage.admin--user:admin@akhanolkar.altostrat.com",
          "schema_version": 0,
          "attributes": {
            "condition": [],
            "etag": "BwXzGt5y9wA=",
            "id": "dataplex-oda/roles/storage.admin/user:admin@akhanolkar.altostrat.com",
            "member": "user:admin@akhanolkar.altostrat.com",
            "project": "dataplex-oda",
            "role": "roles/storage.admin"
          },
          "sensitive_attributes": [],
          "private": "bnVsbA==",
          "dependencies": [
            "google_project_organization_policy.bool-policies",
            "google_project_organization_policy.list_policies",
            "module.activate_service_apis.data.google_compute_default_service_account.default",
            "module.activate_service_apis.google_project_iam_member.project_service_identity_roles",
            "module.activate_service_apis.google_project_service.project_services",
            "module.activate_service_apis.google_project_service_identity.project_service_identities",
            "module.umsa_creation.google_billing_account_iam_member.billing_user",
            "module.umsa_creation.google_organization_iam_member.billing_user",
            "module.umsa_creation.google_organization_iam_member.organization_viewer",
            "module.umsa_creation.google_organization_iam_member.xpn_admin",
            "module.umsa_creation.google_project_iam_member.project-roles",
            "module.umsa_creation.google_service_account.service_accounts",
            "module.umsa_creation.google_service_account_key.keys",
            "module.umsa_impersonate_privs_to_admin.google_service_account_iam_binding.service_account_iam_authoritative",
            "module.umsa_impersonate_privs_to_admin.google_service_account_iam_member.service_account_iam_additive",
            "module.umsa_role_grants.google_project_iam_member.project_iam_member",
            "time_sleep.sleep_after_activate_service_apis",
            "time_sleep.sleep_after_apis_and_org_policies"
          ]
        }
      ]
    },
    {
      "module": "module.gmsa_role_grants_cc",
      "mode": "managed",
      "type": "google_project_iam_member",
      "name": "project_iam_member",
      "provider": "provider[\"registry.terraform.io/hashicorp/google\"]",
      "instances": [
        {
          "index_key": "roles/composer.ServiceAgentV2Ext",
          "schema_version": 0,
          "attributes": {
            "condition": [],
            "etag": "BwXzGt5y9wA=",
            "id": "dataplex-oda/roles/composer.ServiceAgentV2Ext/serviceAccount:service-36819656457@cloudcomposer-accounts.iam.gserviceaccount.com",
            "member": "serviceAccount:service-36819656457@cloudcomposer-accounts.iam.gserviceaccount.com",
            "project": "dataplex-oda",
            "role": "roles/composer.ServiceAgentV2Ext"
          },
          "sensitive_attributes": [],
          "private": "bnVsbA==",
          "dependencies": [
            "google_project_organization_policy.bool-policies",
            "google_project_organization_policy.list_policies",
            "module.activate_service_apis.data.google_compute_default_service_account.default",
            "module.activate_service_apis.google_project_iam_member.project_service_identity_roles",
            "module.activate_service_apis.google_project_service.project_services",
            "module.activate_service_apis.google_project_service_identity.project_service_identities",
            "module.umsa_creation.google_billing_account_iam_member.billing_user",
            "module.umsa_creation.google_organization_iam_member.billing_user",
            "module.umsa_creation.google_organization_iam_member.organization_viewer",
            "module.umsa_creation.google_organization_iam_member.xpn_admin",
            "module.umsa_creation.google_project_iam_member.project-roles",
            "module.umsa_creation.google_service_account.service_accounts",
            "module.umsa_creation.google_service_account_key.keys",
            "module.umsa_role_grants.google_project_iam_member.project_iam_member",
            "time_sleep.sleep_after_activate_service_apis",
            "time_sleep.sleep_after_apis_and_org_policies"
          ]
        }
      ]
    },
    {
      "module": "module.gmsa_role_grants_gce",
      "mode": "managed",
      "type": "google_project_iam_member",
      "name": "project_iam_member",
      "provider": "provider[\"registry.terraform.io/hashicorp/google\"]",
      "instances": [
        {
          "index_key": "roles/editor",
          "schema_version": 0,
          "attributes": {
            "condition": [],
            "etag": "BwXzGt5y9wA=",
            "id": "dataplex-oda/roles/editor/serviceAccount:36819656457-compute@developer.gserviceaccount.com",
            "member": "serviceAccount:36819656457-compute@developer.gserviceaccount.com",
            "project": "dataplex-oda",
            "role": "roles/editor"
          },
          "sensitive_attributes": [],
          "private": "bnVsbA==",
          "dependencies": [
            "google_project_organization_policy.bool-policies",
            "google_project_organization_policy.list_policies",
            "module.activate_service_apis.data.google_compute_default_service_account.default",
            "module.activate_service_apis.google_project_iam_member.project_service_identity_roles",
            "module.activate_service_apis.google_project_service.project_services",
            "module.activate_service_apis.google_project_service_identity.project_service_identities",
            "module.umsa_creation.google_billing_account_iam_member.billing_user",
            "module.umsa_creation.google_organization_iam_member.billing_user",
            "module.umsa_creation.google_organization_iam_member.organization_viewer",
            "module.umsa_creation.google_organization_iam_member.xpn_admin",
            "module.umsa_creation.google_project_iam_member.project-roles",
            "module.umsa_creation.google_service_account.service_accounts",
            "module.umsa_creation.google_service_account_key.keys",
            "module.umsa_role_grants.google_project_iam_member.project_iam_member",
            "time_sleep.sleep_after_activate_service_apis",
            "time_sleep.sleep_after_apis_and_org_policies"
          ]
        }
      ]
    },
    {
      "module": "module.umsa_creation",
      "mode": "managed",
      "type": "google_service_account",
      "name": "service_accounts",
      "provider": "provider[\"registry.terraform.io/hashicorp/google\"]",
      "instances": [
        {
          "index_key": "lab-sa",
          "schema_version": 0,
          "attributes": {
            "account_id": "lab-sa",
            "description": "User Managed Service Account for Dataplex lab",
            "disabled": false,
            "display_name": "User Managed Service Account",
            "email": "lab-sa@dataplex-oda.iam.gserviceaccount.com",
            "id": "projects/dataplex-oda/serviceAccounts/lab-sa@dataplex-oda.iam.gserviceaccount.com",
            "member": "serviceAccount:lab-sa@dataplex-oda.iam.gserviceaccount.com",
            "name": "projects/dataplex-oda/serviceAccounts/lab-sa@dataplex-oda.iam.gserviceaccount.com",
            "project": "dataplex-oda",
            "timeouts": null,
            "unique_id": "112247042249049909889"
          },
          "sensitive_attributes": [],
          "private": "eyJlMmJmYjczMC1lY2FhLTExZTYtOGY4OC0zNDM2M2JjN2M0YzAiOnsiY3JlYXRlIjozMDAwMDAwMDAwMDB9fQ==",
          "dependencies": [
            "google_project_organization_policy.bool-policies",
            "google_project_organization_policy.list_policies",
            "module.activate_service_apis.data.google_compute_default_service_account.default",
            "module.activate_service_apis.google_project_iam_member.project_service_identity_roles",
            "module.activate_service_apis.google_project_service.project_services",
            "module.activate_service_apis.google_project_service_identity.project_service_identities",
            "time_sleep.sleep_after_activate_service_apis",
            "time_sleep.sleep_after_apis_and_org_policies"
          ]
        }
      ]
    },
    {
      "module": "module.umsa_impersonate_privs_to_admin",
      "mode": "managed",
      "type": "google_service_account_iam_member",
      "name": "service_account_iam_additive",
      "provider": "provider[\"registry.terraform.io/hashicorp/google\"]",
      "instances": [
        {
          "index_key": "default--roles/iam.serviceAccountTokenCreator--user:admin@akhanolkar.altostrat.com",
          "schema_version": 0,
          "attributes": {
            "condition": [],
            "etag": "BwXzH2k3npA=",
            "id": "projects/dataplex-oda/serviceAccounts/lab-sa@dataplex-oda.iam.gserviceaccount.com/roles/iam.serviceAccountTokenCreator/user:admin@akhanolkar.altostrat.com",
            "member": "user:admin@akhanolkar.altostrat.com",
            "role": "roles/iam.serviceAccountTokenCreator",
            "service_account_id": "projects/dataplex-oda/serviceAccounts/lab-sa@dataplex-oda.iam.gserviceaccount.com"
          },
          "sensitive_attributes": [],
          "private": "bnVsbA==",
          "dependencies": [
            "google_project_organization_policy.bool-policies",
            "google_project_organization_policy.list_policies",
            "module.activate_service_apis.data.google_compute_default_service_account.default",
            "module.activate_service_apis.google_project_iam_member.project_service_identity_roles",
            "module.activate_service_apis.google_project_service.project_services",
            "module.activate_service_apis.google_project_service_identity.project_service_identities",
            "module.umsa_creation.google_billing_account_iam_member.billing_user",
            "module.umsa_creation.google_organization_iam_member.billing_user",
            "module.umsa_creation.google_organization_iam_member.organization_viewer",
            "module.umsa_creation.google_organization_iam_member.xpn_admin",
            "module.umsa_creation.google_project_iam_member.project-roles",
            "module.umsa_creation.google_service_account.service_accounts",
            "module.umsa_creation.google_service_account_key.keys",
            "time_sleep.sleep_after_activate_service_apis",
            "time_sleep.sleep_after_apis_and_org_policies"
          ]
        },
        {
          "index_key": "default--roles/iam.serviceAccountUser--user:admin@akhanolkar.altostrat.com",
          "schema_version": 0,
          "attributes": {
            "condition": [],
            "etag": "BwXzH2k3npA=",
            "id": "projects/dataplex-oda/serviceAccounts/lab-sa@dataplex-oda.iam.gserviceaccount.com/roles/iam.serviceAccountUser/user:admin@akhanolkar.altostrat.com",
            "member": "user:admin@akhanolkar.altostrat.com",
            "role": "roles/iam.serviceAccountUser",
            "service_account_id": "projects/dataplex-oda/serviceAccounts/lab-sa@dataplex-oda.iam.gserviceaccount.com"
          },
          "sensitive_attributes": [],
          "private": "bnVsbA==",
          "dependencies": [
            "google_project_organization_policy.bool-policies",
            "google_project_organization_policy.list_policies",
            "module.activate_service_apis.data.google_compute_default_service_account.default",
            "module.activate_service_apis.google_project_iam_member.project_service_identity_roles",
            "module.activate_service_apis.google_project_service.project_services",
            "module.activate_service_apis.google_project_service_identity.project_service_identities",
            "module.umsa_creation.google_billing_account_iam_member.billing_user",
            "module.umsa_creation.google_organization_iam_member.billing_user",
            "module.umsa_creation.google_organization_iam_member.organization_viewer",
            "module.umsa_creation.google_organization_iam_member.xpn_admin",
            "module.umsa_creation.google_project_iam_member.project-roles",
            "module.umsa_creation.google_service_account.service_accounts",
            "module.umsa_creation.google_service_account_key.keys",
            "time_sleep.sleep_after_activate_service_apis",
            "time_sleep.sleep_after_apis_and_org_policies"
          ]
        }
      ]
    },
    {
      "module": "module.umsa_role_grants",
      "mode": "managed",
      "type": "google_project_iam_member",
      "name": "project_iam_member",
      "provider": "provider[\"registry.terraform.io/hashicorp/google\"]",
      "instances": [
        {
          "index_key": "roles/bigquery.admin",
          "schema_version": 0,
          "attributes": {
            "condition": [],
            "etag": "BwXzGt5y9wA=",
            "id": "dataplex-oda/roles/bigquery.admin/serviceAccount:lab-sa@dataplex-oda.iam.gserviceaccount.com",
            "member": "serviceAccount:lab-sa@dataplex-oda.iam.gserviceaccount.com",
            "project": "dataplex-oda",
            "role": "roles/bigquery.admin"
          },
          "sensitive_attributes": [],
          "private": "bnVsbA==",
          "dependencies": [
            "google_project_organization_policy.bool-policies",
            "google_project_organization_policy.list_policies",
            "module.activate_service_apis.data.google_compute_default_service_account.default",
            "module.activate_service_apis.google_project_iam_member.project_service_identity_roles",
            "module.activate_service_apis.google_project_service.project_services",
            "module.activate_service_apis.google_project_service_identity.project_service_identities",
            "module.umsa_creation.google_billing_account_iam_member.billing_user",
            "module.umsa_creation.google_organization_iam_member.billing_user",
            "module.umsa_creation.google_organization_iam_member.organization_viewer",
            "module.umsa_creation.google_organization_iam_member.xpn_admin",
            "module.umsa_creation.google_project_iam_member.project-roles",
            "module.umsa_creation.google_service_account.service_accounts",
            "module.umsa_creation.google_service_account_key.keys",
            "time_sleep.sleep_after_activate_service_apis",
            "time_sleep.sleep_after_apis_and_org_policies"
          ]
        },
        {
          "index_key": "roles/bigquery.dataEditor",
          "schema_version": 0,
          "attributes": {
            "condition": [],
            "etag": "BwXzGt5y9wA=",
            "id": "dataplex-oda/roles/bigquery.dataEditor/serviceAccount:lab-sa@dataplex-oda.iam.gserviceaccount.com",
            "member": "serviceAccount:lab-sa@dataplex-oda.iam.gserviceaccount.com",
            "project": "dataplex-oda",
            "role": "roles/bigquery.dataEditor"
          },
          "sensitive_attributes": [],
          "private": "bnVsbA==",
          "dependencies": [
            "google_project_organization_policy.bool-policies",
            "google_project_organization_policy.list_policies",
            "module.activate_service_apis.data.google_compute_default_service_account.default",
            "module.activate_service_apis.google_project_iam_member.project_service_identity_roles",
            "module.activate_service_apis.google_project_service.project_services",
            "module.activate_service_apis.google_project_service_identity.project_service_identities",
            "module.umsa_creation.google_billing_account_iam_member.billing_user",
            "module.umsa_creation.google_organization_iam_member.billing_user",
            "module.umsa_creation.google_organization_iam_member.organization_viewer",
            "module.umsa_creation.google_organization_iam_member.xpn_admin",
            "module.umsa_creation.google_project_iam_member.project-roles",
            "module.umsa_creation.google_service_account.service_accounts",
            "module.umsa_creation.google_service_account_key.keys",
            "time_sleep.sleep_after_activate_service_apis",
            "time_sleep.sleep_after_apis_and_org_policies"
          ]
        },
        {
          "index_key": "roles/composer.admin",
          "schema_version": 0,
          "attributes": {
            "condition": [],
            "etag": "BwXzGt5y9wA=",
            "id": "dataplex-oda/roles/composer.admin/serviceAccount:lab-sa@dataplex-oda.iam.gserviceaccount.com",
            "member": "serviceAccount:lab-sa@dataplex-oda.iam.gserviceaccount.com",
            "project": "dataplex-oda",
            "role": "roles/composer.admin"
          },
          "sensitive_attributes": [],
          "private": "bnVsbA==",
          "dependencies": [
            "google_project_organization_policy.bool-policies",
            "google_project_organization_policy.list_policies",
            "module.activate_service_apis.data.google_compute_default_service_account.default",
            "module.activate_service_apis.google_project_iam_member.project_service_identity_roles",
            "module.activate_service_apis.google_project_service.project_services",
            "module.activate_service_apis.google_project_service_identity.project_service_identities",
            "module.umsa_creation.google_billing_account_iam_member.billing_user",
            "module.umsa_creation.google_organization_iam_member.billing_user",
            "module.umsa_creation.google_organization_iam_member.organization_viewer",
            "module.umsa_creation.google_organization_iam_member.xpn_admin",
            "module.umsa_creation.google_project_iam_member.project-roles",
            "module.umsa_creation.google_service_account.service_accounts",
            "module.umsa_creation.google_service_account_key.keys",
            "time_sleep.sleep_after_activate_service_apis",
            "time_sleep.sleep_after_apis_and_org_policies"
          ]
        },
        {
          "index_key": "roles/composer.worker",
          "schema_version": 0,
          "attributes": {
            "condition": [],
            "etag": "BwXzGt5y9wA=",
            "id": "dataplex-oda/roles/composer.worker/serviceAccount:lab-sa@dataplex-oda.iam.gserviceaccount.com",
            "member": "serviceAccount:lab-sa@dataplex-oda.iam.gserviceaccount.com",
            "project": "dataplex-oda",
            "role": "roles/composer.worker"
          },
          "sensitive_attributes": [],
          "private": "bnVsbA==",
          "dependencies": [
            "google_project_organization_policy.bool-policies",
            "google_project_organization_policy.list_policies",
            "module.activate_service_apis.data.google_compute_default_service_account.default",
            "module.activate_service_apis.google_project_iam_member.project_service_identity_roles",
            "module.activate_service_apis.google_project_service.project_services",
            "module.activate_service_apis.google_project_service_identity.project_service_identities",
            "module.umsa_creation.google_billing_account_iam_member.billing_user",
            "module.umsa_creation.google_organization_iam_member.billing_user",
            "module.umsa_creation.google_organization_iam_member.organization_viewer",
            "module.umsa_creation.google_organization_iam_member.xpn_admin",
            "module.umsa_creation.google_project_iam_member.project-roles",
            "module.umsa_creation.google_service_account.service_accounts",
            "module.umsa_creation.google_service_account_key.keys",
            "time_sleep.sleep_after_activate_service_apis",
            "time_sleep.sleep_after_apis_and_org_policies"
          ]
        },
        {
          "index_key": "roles/dataproc.editor",
          "schema_version": 0,
          "attributes": {
            "condition": [],
            "etag": "BwXzGt5y9wA=",
            "id": "dataplex-oda/roles/dataproc.editor/serviceAccount:lab-sa@dataplex-oda.iam.gserviceaccount.com",
            "member": "serviceAccount:lab-sa@dataplex-oda.iam.gserviceaccount.com",
            "project": "dataplex-oda",
            "role": "roles/dataproc.editor"
          },
          "sensitive_attributes": [],
          "private": "bnVsbA==",
          "dependencies": [
            "google_project_organization_policy.bool-policies",
            "google_project_organization_policy.list_policies",
            "module.activate_service_apis.data.google_compute_default_service_account.default",
            "module.activate_service_apis.google_project_iam_member.project_service_identity_roles",
            "module.activate_service_apis.google_project_service.project_services",
            "module.activate_service_apis.google_project_service_identity.project_service_identities",
            "module.umsa_creation.google_billing_account_iam_member.billing_user",
            "module.umsa_creation.google_organization_iam_member.billing_user",
            "module.umsa_creation.google_organization_iam_member.organization_viewer",
            "module.umsa_creation.google_organization_iam_member.xpn_admin",
            "module.umsa_creation.google_project_iam_member.project-roles",
            "module.umsa_creation.google_service_account.service_accounts",
            "module.umsa_creation.google_service_account_key.keys",
            "time_sleep.sleep_after_activate_service_apis",
            "time_sleep.sleep_after_apis_and_org_policies"
          ]
        },
        {
          "index_key": "roles/dataproc.worker",
          "schema_version": 0,
          "attributes": {
            "condition": [],
            "etag": "BwXzGt5y9wA=",
            "id": "dataplex-oda/roles/dataproc.worker/serviceAccount:lab-sa@dataplex-oda.iam.gserviceaccount.com",
            "member": "serviceAccount:lab-sa@dataplex-oda.iam.gserviceaccount.com",
            "project": "dataplex-oda",
            "role": "roles/dataproc.worker"
          },
          "sensitive_attributes": [],
          "private": "bnVsbA==",
          "dependencies": [
            "google_project_organization_policy.bool-policies",
            "google_project_organization_policy.list_policies",
            "module.activate_service_apis.data.google_compute_default_service_account.default",
            "module.activate_service_apis.google_project_iam_member.project_service_identity_roles",
            "module.activate_service_apis.google_project_service.project_services",
            "module.activate_service_apis.google_project_service_identity.project_service_identities",
            "module.umsa_creation.google_billing_account_iam_member.billing_user",
            "module.umsa_creation.google_organization_iam_member.billing_user",
            "module.umsa_creation.google_organization_iam_member.organization_viewer",
            "module.umsa_creation.google_organization_iam_member.xpn_admin",
            "module.umsa_creation.google_project_iam_member.project-roles",
            "module.umsa_creation.google_service_account.service_accounts",
            "module.umsa_creation.google_service_account_key.keys",
            "time_sleep.sleep_after_activate_service_apis",
            "time_sleep.sleep_after_apis_and_org_policies"
          ]
        },
        {
          "index_key": "roles/iam.serviceAccountTokenCreator",
          "schema_version": 0,
          "attributes": {
            "condition": [],
            "etag": "BwXzGt5y9wA=",
            "id": "dataplex-oda/roles/iam.serviceAccountTokenCreator/serviceAccount:lab-sa@dataplex-oda.iam.gserviceaccount.com",
            "member": "serviceAccount:lab-sa@dataplex-oda.iam.gserviceaccount.com",
            "project": "dataplex-oda",
            "role": "roles/iam.serviceAccountTokenCreator"
          },
          "sensitive_attributes": [],
          "private": "bnVsbA==",
          "dependencies": [
            "google_project_organization_policy.bool-policies",
            "google_project_organization_policy.list_policies",
            "module.activate_service_apis.data.google_compute_default_service_account.default",
            "module.activate_service_apis.google_project_iam_member.project_service_identity_roles",
            "module.activate_service_apis.google_project_service.project_services",
            "module.activate_service_apis.google_project_service_identity.project_service_identities",
            "module.umsa_creation.google_billing_account_iam_member.billing_user",
            "module.umsa_creation.google_organization_iam_member.billing_user",
            "module.umsa_creation.google_organization_iam_member.organization_viewer",
            "module.umsa_creation.google_organization_iam_member.xpn_admin",
            "module.umsa_creation.google_project_iam_member.project-roles",
            "module.umsa_creation.google_service_account.service_accounts",
            "module.umsa_creation.google_service_account_key.keys",
            "time_sleep.sleep_after_activate_service_apis",
            "time_sleep.sleep_after_apis_and_org_policies"
          ]
        },
        {
          "index_key": "roles/iam.serviceAccountUser",
          "schema_version": 0,
          "attributes": {
            "condition": [],
            "etag": "BwXzGt5y9wA=",
            "id": "dataplex-oda/roles/iam.serviceAccountUser/serviceAccount:lab-sa@dataplex-oda.iam.gserviceaccount.com",
            "member": "serviceAccount:lab-sa@dataplex-oda.iam.gserviceaccount.com",
            "project": "dataplex-oda",
            "role": "roles/iam.serviceAccountUser"
          },
          "sensitive_attributes": [],
          "private": "bnVsbA==",
          "dependencies": [
            "google_project_organization_policy.bool-policies",
            "google_project_organization_policy.list_policies",
            "module.activate_service_apis.data.google_compute_default_service_account.default",
            "module.activate_service_apis.google_project_iam_member.project_service_identity_roles",
            "module.activate_service_apis.google_project_service.project_services",
            "module.activate_service_apis.google_project_service_identity.project_service_identities",
            "module.umsa_creation.google_billing_account_iam_member.billing_user",
            "module.umsa_creation.google_organization_iam_member.billing_user",
            "module.umsa_creation.google_organization_iam_member.organization_viewer",
            "module.umsa_creation.google_organization_iam_member.xpn_admin",
            "module.umsa_creation.google_project_iam_member.project-roles",
            "module.umsa_creation.google_service_account.service_accounts",
            "module.umsa_creation.google_service_account_key.keys",
            "time_sleep.sleep_after_activate_service_apis",
            "time_sleep.sleep_after_apis_and_org_policies"
          ]
        },
        {
          "index_key": "roles/metastore.admin",
          "schema_version": 0,
          "attributes": {
            "condition": [],
            "etag": "BwXzGt5y9wA=",
            "id": "dataplex-oda/roles/metastore.admin/serviceAccount:lab-sa@dataplex-oda.iam.gserviceaccount.com",
            "member": "serviceAccount:lab-sa@dataplex-oda.iam.gserviceaccount.com",
            "project": "dataplex-oda",
            "role": "roles/metastore.admin"
          },
          "sensitive_attributes": [],
          "private": "bnVsbA==",
          "dependencies": [
            "google_project_organization_policy.bool-policies",
            "google_project_organization_policy.list_policies",
            "module.activate_service_apis.data.google_compute_default_service_account.default",
            "module.activate_service_apis.google_project_iam_member.project_service_identity_roles",
            "module.activate_service_apis.google_project_service.project_services",
            "module.activate_service_apis.google_project_service_identity.project_service_identities",
            "module.umsa_creation.google_billing_account_iam_member.billing_user",
            "module.umsa_creation.google_organization_iam_member.billing_user",
            "module.umsa_creation.google_organization_iam_member.organization_viewer",
            "module.umsa_creation.google_organization_iam_member.xpn_admin",
            "module.umsa_creation.google_project_iam_member.project-roles",
            "module.umsa_creation.google_service_account.service_accounts",
            "module.umsa_creation.google_service_account_key.keys",
            "time_sleep.sleep_after_activate_service_apis",
            "time_sleep.sleep_after_apis_and_org_policies"
          ]
        },
        {
          "index_key": "roles/metastore.editor",
          "schema_version": 0,
          "attributes": {
            "condition": [],
            "etag": "BwXzGt5y9wA=",
            "id": "dataplex-oda/roles/metastore.editor/serviceAccount:lab-sa@dataplex-oda.iam.gserviceaccount.com",
            "member": "serviceAccount:lab-sa@dataplex-oda.iam.gserviceaccount.com",
            "project": "dataplex-oda",
            "role": "roles/metastore.editor"
          },
          "sensitive_attributes": [],
          "private": "bnVsbA==",
          "dependencies": [
            "google_project_organization_policy.bool-policies",
            "google_project_organization_policy.list_policies",
            "module.activate_service_apis.data.google_compute_default_service_account.default",
            "module.activate_service_apis.google_project_iam_member.project_service_identity_roles",
            "module.activate_service_apis.google_project_service.project_services",
            "module.activate_service_apis.google_project_service_identity.project_service_identities",
            "module.umsa_creation.google_billing_account_iam_member.billing_user",
            "module.umsa_creation.google_organization_iam_member.billing_user",
            "module.umsa_creation.google_organization_iam_member.organization_viewer",
            "module.umsa_creation.google_organization_iam_member.xpn_admin",
            "module.umsa_creation.google_project_iam_member.project-roles",
            "module.umsa_creation.google_service_account.service_accounts",
            "module.umsa_creation.google_service_account_key.keys",
            "time_sleep.sleep_after_activate_service_apis",
            "time_sleep.sleep_after_apis_and_org_policies"
          ]
        },
        {
          "index_key": "roles/serviceusage.serviceUsageConsumer",
          "schema_version": 0,
          "attributes": {
            "condition": [],
            "etag": "BwXzH3YAjEI=",
            "id": "dataplex-oda/roles/serviceusage.serviceUsageConsumer/serviceAccount:lab-sa@dataplex-oda.iam.gserviceaccount.com",
            "member": "serviceAccount:lab-sa@dataplex-oda.iam.gserviceaccount.com",
            "project": "dataplex-oda",
            "role": "roles/serviceusage.serviceUsageConsumer"
          },
          "sensitive_attributes": [],
          "private": "bnVsbA==",
          "dependencies": [
            "module.umsa_creation.google_billing_account_iam_member.billing_user",
            "module.umsa_creation.google_organization_iam_member.billing_user",
            "module.umsa_creation.google_organization_iam_member.organization_viewer",
            "module.umsa_creation.google_organization_iam_member.xpn_admin",
            "module.umsa_creation.google_project_iam_member.project-roles",
            "module.umsa_creation.google_service_account.service_accounts",
            "module.umsa_creation.google_service_account_key.keys",
            "time_sleep.sleep_after_apis_and_org_policies"
          ]
        },
        {
          "index_key": "roles/storage.admin",
          "schema_version": 0,
          "attributes": {
            "condition": [],
            "etag": "BwXzGt5y9wA=",
            "id": "dataplex-oda/roles/storage.admin/serviceAccount:lab-sa@dataplex-oda.iam.gserviceaccount.com",
            "member": "serviceAccount:lab-sa@dataplex-oda.iam.gserviceaccount.com",
            "project": "dataplex-oda",
            "role": "roles/storage.admin"
          },
          "sensitive_attributes": [],
          "private": "bnVsbA==",
          "dependencies": [
            "google_project_organization_policy.bool-policies",
            "google_project_organization_policy.list_policies",
            "module.activate_service_apis.data.google_compute_default_service_account.default",
            "module.activate_service_apis.google_project_iam_member.project_service_identity_roles",
            "module.activate_service_apis.google_project_service.project_services",
            "module.activate_service_apis.google_project_service_identity.project_service_identities",
            "module.umsa_creation.google_billing_account_iam_member.billing_user",
            "module.umsa_creation.google_organization_iam_member.billing_user",
            "module.umsa_creation.google_organization_iam_member.organization_viewer",
            "module.umsa_creation.google_organization_iam_member.xpn_admin",
            "module.umsa_creation.google_project_iam_member.project-roles",
            "module.umsa_creation.google_service_account.service_accounts",
            "module.umsa_creation.google_service_account_key.keys",
            "time_sleep.sleep_after_activate_service_apis",
            "time_sleep.sleep_after_apis_and_org_policies"
          ]
        },
        {
          "index_key": "roles/storage.objectAdmin",
          "schema_version": 0,
          "attributes": {
            "condition": [],
            "etag": "BwXzGt5y9wA=",
            "id": "dataplex-oda/roles/storage.objectAdmin/serviceAccount:lab-sa@dataplex-oda.iam.gserviceaccount.com",
            "member": "serviceAccount:lab-sa@dataplex-oda.iam.gserviceaccount.com",
            "project": "dataplex-oda",
            "role": "roles/storage.objectAdmin"
          },
          "sensitive_attributes": [],
          "private": "bnVsbA==",
          "dependencies": [
            "google_project_organization_policy.bool-policies",
            "google_project_organization_policy.list_policies",
            "module.activate_service_apis.data.google_compute_default_service_account.default",
            "module.activate_service_apis.google_project_iam_member.project_service_identity_roles",
            "module.activate_service_apis.google_project_service.project_services",
            "module.activate_service_apis.google_project_service_identity.project_service_identities",
            "module.umsa_creation.google_billing_account_iam_member.billing_user",
            "module.umsa_creation.google_organization_iam_member.billing_user",
            "module.umsa_creation.google_organization_iam_member.organization_viewer",
            "module.umsa_creation.google_organization_iam_member.xpn_admin",
            "module.umsa_creation.google_project_iam_member.project-roles",
            "module.umsa_creation.google_service_account.service_accounts",
            "module.umsa_creation.google_service_account_key.keys",
            "time_sleep.sleep_after_activate_service_apis",
            "time_sleep.sleep_after_apis_and_org_policies"
          ]
        },
        {
          "index_key": "roles/viewer",
          "schema_version": 0,
          "attributes": {
            "condition": [],
            "etag": "BwXzGt5y9wA=",
            "id": "dataplex-oda/roles/viewer/serviceAccount:lab-sa@dataplex-oda.iam.gserviceaccount.com",
            "member": "serviceAccount:lab-sa@dataplex-oda.iam.gserviceaccount.com",
            "project": "dataplex-oda",
            "role": "roles/viewer"
          },
          "sensitive_attributes": [],
          "private": "bnVsbA==",
          "dependencies": [
            "google_project_organization_policy.bool-policies",
            "google_project_organization_policy.list_policies",
            "module.activate_service_apis.data.google_compute_default_service_account.default",
            "module.activate_service_apis.google_project_iam_member.project_service_identity_roles",
            "module.activate_service_apis.google_project_service.project_services",
            "module.activate_service_apis.google_project_service_identity.project_service_identities",
            "module.umsa_creation.google_billing_account_iam_member.billing_user",
            "module.umsa_creation.google_organization_iam_member.billing_user",
            "module.umsa_creation.google_organization_iam_member.organization_viewer",
            "module.umsa_creation.google_organization_iam_member.xpn_admin",
            "module.umsa_creation.google_project_iam_member.project-roles",
            "module.umsa_creation.google_service_account.service_accounts",
            "module.umsa_creation.google_service_account_key.keys",
            "time_sleep.sleep_after_activate_service_apis",
            "time_sleep.sleep_after_apis_and_org_policies"
          ]
        }
      ]
    },
    {
      "module": "module.vpc_creation.module.subnets",
      "mode": "managed",
      "type": "google_compute_subnetwork",
      "name": "subnetwork",
      "provider": "provider[\"registry.terraform.io/hashicorp/google\"]",
      "instances": [
        {
          "index_key": "us-central1/lab-snet",
          "schema_version": 0,
          "attributes": {
            "creation_timestamp": "2023-01-23T12:27:59.588-08:00",
            "description": "",
            "external_ipv6_prefix": "",
            "fingerprint": null,
            "gateway_address": "10.0.0.1",
            "id": "projects/dataplex-oda/regions/us-central1/subnetworks/lab-snet",
            "ip_cidr_range": "10.0.0.0/16",
            "ipv6_access_type": "",
            "ipv6_cidr_range": "",
            "log_config": [],
            "name": "lab-snet",
            "network": "https://www.googleapis.com/compute/v1/projects/dataplex-oda/global/networks/lab-vpc-36819656457",
            "private_ip_google_access": true,
            "private_ipv6_google_access": "DISABLE_GOOGLE_ACCESS",
            "project": "dataplex-oda",
            "purpose": "PRIVATE",
            "region": "us-central1",
            "role": "",
            "secondary_ip_range": [],
            "self_link": "https://www.googleapis.com/compute/v1/projects/dataplex-oda/regions/us-central1/subnetworks/lab-snet",
            "stack_type": "IPV4_ONLY",
            "timeouts": null
          },
          "sensitive_attributes": [],
          "private": "eyJlMmJmYjczMC1lY2FhLTExZTYtOGY4OC0zNDM2M2JjN2M0YzAiOnsiY3JlYXRlIjoxMjAwMDAwMDAwMDAwLCJkZWxldGUiOjEyMDAwMDAwMDAwMDAsInVwZGF0ZSI6MTIwMDAwMDAwMDAwMH19",
          "dependencies": [
            "google_project_organization_policy.bool-policies",
            "google_project_organization_policy.list_policies",
            "module.activate_service_apis.data.google_compute_default_service_account.default",
            "module.activate_service_apis.google_project_iam_member.project_service_identity_roles",
            "module.activate_service_apis.google_project_service.project_services",
            "module.activate_service_apis.google_project_service_identity.project_service_identities",
            "module.administrator_role_grants.google_project_iam_binding.project_iam_authoritative",
            "module.administrator_role_grants.google_project_iam_member.project_iam_additive",
            "module.gmsa_role_grants_cc.google_project_iam_member.project_iam_member",
            "module.gmsa_role_grants_gce.google_project_iam_member.project_iam_member",
            "module.umsa_creation.google_billing_account_iam_member.billing_user",
            "module.umsa_creation.google_organization_iam_member.billing_user",
            "module.umsa_creation.google_organization_iam_member.organization_viewer",
            "module.umsa_creation.google_organization_iam_member.xpn_admin",
            "module.umsa_creation.google_project_iam_member.project-roles",
            "module.umsa_creation.google_service_account.service_accounts",
            "module.umsa_creation.google_service_account_key.keys",
            "module.umsa_impersonate_privs_to_admin.google_service_account_iam_binding.service_account_iam_authoritative",
            "module.umsa_impersonate_privs_to_admin.google_service_account_iam_member.service_account_iam_additive",
            "module.umsa_role_grants.google_project_iam_member.project_iam_member",
            "module.vpc_creation.module.vpc.google_compute_network.network",
            "time_sleep.sleep_after_activate_service_apis",
            "time_sleep.sleep_after_apis_and_org_policies",
            "time_sleep.sleep_after_identities_permissions"
          ]
        }
      ]
    },
    {
      "module": "module.vpc_creation.module.vpc",
      "mode": "managed",
      "type": "google_compute_network",
      "name": "network",
      "provider": "provider[\"registry.terraform.io/hashicorp/google\"]",
      "instances": [
        {
          "schema_version": 0,
          "attributes": {
            "auto_create_subnetworks": false,
            "delete_default_routes_on_create": false,
            "description": "",
            "enable_ula_internal_ipv6": false,
            "gateway_ipv4": "",
            "id": "projects/dataplex-oda/global/networks/lab-vpc-36819656457",
            "internal_ipv6_range": "",
            "mtu": 0,
            "name": "lab-vpc-36819656457",
            "project": "dataplex-oda",
            "routing_mode": "REGIONAL",
            "self_link": "https://www.googleapis.com/compute/v1/projects/dataplex-oda/global/networks/lab-vpc-36819656457",
            "timeouts": null
          },
          "sensitive_attributes": [],
          "private": "eyJlMmJmYjczMC1lY2FhLTExZTYtOGY4OC0zNDM2M2JjN2M0YzAiOnsiY3JlYXRlIjoxMjAwMDAwMDAwMDAwLCJkZWxldGUiOjEyMDAwMDAwMDAwMDAsInVwZGF0ZSI6MTIwMDAwMDAwMDAwMH19",
          "dependencies": [
            "google_project_organization_policy.bool-policies",
            "google_project_organization_policy.list_policies",
            "module.activate_service_apis.data.google_compute_default_service_account.default",
            "module.activate_service_apis.google_project_iam_member.project_service_identity_roles",
            "module.activate_service_apis.google_project_service.project_services",
            "module.activate_service_apis.google_project_service_identity.project_service_identities",
            "module.administrator_role_grants.google_project_iam_binding.project_iam_authoritative",
            "module.administrator_role_grants.google_project_iam_member.project_iam_additive",
            "module.gmsa_role_grants_cc.google_project_iam_member.project_iam_member",
            "module.gmsa_role_grants_gce.google_project_iam_member.project_iam_member",
            "module.umsa_creation.google_billing_account_iam_member.billing_user",
            "module.umsa_creation.google_organization_iam_member.billing_user",
            "module.umsa_creation.google_organization_iam_member.organization_viewer",
            "module.umsa_creation.google_organization_iam_member.xpn_admin",
            "module.umsa_creation.google_project_iam_member.project-roles",
            "module.umsa_creation.google_service_account.service_accounts",
            "module.umsa_creation.google_service_account_key.keys",
            "module.umsa_impersonate_privs_to_admin.google_service_account_iam_binding.service_account_iam_authoritative",
            "module.umsa_impersonate_privs_to_admin.google_service_account_iam_member.service_account_iam_additive",
            "module.umsa_role_grants.google_project_iam_member.project_iam_member",
            "time_sleep.sleep_after_activate_service_apis",
            "time_sleep.sleep_after_apis_and_org_policies",
            "time_sleep.sleep_after_identities_permissions"
          ]
        }
      ]
    }
  ],
  "check_results": null
}
